{
  "version": 4,
  "terraform_version": "1.8.3",
  "serial": 299,
  "lineage": "13db1813-cb3e-bb88-116c-7016d0ecf451",
  "outputs": {},
  "resources": [
    {
      "mode": "data",
      "type": "aws_availability_zones",
      "name": "azs",
      "provider": "provider[\"registry.terraform.io/hashicorp/aws\"]",
      "instances": [
        {
          "schema_version": 0,
          "attributes": {
            "all_availability_zones": null,
            "exclude_names": null,
            "exclude_zone_ids": null,
            "filter": null,
            "group_names": [
              "us-east-1"
            ],
            "id": "us-east-1",
            "names": [
              "us-east-1a",
              "us-east-1b",
              "us-east-1c",
              "us-east-1d",
              "us-east-1e",
              "us-east-1f"
            ],
            "state": null,
            "timeouts": null,
            "zone_ids": [
              "use1-az4",
              "use1-az6",
              "use1-az1",
              "use1-az2",
              "use1-az3",
              "use1-az5"
            ]
          },
          "sensitive_attributes": []
        }
      ]
    },
    {
      "mode": "data",
      "type": "aws_eks_cluster",
      "name": "myapp-cluster",
      "provider": "provider[\"registry.terraform.io/hashicorp/aws\"]",
      "instances": [
        {
          "schema_version": 0,
          "attributes": {
            "access_config": [
              {
                "authentication_mode": "API_AND_CONFIG_MAP",
                "bootstrap_cluster_creator_admin_permissions": true
              }
            ],
            "arn": "arn:aws:eks:us-east-1:590183654020:cluster/myapp-eks-cluster",
            "certificate_authority": [
              {
                "data": "LS0tLS1CRUdJTiBDRVJUSUZJQ0FURS0tLS0tCk1JSURCVENDQWUyZ0F3SUJBZ0lJRXVTTmdxZmlYcll3RFFZSktvWklodmNOQVFFTEJRQXdGVEVUTUJFR0ExVUUKQXhNS2EzVmlaWEp1WlhSbGN6QWVGdzB5TkRBNE1URXhOelV5TWpsYUZ3MHpOREE0TURreE56VTNNamxhTUJVeApFekFSQmdOVkJBTVRDbXQxWW1WeWJtVjBaWE13Z2dFaU1BMEdDU3FHU0liM0RRRUJBUVVBQTRJQkR3QXdnZ0VLCkFvSUJBUUN2aGswQmRES1hOQnl1aHRGT2JxQVV2blRrdHUxSGJ3NmVtdng2aDdJL3BiN2MxcHg4NW4vNis3a04KMkQ4MWZQdTEwZzA4S0UweE01L1hkZFBJcTY0b0tFeU9nbS8veHVyZitTbi82cDA5cXhLNmlqMGRWUlkwelhUdQpmbFVSNERqS2NmL1dtMEQ0TFBkcnIwRWtVRjhweFJzZi8wNnNwaDFWeU5jUUVORkNDWGY0aUU3dW4rbW5tWXZyCnNTOTkzeU1Kbm9HUFZCRU50R0tzOEZhckJxQ2U1elFMcFljVTRWRmNJYVB0WEgybmRLVGNXTVprdXl0a2RtNUYKMXJTVmVuOE5zSEtNbmNZLzBDR2ZweWRGdDgzTk5mc3RIMmVtREhVTElqcTFzZlYwVWR3dEF2VmVoRHljdkEzZApzQzZHTFZuc2ErdzlyNXdMNXZDdGNKTUFVVzU1QWdNQkFBR2pXVEJYTUE0R0ExVWREd0VCL3dRRUF3SUNwREFQCkJnTlZIUk1CQWY4RUJUQURBUUgvTUIwR0ExVWREZ1FXQkJSTGFpM3VsQXlIc1Jnd05zMHg3MHdxSEkvc01qQVYKQmdOVkhSRUVEakFNZ2dwcmRXSmxjbTVsZEdWek1BMEdDU3FHU0liM0RRRUJDd1VBQTRJQkFRQ0xHYUNtZWNuRQpCR1FKL3ZkdXkzZStlZUlWY2xLVzBiRHpUeUM3N0JVWVV3RmNNSDVrd3FOdXAyMUhiRGZ2SkZoelV2V0h6Y0dTCnBaRXRrV0VZVzZvV3RpVG1ySnF3T3NyYjMyNFd6eGZqTGdWcjdkZlVYNm5YeWNmcTFlWmZGOWNETlMxSVNjR0sKaXUxUHU1cW1MUEJIb3VoanhlYVVrVnlsa2pmN2NBT0ZpWTdNUWJkVGN2MWRQZGVEcUlkb2hzMklwSS9hTnR3SQozcVBvYkkyb0puSUFsZEJHWlVycHh5U3E5Zkg3Y00rN0NzQ3V4MjlOcjBXUEYrbzNHS0tqRmErV1ZZRUtmTXlZClBsSjI5TDlYMldvTmpnZWZXcUtlVFpPMG8vUCtydzQyVUhOOUVCM3JGUzFFQjJwdCtnREg3eVdVNzBKSm8yVFgKYTdvNm9LTFpBVnBGCi0tLS0tRU5EIENFUlRJRklDQVRFLS0tLS0K"
              }
            ],
            "cluster_id": null,
            "created_at": "2024-08-11 17:52:02.211 +0000 UTC",
            "enabled_cluster_log_types": [
              "api",
              "audit",
              "authenticator"
            ],
            "endpoint": "https://0F287062F9E7F9E8E20800782CD7B1CD.yl4.us-east-1.eks.amazonaws.com",
            "id": "myapp-eks-cluster",
            "identity": [
              {
                "oidc": [
                  {
                    "issuer": "https://oidc.eks.us-east-1.amazonaws.com/id/0F287062F9E7F9E8E20800782CD7B1CD"
                  }
                ]
              }
            ],
            "kubernetes_network_config": [
              {
                "ip_family": "ipv4",
                "service_ipv4_cidr": "172.20.0.0/16",
                "service_ipv6_cidr": ""
              }
            ],
            "name": "myapp-eks-cluster",
            "outpost_config": [],
            "platform_version": "eks.6",
            "role_arn": "arn:aws:iam::590183654020:role/myapp-eks-cluster-cluster-20240811175131736900000002",
            "status": "ACTIVE",
            "tags": {
              "application": "myapp",
              "environment": "development",
              "kubernetes.io/cluster/myapp-eks-cluster": "shared",
              "terraform-aws-modules": "eks"
            },
            "upgrade_policy": [
              {
                "support_type": "EXTENDED"
              }
            ],
            "version": "1.30",
            "vpc_config": [
              {
                "cluster_security_group_id": "sg-0a532cd247322ec8e",
                "endpoint_private_access": true,
                "endpoint_public_access": true,
                "public_access_cidrs": [
                  "0.0.0.0/0"
                ],
                "security_group_ids": [
                  "sg-0e71645cbd36b9666"
                ],
                "subnet_ids": [
                  "subnet-00de9e5df35edbe4b",
                  "subnet-011bf6f221a5b8575",
                  "subnet-03aae13f33741d2ce",
                  "subnet-0481f97599744ec40",
                  "subnet-0c649872f40e26ead",
                  "subnet-0e6b4471df406e3c3"
                ],
                "vpc_id": "vpc-00a6d519e7de55b14"
              }
            ]
          },
          "sensitive_attributes": []
        }
      ]
    },
    {
      "mode": "data",
      "type": "aws_eks_cluster_auth",
      "name": "myapp-cluster-auth",
      "provider": "provider[\"registry.terraform.io/hashicorp/aws\"]",
      "instances": [
        {
          "schema_version": 0,
          "attributes": {
            "id": "myapp-eks-cluster",
            "name": "myapp-eks-cluster",
            "token": "k8s-aws-v1.aHR0cHM6Ly9zdHMudXMtZWFzdC0xLmFtYXpvbmF3cy5jb20vP0FjdGlvbj1HZXRDYWxsZXJJZGVudGl0eSZWZXJzaW9uPTIwMTEtMDYtMTUmWC1BbXotQWxnb3JpdGhtPUFXUzQtSE1BQy1TSEEyNTYmWC1BbXotQ3JlZGVudGlhbD1BS0lBWVMyTlA0S0NCMlE3QVNCTyUyRjIwMjQwODExJTJGdXMtZWFzdC0xJTJGc3RzJTJGYXdzNF9yZXF1ZXN0JlgtQW16LURhdGU9MjAyNDA4MTFUMTgzNjI3WiZYLUFtei1FeHBpcmVzPTAmWC1BbXotU2lnbmVkSGVhZGVycz1ob3N0JTNCeC1rOHMtYXdzLWlkJlgtQW16LVNpZ25hdHVyZT05Mzk5Zjg0MWMwNGIzZjBiNTQ2OTI5Y2NlNTcxMmQ1ODcyYzIxNTE0NzcyNmI4ODA4MGU2MjZiODUxZTIxOWU0"
          },
          "sensitive_attributes": [
            [
              {
                "type": "get_attr",
                "value": "token"
              }
            ]
          ]
        }
      ]
    },
    {
      "mode": "data",
      "type": "aws_instances",
      "name": "eks_instances",
      "provider": "provider[\"registry.terraform.io/hashicorp/aws\"]",
      "instances": [
        {
          "schema_version": 0,
          "attributes": {
            "filter": [
              {
                "name": "instance-state-name",
                "values": [
                  "running"
                ]
              },
              {
                "name": "tag:kubernetes.io/cluster/myapp-eks-cluster",
                "values": [
                  "owned"
                ]
              }
            ],
            "id": "us-east-1",
            "ids": [
              "i-0424591786beb5e12",
              "i-0a5c4f94791057188",
              "i-0d2af10a6c92c5d12"
            ],
            "instance_state_names": null,
            "instance_tags": null,
            "ipv6_addresses": [],
            "private_ips": [
              "10.0.3.193",
              "10.0.1.245",
              "10.0.5.15"
            ],
            "public_ips": [
              "54.167.237.143"
            ],
            "timeouts": null
          },
          "sensitive_attributes": []
        }
      ]
    },
    {
      "mode": "managed",
      "type": "aws_default_security_group",
      "name": "myapp-sg",
      "provider": "provider[\"registry.terraform.io/hashicorp/aws\"]",
      "instances": [
        {
          "schema_version": 1,
          "attributes": {
            "arn": "arn:aws:ec2:us-east-1:590183654020:security-group/sg-07508bc29862d6df1",
            "description": "default VPC security group",
            "egress": [
              {
                "cidr_blocks": [
                  "0.0.0.0/0"
                ],
                "description": "",
                "from_port": 0,
                "ipv6_cidr_blocks": [],
                "prefix_list_ids": [],
                "protocol": "-1",
                "security_groups": [],
                "self": false,
                "to_port": 0
              },
              {
                "cidr_blocks": [
                  "0.0.0.0/0"
                ],
                "description": "",
                "from_port": 3000,
                "ipv6_cidr_blocks": [],
                "prefix_list_ids": [],
                "protocol": "tcp",
                "security_groups": [],
                "self": false,
                "to_port": 3000
              },
              {
                "cidr_blocks": [
                  "0.0.0.0/0"
                ],
                "description": "",
                "from_port": 8080,
                "ipv6_cidr_blocks": [],
                "prefix_list_ids": [],
                "protocol": "tcp",
                "security_groups": [],
                "self": false,
                "to_port": 8080
              }
            ],
            "id": "sg-07508bc29862d6df1",
            "ingress": [
              {
                "cidr_blocks": [
                  "0.0.0.0/0"
                ],
                "description": "",
                "from_port": 22,
                "ipv6_cidr_blocks": [],
                "prefix_list_ids": [],
                "protocol": "tcp",
                "security_groups": [],
                "self": false,
                "to_port": 22
              },
              {
                "cidr_blocks": [
                  "0.0.0.0/0"
                ],
                "description": "",
                "from_port": 3000,
                "ipv6_cidr_blocks": [],
                "prefix_list_ids": [],
                "protocol": "tcp",
                "security_groups": [],
                "self": false,
                "to_port": 3000
              },
              {
                "cidr_blocks": [
                  "0.0.0.0/0"
                ],
                "description": "",
                "from_port": 8080,
                "ipv6_cidr_blocks": [],
                "prefix_list_ids": [],
                "protocol": "tcp",
                "security_groups": [],
                "self": false,
                "to_port": 8080
              }
            ],
            "name": "default",
            "name_prefix": "",
            "owner_id": "590183654020",
            "revoke_rules_on_delete": false,
            "tags": {
              "kubernetes.io/cluster/myapp-eks-cluster": "shared"
            },
            "tags_all": {
              "kubernetes.io/cluster/myapp-eks-cluster": "shared"
            },
            "vpc_id": "vpc-00a6d519e7de55b14"
          },
          "sensitive_attributes": [],
          "private": "eyJzY2hlbWFfdmVyc2lvbiI6IjEifQ==",
          "dependencies": [
            "module.myapp-vpc.aws_vpc.this"
          ]
        }
      ]
    },
    {
      "mode": "managed",
      "type": "aws_ebs_volume",
      "name": "ebs_volumes",
      "provider": "provider[\"registry.terraform.io/hashicorp/aws\"]",
      "instances": [
        {
          "index_key": 0,
          "schema_version": 0,
          "attributes": {
            "arn": "arn:aws:ec2:us-east-1:590183654020:volume/vol-06722168b053f1b6d",
            "availability_zone": "us-east-1a",
            "encrypted": false,
            "final_snapshot": false,
            "id": "vol-06722168b053f1b6d",
            "iops": 3000,
            "kms_key_id": "",
            "multi_attach_enabled": false,
            "outpost_arn": "",
            "size": 8,
            "snapshot_id": "",
            "tags": {
              "Name": "myapp-node-ebs-0"
            },
            "tags_all": {
              "Name": "myapp-node-ebs-0"
            },
            "throughput": 125,
            "timeouts": null,
            "type": "gp3"
          },
          "sensitive_attributes": [],
          "private": "eyJlMmJmYjczMC1lY2FhLTExZTYtOGY4OC0zNDM2M2JjN2M0YzAiOnsiY3JlYXRlIjozMDAwMDAwMDAwMDAsImRlbGV0ZSI6MzAwMDAwMDAwMDAwLCJ1cGRhdGUiOjMwMDAwMDAwMDAwMH19",
          "dependencies": [
            "data.aws_availability_zones.azs",
            "data.aws_instances.eks_instances"
          ],
          "create_before_destroy": true
        },
        {
          "index_key": 1,
          "schema_version": 0,
          "attributes": {
            "arn": "arn:aws:ec2:us-east-1:590183654020:volume/vol-064ff952383e8d686",
            "availability_zone": "us-east-1a",
            "encrypted": false,
            "final_snapshot": false,
            "id": "vol-064ff952383e8d686",
            "iops": 3000,
            "kms_key_id": "",
            "multi_attach_enabled": false,
            "outpost_arn": "",
            "size": 8,
            "snapshot_id": "",
            "tags": {
              "Name": "myapp-node-ebs-1"
            },
            "tags_all": {
              "Name": "myapp-node-ebs-1"
            },
            "throughput": 125,
            "timeouts": null,
            "type": "gp3"
          },
          "sensitive_attributes": [],
          "private": "eyJlMmJmYjczMC1lY2FhLTExZTYtOGY4OC0zNDM2M2JjN2M0YzAiOnsiY3JlYXRlIjozMDAwMDAwMDAwMDAsImRlbGV0ZSI6MzAwMDAwMDAwMDAwLCJ1cGRhdGUiOjMwMDAwMDAwMDAwMH19",
          "dependencies": [
            "data.aws_availability_zones.azs",
            "data.aws_instances.eks_instances"
          ],
          "create_before_destroy": true
        },
        {
          "index_key": 2,
          "schema_version": 0,
          "attributes": {
            "arn": "arn:aws:ec2:us-east-1:590183654020:volume/vol-0c80756198a49567f",
            "availability_zone": "us-east-1a",
            "encrypted": false,
            "final_snapshot": false,
            "id": "vol-0c80756198a49567f",
            "iops": 3000,
            "kms_key_id": "",
            "multi_attach_enabled": false,
            "outpost_arn": "",
            "size": 8,
            "snapshot_id": "",
            "tags": {
              "Name": "myapp-node-ebs-2"
            },
            "tags_all": {
              "Name": "myapp-node-ebs-2"
            },
            "throughput": 125,
            "timeouts": null,
            "type": "gp3"
          },
          "sensitive_attributes": [],
          "private": "eyJlMmJmYjczMC1lY2FhLTExZTYtOGY4OC0zNDM2M2JjN2M0YzAiOnsiY3JlYXRlIjozMDAwMDAwMDAwMDAsImRlbGV0ZSI6MzAwMDAwMDAwMDAwLCJ1cGRhdGUiOjMwMDAwMDAwMDAwMH19",
          "dependencies": [
            "data.aws_availability_zones.azs",
            "data.aws_instances.eks_instances"
          ],
          "create_before_destroy": true
        },
        {
          "index_key": 3,
          "schema_version": 0,
          "attributes": {
            "arn": "arn:aws:ec2:us-east-1:590183654020:volume/vol-06255479c98228b18",
            "availability_zone": "us-east-1b",
            "encrypted": false,
            "final_snapshot": false,
            "id": "vol-06255479c98228b18",
            "iops": 3000,
            "kms_key_id": "",
            "multi_attach_enabled": false,
            "outpost_arn": "",
            "size": 8,
            "snapshot_id": "",
            "tags": {
              "Name": "myapp-node-ebs-3"
            },
            "tags_all": {
              "Name": "myapp-node-ebs-3"
            },
            "throughput": 125,
            "timeouts": null,
            "type": "gp3"
          },
          "sensitive_attributes": [],
          "private": "eyJlMmJmYjczMC1lY2FhLTExZTYtOGY4OC0zNDM2M2JjN2M0YzAiOnsiY3JlYXRlIjozMDAwMDAwMDAwMDAsImRlbGV0ZSI6MzAwMDAwMDAwMDAwLCJ1cGRhdGUiOjMwMDAwMDAwMDAwMH19",
          "dependencies": [
            "data.aws_availability_zones.azs",
            "data.aws_instances.eks_instances"
          ],
          "create_before_destroy": true
        },
        {
          "index_key": 4,
          "schema_version": 0,
          "attributes": {
            "arn": "arn:aws:ec2:us-east-1:590183654020:volume/vol-05071773217b16b31",
            "availability_zone": "us-east-1b",
            "encrypted": false,
            "final_snapshot": false,
            "id": "vol-05071773217b16b31",
            "iops": 3000,
            "kms_key_id": "",
            "multi_attach_enabled": false,
            "outpost_arn": "",
            "size": 8,
            "snapshot_id": "",
            "tags": {
              "Name": "myapp-node-ebs-4"
            },
            "tags_all": {
              "Name": "myapp-node-ebs-4"
            },
            "throughput": 125,
            "timeouts": null,
            "type": "gp3"
          },
          "sensitive_attributes": [],
          "private": "eyJlMmJmYjczMC1lY2FhLTExZTYtOGY4OC0zNDM2M2JjN2M0YzAiOnsiY3JlYXRlIjozMDAwMDAwMDAwMDAsImRlbGV0ZSI6MzAwMDAwMDAwMDAwLCJ1cGRhdGUiOjMwMDAwMDAwMDAwMH19",
          "dependencies": [
            "data.aws_availability_zones.azs",
            "data.aws_instances.eks_instances"
          ],
          "create_before_destroy": true
        },
        {
          "index_key": 5,
          "schema_version": 0,
          "attributes": {
            "arn": "arn:aws:ec2:us-east-1:590183654020:volume/vol-04d29b87a3298bb0f",
            "availability_zone": "us-east-1b",
            "encrypted": false,
            "final_snapshot": false,
            "id": "vol-04d29b87a3298bb0f",
            "iops": 3000,
            "kms_key_id": "",
            "multi_attach_enabled": false,
            "outpost_arn": "",
            "size": 8,
            "snapshot_id": "",
            "tags": {
              "Name": "myapp-node-ebs-5"
            },
            "tags_all": {
              "Name": "myapp-node-ebs-5"
            },
            "throughput": 125,
            "timeouts": null,
            "type": "gp3"
          },
          "sensitive_attributes": [],
          "private": "eyJlMmJmYjczMC1lY2FhLTExZTYtOGY4OC0zNDM2M2JjN2M0YzAiOnsiY3JlYXRlIjozMDAwMDAwMDAwMDAsImRlbGV0ZSI6MzAwMDAwMDAwMDAwLCJ1cGRhdGUiOjMwMDAwMDAwMDAwMH19",
          "dependencies": [
            "data.aws_availability_zones.azs",
            "data.aws_instances.eks_instances"
          ],
          "create_before_destroy": true
        },
        {
          "index_key": 6,
          "schema_version": 0,
          "attributes": {
            "arn": "arn:aws:ec2:us-east-1:590183654020:volume/vol-059e50c0108952bd2",
            "availability_zone": "us-east-1c",
            "encrypted": false,
            "final_snapshot": false,
            "id": "vol-059e50c0108952bd2",
            "iops": 3000,
            "kms_key_id": "",
            "multi_attach_enabled": false,
            "outpost_arn": "",
            "size": 8,
            "snapshot_id": "",
            "tags": {
              "Name": "myapp-node-ebs-6"
            },
            "tags_all": {
              "Name": "myapp-node-ebs-6"
            },
            "throughput": 125,
            "timeouts": null,
            "type": "gp3"
          },
          "sensitive_attributes": [],
          "private": "eyJlMmJmYjczMC1lY2FhLTExZTYtOGY4OC0zNDM2M2JjN2M0YzAiOnsiY3JlYXRlIjozMDAwMDAwMDAwMDAsImRlbGV0ZSI6MzAwMDAwMDAwMDAwLCJ1cGRhdGUiOjMwMDAwMDAwMDAwMH19",
          "dependencies": [
            "data.aws_availability_zones.azs",
            "data.aws_instances.eks_instances"
          ],
          "create_before_destroy": true
        },
        {
          "index_key": 7,
          "schema_version": 0,
          "attributes": {
            "arn": "arn:aws:ec2:us-east-1:590183654020:volume/vol-063d4b4a117e63220",
            "availability_zone": "us-east-1c",
            "encrypted": false,
            "final_snapshot": false,
            "id": "vol-063d4b4a117e63220",
            "iops": 3000,
            "kms_key_id": "",
            "multi_attach_enabled": false,
            "outpost_arn": "",
            "size": 8,
            "snapshot_id": "",
            "tags": {
              "Name": "myapp-node-ebs-7"
            },
            "tags_all": {
              "Name": "myapp-node-ebs-7"
            },
            "throughput": 125,
            "timeouts": null,
            "type": "gp3"
          },
          "sensitive_attributes": [],
          "private": "eyJlMmJmYjczMC1lY2FhLTExZTYtOGY4OC0zNDM2M2JjN2M0YzAiOnsiY3JlYXRlIjozMDAwMDAwMDAwMDAsImRlbGV0ZSI6MzAwMDAwMDAwMDAwLCJ1cGRhdGUiOjMwMDAwMDAwMDAwMH19",
          "dependencies": [
            "data.aws_availability_zones.azs",
            "data.aws_instances.eks_instances"
          ],
          "create_before_destroy": true
        },
        {
          "index_key": 8,
          "schema_version": 0,
          "attributes": {
            "arn": "arn:aws:ec2:us-east-1:590183654020:volume/vol-0ce589f8ca635a040",
            "availability_zone": "us-east-1c",
            "encrypted": false,
            "final_snapshot": false,
            "id": "vol-0ce589f8ca635a040",
            "iops": 3000,
            "kms_key_id": "",
            "multi_attach_enabled": false,
            "outpost_arn": "",
            "size": 8,
            "snapshot_id": "",
            "tags": {
              "Name": "myapp-node-ebs-8"
            },
            "tags_all": {
              "Name": "myapp-node-ebs-8"
            },
            "throughput": 125,
            "timeouts": null,
            "type": "gp3"
          },
          "sensitive_attributes": [],
          "private": "eyJlMmJmYjczMC1lY2FhLTExZTYtOGY4OC0zNDM2M2JjN2M0YzAiOnsiY3JlYXRlIjozMDAwMDAwMDAwMDAsImRlbGV0ZSI6MzAwMDAwMDAwMDAwLCJ1cGRhdGUiOjMwMDAwMDAwMDAwMH19",
          "dependencies": [
            "data.aws_availability_zones.azs",
            "data.aws_instances.eks_instances"
          ],
          "create_before_destroy": true
        }
      ]
    },
    {
      "mode": "managed",
      "type": "aws_launch_template",
      "name": "myapp_node_launch_template",
      "provider": "provider[\"registry.terraform.io/hashicorp/aws\"]",
      "instances": [
        {
          "schema_version": 0,
          "attributes": {
            "arn": "arn:aws:ec2:us-east-1:590183654020:launch-template/lt-06343855f4d1035ce",
            "block_device_mappings": [
              {
                "device_name": "/dev/xvda",
                "ebs": [
                  {
                    "delete_on_termination": "",
                    "encrypted": "",
                    "iops": 0,
                    "kms_key_id": "",
                    "snapshot_id": "",
                    "throughput": 0,
                    "volume_size": 4,
                    "volume_type": "gp3"
                  }
                ],
                "no_device": "",
                "virtual_name": ""
              }
            ],
            "capacity_reservation_specification": [],
            "cpu_options": [],
            "credit_specification": [],
            "default_version": 1,
            "description": "",
            "disable_api_stop": false,
            "disable_api_termination": false,
            "ebs_optimized": "",
            "elastic_gpu_specifications": [],
            "elastic_inference_accelerator": [],
            "enclave_options": [],
            "hibernation_options": [],
            "iam_instance_profile": [],
            "id": "lt-06343855f4d1035ce",
            "image_id": "",
            "instance_initiated_shutdown_behavior": "",
            "instance_market_options": [],
            "instance_requirements": [],
            "instance_type": "t2.medium",
            "kernel_id": "",
            "key_name": "AWS-servers-key",
            "latest_version": 1,
            "license_specification": [],
            "maintenance_options": [],
            "metadata_options": [],
            "monitoring": [],
            "name": "myapp-node-20240811175131746400000003",
            "name_prefix": "myapp-node-",
            "network_interfaces": [
              {
                "associate_carrier_ip_address": "",
                "associate_public_ip_address": "true",
                "delete_on_termination": "",
                "description": "",
                "device_index": 0,
                "interface_type": "",
                "ipv4_address_count": 0,
                "ipv4_addresses": [],
                "ipv4_prefix_count": 0,
                "ipv4_prefixes": [],
                "ipv6_address_count": 0,
                "ipv6_addresses": [],
                "ipv6_prefix_count": 0,
                "ipv6_prefixes": [],
                "network_card_index": 0,
                "network_interface_id": "",
                "primary_ipv6": "",
                "private_ip_address": "",
                "security_groups": [],
                "subnet_id": ""
              }
            ],
            "placement": [],
            "private_dns_name_options": [],
            "ram_disk_id": "",
            "security_group_names": [],
            "tag_specifications": [],
            "tags": {},
            "tags_all": {},
            "update_default_version": null,
            "user_data": "IyEvYmluL2Jhc2gKIyBTY3JpcHQgdG8gcGFydGl0aW9uLCBmb3JtYXQsIGFuZCBtb3VudCBFQlMgdm9sdW1lcwpmb3IgZGV2aWNlIGluIC9kZXYveHZke2IsYyxkfTsgZG8KICAjIENyZWF0ZSBhIG5ldyBwYXJ0aXRpb24gaWYgbm9uZSBleGlzdHMKICBpZiAhIGxzYmxrIC1mICQkZGV2aWNlIHwgZ3JlcCAtcSBwYXJ0OyB0aGVuCiAgICBlY2hvICJuCiAgICBwCiAgICAxCgogICAgdyIgfCBmZGlzayAkJGRldmljZQogIGZpCgogICMgRm9ybWF0IHRoZSBwYXJ0aXRpb24gYXMgZXh0NCBpZiBub3QgYWxyZWFkeSBmb3JtYXR0ZWQKICBpZiAhIGZpbGUgLXMgJHtkZXZpY2V9MSB8IGdyZXAgLXEgZXh0NDsgdGhlbgogICAgbWtmcy5leHQ0ICR7ZGV2aWNlfTEKICBmaQoKICAjIENyZWF0ZSBhIG1vdW50IHBvaW50IGFuZCBtb3VudCB0aGUgcGFydGl0aW9uCiAgbW91bnRfcG9pbnQ9Ii9tbnQvJChiYXNlbmFtZSAke2RldmljZX0xKSIKICBta2RpciAtcCAkJG1vdW50X3BvaW50CiAgbW91bnQgJHtkZXZpY2V9MSAkJG1vdW50X3BvaW50CgogICMgQWRkIHRoZSBwYXJ0aXRpb24gdG8gL2V0Yy9mc3RhYiBmb3IgcGVyc2lzdGVuY2UKICBlY2hvICIke2RldmljZX0xICQkbW91bnRfcG9pbnQgZXh0NCBkZWZhdWx0cyAwIDAiID4+IC9ldGMvZnN0YWIKZG9uZQo=",
            "vpc_security_group_ids": []
          },
          "sensitive_attributes": [],
          "private": "bnVsbA==",
          "create_before_destroy": true
        }
      ]
    },
    {
      "module": "module.myapp-eks",
      "mode": "data",
      "type": "aws_caller_identity",
      "name": "current",
      "provider": "provider[\"registry.terraform.io/hashicorp/aws\"]",
      "instances": [
        {
          "schema_version": 0,
          "attributes": {
            "account_id": "590183654020",
            "arn": "arn:aws:iam::590183654020:user/kazmin_admin",
            "id": "590183654020",
            "user_id": "AIDAYS2NP4KCNDPBZ3QSO"
          },
          "sensitive_attributes": []
        }
      ]
    },
    {
      "module": "module.myapp-eks",
      "mode": "data",
      "type": "aws_eks_addon_version",
      "name": "this",
      "provider": "provider[\"registry.terraform.io/hashicorp/aws\"]",
      "instances": [
        {
          "index_key": "coredns",
          "schema_version": 0,
          "attributes": {
            "addon_name": "coredns",
            "id": "coredns",
            "kubernetes_version": "1.30",
            "most_recent": true,
            "version": "v1.11.1-eksbuild.11"
          },
          "sensitive_attributes": []
        },
        {
          "index_key": "eks-pod-identity-agent",
          "schema_version": 0,
          "attributes": {
            "addon_name": "eks-pod-identity-agent",
            "id": "eks-pod-identity-agent",
            "kubernetes_version": "1.30",
            "most_recent": true,
            "version": "v1.3.0-eksbuild.1"
          },
          "sensitive_attributes": []
        },
        {
          "index_key": "kube-proxy",
          "schema_version": 0,
          "attributes": {
            "addon_name": "kube-proxy",
            "id": "kube-proxy",
            "kubernetes_version": "1.30",
            "most_recent": true,
            "version": "v1.30.0-eksbuild.3"
          },
          "sensitive_attributes": []
        },
        {
          "index_key": "vpc-cni",
          "schema_version": 0,
          "attributes": {
            "addon_name": "vpc-cni",
            "id": "vpc-cni",
            "kubernetes_version": "1.30",
            "most_recent": true,
            "version": "v1.18.3-eksbuild.1"
          },
          "sensitive_attributes": []
        }
      ]
    },
    {
      "module": "module.myapp-eks",
      "mode": "data",
      "type": "aws_iam_policy_document",
      "name": "assume_role_policy",
      "provider": "provider[\"registry.terraform.io/hashicorp/aws\"]",
      "instances": [
        {
          "index_key": 0,
          "schema_version": 0,
          "attributes": {
            "id": "2764486067",
            "json": "{\n  \"Version\": \"2012-10-17\",\n  \"Statement\": [\n    {\n      \"Sid\": \"EKSClusterAssumeRole\",\n      \"Effect\": \"Allow\",\n      \"Action\": \"sts:AssumeRole\",\n      \"Principal\": {\n        \"Service\": \"eks.amazonaws.com\"\n      }\n    }\n  ]\n}",
            "minified_json": "{\"Version\":\"2012-10-17\",\"Statement\":[{\"Sid\":\"EKSClusterAssumeRole\",\"Effect\":\"Allow\",\"Action\":\"sts:AssumeRole\",\"Principal\":{\"Service\":\"eks.amazonaws.com\"}}]}",
            "override_json": null,
            "override_policy_documents": null,
            "policy_id": null,
            "source_json": null,
            "source_policy_documents": null,
            "statement": [
              {
                "actions": [
                  "sts:AssumeRole"
                ],
                "condition": [],
                "effect": "Allow",
                "not_actions": [],
                "not_principals": [],
                "not_resources": [],
                "principals": [
                  {
                    "identifiers": [
                      "eks.amazonaws.com"
                    ],
                    "type": "Service"
                  }
                ],
                "resources": [],
                "sid": "EKSClusterAssumeRole"
              }
            ],
            "version": "2012-10-17"
          },
          "sensitive_attributes": []
        }
      ]
    },
    {
      "module": "module.myapp-eks",
      "mode": "data",
      "type": "aws_iam_policy_document",
      "name": "cni_ipv6_policy",
      "provider": "provider[\"registry.terraform.io/hashicorp/aws\"]",
      "instances": []
    },
    {
      "module": "module.myapp-eks",
      "mode": "data",
      "type": "aws_iam_session_context",
      "name": "current",
      "provider": "provider[\"registry.terraform.io/hashicorp/aws\"]",
      "instances": [
        {
          "schema_version": 0,
          "attributes": {
            "arn": "arn:aws:iam::590183654020:user/kazmin_admin",
            "id": "arn:aws:iam::590183654020:user/kazmin_admin",
            "issuer_arn": "arn:aws:iam::590183654020:user/kazmin_admin",
            "issuer_id": "",
            "issuer_name": "",
            "session_name": ""
          },
          "sensitive_attributes": []
        }
      ]
    },
    {
      "module": "module.myapp-eks",
      "mode": "data",
      "type": "aws_partition",
      "name": "current",
      "provider": "provider[\"registry.terraform.io/hashicorp/aws\"]",
      "instances": [
        {
          "schema_version": 0,
          "attributes": {
            "dns_suffix": "amazonaws.com",
            "id": "aws",
            "partition": "aws",
            "reverse_dns_prefix": "com.amazonaws"
          },
          "sensitive_attributes": []
        }
      ]
    },
    {
      "module": "module.myapp-eks",
      "mode": "data",
      "type": "tls_certificate",
      "name": "this",
      "provider": "provider[\"registry.terraform.io/hashicorp/tls\"]",
      "instances": [
        {
          "index_key": 0,
          "schema_version": 0,
          "attributes": {
            "certificates": [
              {
                "cert_pem": "-----BEGIN CERTIFICATE-----\nMIIEdTCCA12gAwIBAgIJAKcOSkw0grd/MA0GCSqGSIb3DQEBCwUAMGgxCzAJBgNV\nBAYTAlVTMSUwIwYDVQQKExxTdGFyZmllbGQgVGVjaG5vbG9naWVzLCBJbmMuMTIw\nMAYDVQQLEylTdGFyZmllbGQgQ2xhc3MgMiBDZXJ0aWZpY2F0aW9uIEF1dGhvcml0\neTAeFw0wOTA5MDIwMDAwMDBaFw0zNDA2MjgxNzM5MTZaMIGYMQswCQYDVQQGEwJV\nUzEQMA4GA1UECBMHQXJpem9uYTETMBEGA1UEBxMKU2NvdHRzZGFsZTElMCMGA1UE\nChMcU3RhcmZpZWxkIFRlY2hub2xvZ2llcywgSW5jLjE7MDkGA1UEAxMyU3RhcmZp\nZWxkIFNlcnZpY2VzIFJvb3QgQ2VydGlmaWNhdGUgQXV0aG9yaXR5IC0gRzIwggEi\nMA0GCSqGSIb3DQEBAQUAA4IBDwAwggEKAoIBAQDVDDrEKvlO4vW+GZdfjohTsR8/\ny8+fIBNtKTrID30892t2OGPZNmCom15cAICyL1l/9of5JUOG52kbUpqQ4XHj2C0N\nTm/2yEnZtvMaVq4rtnQU68/7JuMauh2WLmo7WJSJR1b/JaCTcFOD2oR0FMNnngRo\nOt+OQFodSk7PQ5E751bWAHDLUu57fa4657wx+UX2wmDPE1kCK4DMNEffud6QZW0C\nzyyRpqbn3oUYSXxmTqM6bam17jQuug0DuDPfR+uxa40l2ZvOgdFFRjKWcIfeAg5J\nQ4W2bHO7ZOphQazJ1FTfhy/HIrImzJ9ZVGif/L4qL8RVHHVAYBeFAlU5i38FAgMB\nAAGjgfAwge0wDwYDVR0TAQH/BAUwAwEB/zAOBgNVHQ8BAf8EBAMCAYYwHQYDVR0O\nBBYEFJxfAN+qAdcwKziIorhtSpzyEZGDMB8GA1UdIwQYMBaAFL9ft9HO3R+G9FtV\nrNzXEMIOqYjnME8GCCsGAQUFBwEBBEMwQTAcBggrBgEFBQcwAYYQaHR0cDovL28u\nc3MyLnVzLzAhBggrBgEFBQcwAoYVaHR0cDovL3guc3MyLnVzL3guY2VyMCYGA1Ud\nHwQfMB0wG6AZoBeGFWh0dHA6Ly9zLnNzMi51cy9yLmNybDARBgNVHSAECjAIMAYG\nBFUdIAAwDQYJKoZIhvcNAQELBQADggEBACMd44pXyn3pF3lM8R5V/cxTbj5HD9/G\nVfKyBDbtgB9TxF00KGu+x1X8Z+rLP3+QsjPNG1gQggL4+C/1E2DUBc7xgQjB3ad1\nl08YuW3e95ORCLp+QCztweq7dp4zBncdDQh/U90bZKuCJ/Fp1U1ervShw3WnWEQt\n8jxwmKy6abaVd38PMV4s/KCHOkdp8Hlf9BRUpJVeEXgSYCfOn8J3/yNTd126/+pZ\n59vPr5KW7ySaNRB6nJHGDn2Z9j8Z3/VyVOEVqQdZe4O/Ui5GjLIAZHYcSNPYeehu\nVsyuLAOQ1xk4meTKCRlb/weWsKh/NEnfVqn3sF/tM+2MR7cwA130A4w=\n-----END CERTIFICATE-----\n",
                "is_ca": true,
                "issuer": "OU=Starfield Class 2 Certification Authority,O=Starfield Technologies\\, Inc.,C=US",
                "not_after": "2034-06-28T17:39:16Z",
                "not_before": "2009-09-02T00:00:00Z",
                "public_key_algorithm": "RSA",
                "serial_number": "12037640545166866303",
                "sha1_fingerprint": "9e99a48a9960b14926bb7f3b02e22da2b0ab7280",
                "signature_algorithm": "SHA256-RSA",
                "subject": "CN=Starfield Services Root Certificate Authority - G2,O=Starfield Technologies\\, Inc.,L=Scottsdale,ST=Arizona,C=US",
                "version": 3
              },
              {
                "cert_pem": "-----BEGIN CERTIFICATE-----\nMIIEkjCCA3qgAwIBAgITBn+USionzfP6wq4rAfkI7rnExjANBgkqhkiG9w0BAQsF\nADCBmDELMAkGA1UEBhMCVVMxEDAOBgNVBAgTB0FyaXpvbmExEzARBgNVBAcTClNj\nb3R0c2RhbGUxJTAjBgNVBAoTHFN0YXJmaWVsZCBUZWNobm9sb2dpZXMsIEluYy4x\nOzA5BgNVBAMTMlN0YXJmaWVsZCBTZXJ2aWNlcyBSb290IENlcnRpZmljYXRlIEF1\ndGhvcml0eSAtIEcyMB4XDTE1MDUyNTEyMDAwMFoXDTM3MTIzMTAxMDAwMFowOTEL\nMAkGA1UEBhMCVVMxDzANBgNVBAoTBkFtYXpvbjEZMBcGA1UEAxMQQW1hem9uIFJv\nb3QgQ0EgMTCCASIwDQYJKoZIhvcNAQEBBQADggEPADCCAQoCggEBALJ4gHHKeNXj\nca9HgFB0fW7Y14h29Jlo91ghYPl0hAEvrAIthtOgQ3pOsqTQNroBvo3bSMgHFzZM\n9O6II8c+6zf1tRn4SWiw3te5djgdYZ6k/oI2peVKVuRF4fn9tBb6dNqcmzU5L/qw\nIFAGbHrQgLKm+a/sRxmPUDgH3KKHOVj4utWp+UhnMJbulHheb4mjUcAwhmahRWa6\nVOujw5H5SNz/0egwLX0tdHA114gk957EWW67c4cX8jJGKLhD+rcdqsq08p8kDi1L\n93FcXmn/6pUCyziKrlA4b9v7LWIbxcceVOF34GfID5yHI9Y/QCB/IIDEgEw+OyQm\njgSubJrIqg0CAwEAAaOCATEwggEtMA8GA1UdEwEB/wQFMAMBAf8wDgYDVR0PAQH/\nBAQDAgGGMB0GA1UdDgQWBBSEGMyFNOy8DJSULghZnMeyEE4KCDAfBgNVHSMEGDAW\ngBScXwDfqgHXMCs4iKK4bUqc8hGRgzB4BggrBgEFBQcBAQRsMGowLgYIKwYBBQUH\nMAGGImh0dHA6Ly9vY3NwLnJvb3RnMi5hbWF6b250cnVzdC5jb20wOAYIKwYBBQUH\nMAKGLGh0dHA6Ly9jcnQucm9vdGcyLmFtYXpvbnRydXN0LmNvbS9yb290ZzIuY2Vy\nMD0GA1UdHwQ2MDQwMqAwoC6GLGh0dHA6Ly9jcmwucm9vdGcyLmFtYXpvbnRydXN0\nLmNvbS9yb290ZzIuY3JsMBEGA1UdIAQKMAgwBgYEVR0gADANBgkqhkiG9w0BAQsF\nAAOCAQEAYjdCXLwQtT6LLOkMm2xF4gcAevnFWAu5CIw+7bMlPLVvUOTNNWqnkzSW\nMiGpSESrnO09tKpzbeR/FoCJbM8oAxiDR3mjEH4wW6w7sGDgd9QIpuEdfF7Au/ma\neyKdpwAJfqxGF4PcnCZXmTA5YpaP7dreqsXMGz7KQ2hsVxa81Q4gLv7/wmpdLqBK\nbRRYh5TmOTFffHPLkIhqhBGWJ6bt2YFGpn6jcgAKUj6DiAdjd4lpFw85hdKrCEVN\n0FE6/V1dN2RMfjCyVSRCnTawXZwXgWHxyvkQAiSr6w10kY17RSlQOYiypok1JR4U\nakcjMS9cmvqtmg5iUaQqqcT5NJ0hGA==\n-----END CERTIFICATE-----\n",
                "is_ca": true,
                "issuer": "CN=Starfield Services Root Certificate Authority - G2,O=Starfield Technologies\\, Inc.,L=Scottsdale,ST=Arizona,C=US",
                "not_after": "2037-12-31T01:00:00Z",
                "not_before": "2015-05-25T12:00:00Z",
                "public_key_algorithm": "RSA",
                "serial_number": "144918191876577076464031512351042010504348870",
                "sha1_fingerprint": "06b25927c42a721631c1efd9431e648fa62e1e39",
                "signature_algorithm": "SHA256-RSA",
                "subject": "CN=Amazon Root CA 1,O=Amazon,C=US",
                "version": 3
              },
              {
                "cert_pem": "-----BEGIN CERTIFICATE-----\nMIIEXjCCA0agAwIBAgITB3MSSkvL1E7HtTvq8ZSELToPoTANBgkqhkiG9w0BAQsF\nADA5MQswCQYDVQQGEwJVUzEPMA0GA1UEChMGQW1hem9uMRkwFwYDVQQDExBBbWF6\nb24gUm9vdCBDQSAxMB4XDTIyMDgyMzIyMjUzMFoXDTMwMDgyMzIyMjUzMFowPDEL\nMAkGA1UEBhMCVVMxDzANBgNVBAoTBkFtYXpvbjEcMBoGA1UEAxMTQW1hem9uIFJT\nQSAyMDQ4IE0wMjCCASIwDQYJKoZIhvcNAQEBBQADggEPADCCAQoCggEBALtDGMZa\nqHneKei1by6+pUPPLljTB143Si6VpEWPc6mSkFhZb/6qrkZyoHlQLbDYnI2D7hD0\nsdzEqfnuAjIsuXQLG3A8TvX6V3oFNBFVe8NlLJHvBseKY88saLwufxkZVwk74g4n\nWlNMXzla9Y5F3wwRHwMVH443xGz6UtGSZSqQ94eFx5X7Tlqt8whi8qCaKdZ5rNak\n+r9nUThOeClqFd4oXych//Rc7Y0eX1KNWHYSI1Nk31mYgiK3JvH063g+K9tHA63Z\neTgKgndlh+WI+zv7i44HepRZjA1FYwYZ9Vv/9UkC5Yz8/yU65fgjaE+wVHM4e/Yy\nC2osrPWE7gJ+dXMCAwEAAaOCAVowggFWMBIGA1UdEwEB/wQIMAYBAf8CAQAwDgYD\nVR0PAQH/BAQDAgGGMB0GA1UdJQQWMBQGCCsGAQUFBwMBBggrBgEFBQcDAjAdBgNV\nHQ4EFgQUwDFSzVpQw4J8dHHOy+mc+XrrguIwHwYDVR0jBBgwFoAUhBjMhTTsvAyU\nlC4IWZzHshBOCggwewYIKwYBBQUHAQEEbzBtMC8GCCsGAQUFBzABhiNodHRwOi8v\nb2NzcC5yb290Y2ExLmFtYXpvbnRydXN0LmNvbTA6BggrBgEFBQcwAoYuaHR0cDov\nL2NydC5yb290Y2ExLmFtYXpvbnRydXN0LmNvbS9yb290Y2ExLmNlcjA/BgNVHR8E\nODA2MDSgMqAwhi5odHRwOi8vY3JsLnJvb3RjYTEuYW1hem9udHJ1c3QuY29tL3Jv\nb3RjYTEuY3JsMBMGA1UdIAQMMAowCAYGZ4EMAQIBMA0GCSqGSIb3DQEBCwUAA4IB\nAQAtTi6Fs0Azfi+iwm7jrz+CSxHH+uHl7Law3MQSXVtR8RV53PtR6r/6gNpqlzdo\nZq4FKbADi1v9Bun8RY8D51uedRfjsbeodizeBB8nXmeyD33Ep7VATj4ozcd31YFV\nfgRhvTSxNrrTlNpWkUk0m3BMPv8sg381HhA6uEYokE5q9uws/3YkKqRiEz3TsaWm\nJqIRZhMbgAfp7O7FUwFIb7UIspogZSKxPIWJpxiPo3TcBambbVtQOcNRWz5qCQdD\nslI2yayq0n2TXoHyNCLEH8rpsJRVILFsg0jc7BaFrMnF462+ajSehgj12IidNeRN\n4zl+EoNaWdpnWndvSpAEkq2P\n-----END CERTIFICATE-----\n",
                "is_ca": true,
                "issuer": "CN=Amazon Root CA 1,O=Amazon,C=US",
                "not_after": "2030-08-23T22:25:30Z",
                "not_before": "2022-08-23T22:25:30Z",
                "public_key_algorithm": "RSA",
                "serial_number": "166129353110899469622597955040406457904926625",
                "sha1_fingerprint": "414a2060b738c635cc7fc243e052615592830c53",
                "signature_algorithm": "SHA256-RSA",
                "subject": "CN=Amazon RSA 2048 M02,O=Amazon,C=US",
                "version": 3
              },
              {
                "cert_pem": "-----BEGIN CERTIFICATE-----\nMIIF5TCCBM2gAwIBAgIQCJL9XGbawpZ6IsGGvDqdyDANBgkqhkiG9w0BAQsFADA8\nMQswCQYDVQQGEwJVUzEPMA0GA1UEChMGQW1hem9uMRwwGgYDVQQDExNBbWF6b24g\nUlNBIDIwNDggTTAyMB4XDTI0MDMyODAwMDAwMFoXDTI1MDQyNjIzNTk1OVowKDEm\nMCQGA1UEAwwdKi5la3MudXMtZWFzdC0xLmFtYXpvbmF3cy5jb20wggEiMA0GCSqG\nSIb3DQEBAQUAA4IBDwAwggEKAoIBAQC4iVpgxjgOmMKdC2tYTHa9yzuuLdYCjpC6\nxN1VgI71uTiSxUGf6R3N/Rdk5vjz2COu3fsVgMh6cCpqrPlxU/5uP0/DFfQGdVxB\nbZ4vYRC9jIbgyKmwqOEJMD/9B3iGHz3KpBpnXDcuulqWsCtuuqxjnMLL4h1UdOeA\nPNwhOyQxKMHl+LfrCZeCuehKch+XM/8lhdKgYyLp8o1Nm7IsNG1aN6iNoZ6rxEyU\nVw6fV+pZDaIrxkYf7unQrAfUWR122pXGzWRtv5VGZLjrci8ev4ZpgGViIzb2LOqT\nFm8gde6aURlAm4uMDFzmZ/iOqEV+52vO9Z0E6Yo5M3dJZqQo7uUpAgMBAAGjggL1\nMIIC8TAfBgNVHSMEGDAWgBTAMVLNWlDDgnx0cc7L6Zz5euuC4jAdBgNVHQ4EFgQU\nhG1ZDKa76htLZVXP+E3P3GnYHjEwKAYDVR0RBCEwH4IdKi5la3MudXMtZWFzdC0x\nLmFtYXpvbmF3cy5jb20wEwYDVR0gBAwwCjAIBgZngQwBAgEwDgYDVR0PAQH/BAQD\nAgWgMB0GA1UdJQQWMBQGCCsGAQUFBwMBBggrBgEFBQcDAjA7BgNVHR8ENDAyMDCg\nLqAshipodHRwOi8vY3JsLnIybTAyLmFtYXpvbnRydXN0LmNvbS9yMm0wMi5jcmww\ndQYIKwYBBQUHAQEEaTBnMC0GCCsGAQUFBzABhiFodHRwOi8vb2NzcC5yMm0wMi5h\nbWF6b250cnVzdC5jb20wNgYIKwYBBQUHMAKGKmh0dHA6Ly9jcnQucjJtMDIuYW1h\nem9udHJ1c3QuY29tL3IybTAyLmNlcjAMBgNVHRMBAf8EAjAAMIIBfQYKKwYBBAHW\neQIEAgSCAW0EggFpAWcAdgDPEVbu1S58r/OHW9lpLpvpGnFnSrAX7KwB0lt3zsw7\nCAAAAY6HAoTcAAAEAwBHMEUCIHI392+k5Ds777nM4CwNr+xjjCr49CQ/vHIJDZJX\nokM7AiEA++VPDyyMLijPy0GR8ZBIvAcrYbjfJXTF3GkizeJLVJIAdgB9WR4S4Xgq\nexxhZ3xe/fjQh1wUoE6VnrkDL9kOjC55uAAAAY6HAoTeAAAEAwBHMEUCICBkhMaf\n9gdR3bCbLxXFbHNEXUh7t3P/SxaUKDcE6UmIAiEA25zZ9aBt/mrhDcMc155V8qnw\nadTEqttLdP4XMEmMsPAAdQDm0jFjQHeMwRBBBtdxuc7B0kD2loSG+7qHMh39HjeO\nUAAAAY6HAoTxAAAEAwBGMEQCIFFF4kpqcNgHFzRi2cnL4HbNApZlnlc+Re9IyYXi\nCldqAiBkZUgs12iu2uWGU97VUAICt2+zZkhjUV3i+O3kYh1yrTANBgkqhkiG9w0B\nAQsFAAOCAQEAWY5OxR7rWtYFS09xAYYIHlBF7wdUxQH60zi/IqAHZIRCFI1xHdsJ\n0BUv30lLyiGtVr4DheBo81/IErBRpXmSkdoDJA+5d/Jz3EFtbrVogjESALAgBfSG\nuJX0QLshjyTl9O2r00qkxIhbKmSPSl9JQVxqt2jTaB6pD3SjWX6U+l397Ns1L6pI\nb1418oVo7LeHwEeEx6APMIyjzlfcXdCHA6lVKeiNF8SH+QW+h6ZOpGXJIU6llBjg\nWAhscqrGRj1APpuKWGVkVCweAjIOcEuWV8Fqmfp1h9jmeUkG6SoBifrl41PvhK0o\nqQ3LlAF6Op6n7JLa2rlXkf6LienZDVlSuQ==\n-----END CERTIFICATE-----\n",
                "is_ca": false,
                "issuer": "CN=Amazon RSA 2048 M02,O=Amazon,C=US",
                "not_after": "2025-04-26T23:59:59Z",
                "not_before": "2024-03-28T00:00:00Z",
                "public_key_algorithm": "RSA",
                "serial_number": "11397038078078022747295509550808604104",
                "sha1_fingerprint": "9451ad2b53c7f41fab22886cc07d482085336561",
                "signature_algorithm": "SHA256-RSA",
                "subject": "CN=*.eks.us-east-1.amazonaws.com",
                "version": 3
              }
            ],
            "content": null,
            "id": "99d41e43229a4cdaf4141f3e8310e6d95c31dab9",
            "url": "https://oidc.eks.us-east-1.amazonaws.com/id/0F287062F9E7F9E8E20800782CD7B1CD",
            "verify_chain": true
          },
          "sensitive_attributes": []
        }
      ]
    },
    {
      "module": "module.myapp-eks",
      "mode": "managed",
      "type": "aws_cloudwatch_log_group",
      "name": "this",
      "provider": "provider[\"registry.terraform.io/hashicorp/aws\"]",
      "instances": [
        {
          "index_key": 0,
          "schema_version": 0,
          "attributes": {
            "arn": "arn:aws:logs:us-east-1:590183654020:log-group:/aws/eks/myapp-eks-cluster/cluster",
            "id": "/aws/eks/myapp-eks-cluster/cluster",
            "kms_key_id": "",
            "log_group_class": "STANDARD",
            "name": "/aws/eks/myapp-eks-cluster/cluster",
            "name_prefix": "",
            "retention_in_days": 90,
            "skip_destroy": false,
            "tags": {
              "Name": "/aws/eks/myapp-eks-cluster/cluster",
              "application": "myapp",
              "environment": "development",
              "kubernetes.io/cluster/myapp-eks-cluster": "shared"
            },
            "tags_all": {
              "Name": "/aws/eks/myapp-eks-cluster/cluster",
              "application": "myapp",
              "environment": "development",
              "kubernetes.io/cluster/myapp-eks-cluster": "shared"
            }
          },
          "sensitive_attributes": [],
          "private": "bnVsbA==",
          "create_before_destroy": true
        }
      ]
    },
    {
      "module": "module.myapp-eks",
      "mode": "managed",
      "type": "aws_ec2_tag",
      "name": "cluster_primary_security_group",
      "provider": "provider[\"registry.terraform.io/hashicorp/aws\"]",
      "instances": [
        {
          "index_key": "application",
          "schema_version": 0,
          "attributes": {
            "id": "sg-0a532cd247322ec8e,application",
            "key": "application",
            "resource_id": "sg-0a532cd247322ec8e",
            "value": "myapp"
          },
          "sensitive_attributes": [],
          "private": "bnVsbA==",
          "dependencies": [
            "data.aws_availability_zones.azs",
            "module.myapp-eks.aws_cloudwatch_log_group.this",
            "module.myapp-eks.aws_eks_cluster.this",
            "module.myapp-eks.aws_iam_policy.cni_ipv6_policy",
            "module.myapp-eks.aws_iam_role.this",
            "module.myapp-eks.aws_iam_role_policy_attachment.this",
            "module.myapp-eks.aws_security_group.cluster",
            "module.myapp-eks.aws_security_group.node",
            "module.myapp-eks.aws_security_group_rule.cluster",
            "module.myapp-eks.aws_security_group_rule.node",
            "module.myapp-eks.data.aws_caller_identity.current",
            "module.myapp-eks.data.aws_iam_policy_document.assume_role_policy",
            "module.myapp-eks.data.aws_iam_policy_document.cni_ipv6_policy",
            "module.myapp-eks.data.aws_iam_session_context.current",
            "module.myapp-eks.data.aws_partition.current",
            "module.myapp-eks.module.kms.aws_kms_external_key.this",
            "module.myapp-eks.module.kms.aws_kms_key.this",
            "module.myapp-eks.module.kms.aws_kms_replica_external_key.this",
            "module.myapp-eks.module.kms.aws_kms_replica_key.this",
            "module.myapp-eks.module.kms.data.aws_caller_identity.current",
            "module.myapp-eks.module.kms.data.aws_iam_policy_document.this",
            "module.myapp-eks.module.kms.data.aws_partition.current",
            "module.myapp-vpc.aws_subnet.private",
            "module.myapp-vpc.aws_subnet.public",
            "module.myapp-vpc.aws_vpc.this",
            "module.myapp-vpc.aws_vpc_ipv4_cidr_block_association.this"
          ]
        },
        {
          "index_key": "environment",
          "schema_version": 0,
          "attributes": {
            "id": "sg-0a532cd247322ec8e,environment",
            "key": "environment",
            "resource_id": "sg-0a532cd247322ec8e",
            "value": "development"
          },
          "sensitive_attributes": [],
          "private": "bnVsbA==",
          "dependencies": [
            "data.aws_availability_zones.azs",
            "module.myapp-eks.aws_cloudwatch_log_group.this",
            "module.myapp-eks.aws_eks_cluster.this",
            "module.myapp-eks.aws_iam_policy.cni_ipv6_policy",
            "module.myapp-eks.aws_iam_role.this",
            "module.myapp-eks.aws_iam_role_policy_attachment.this",
            "module.myapp-eks.aws_security_group.cluster",
            "module.myapp-eks.aws_security_group.node",
            "module.myapp-eks.aws_security_group_rule.cluster",
            "module.myapp-eks.aws_security_group_rule.node",
            "module.myapp-eks.data.aws_caller_identity.current",
            "module.myapp-eks.data.aws_iam_policy_document.assume_role_policy",
            "module.myapp-eks.data.aws_iam_policy_document.cni_ipv6_policy",
            "module.myapp-eks.data.aws_iam_session_context.current",
            "module.myapp-eks.data.aws_partition.current",
            "module.myapp-eks.module.kms.aws_kms_external_key.this",
            "module.myapp-eks.module.kms.aws_kms_key.this",
            "module.myapp-eks.module.kms.aws_kms_replica_external_key.this",
            "module.myapp-eks.module.kms.aws_kms_replica_key.this",
            "module.myapp-eks.module.kms.data.aws_caller_identity.current",
            "module.myapp-eks.module.kms.data.aws_iam_policy_document.this",
            "module.myapp-eks.module.kms.data.aws_partition.current",
            "module.myapp-vpc.aws_subnet.private",
            "module.myapp-vpc.aws_subnet.public",
            "module.myapp-vpc.aws_vpc.this",
            "module.myapp-vpc.aws_vpc_ipv4_cidr_block_association.this"
          ]
        },
        {
          "index_key": "kubernetes.io/cluster/myapp-eks-cluster",
          "schema_version": 0,
          "attributes": {
            "id": "sg-0a532cd247322ec8e,kubernetes.io/cluster/myapp-eks-cluster",
            "key": "kubernetes.io/cluster/myapp-eks-cluster",
            "resource_id": "sg-0a532cd247322ec8e",
            "value": "shared"
          },
          "sensitive_attributes": [],
          "private": "bnVsbA==",
          "dependencies": [
            "data.aws_availability_zones.azs",
            "module.myapp-eks.aws_cloudwatch_log_group.this",
            "module.myapp-eks.aws_eks_cluster.this",
            "module.myapp-eks.aws_iam_policy.cni_ipv6_policy",
            "module.myapp-eks.aws_iam_role.this",
            "module.myapp-eks.aws_iam_role_policy_attachment.this",
            "module.myapp-eks.aws_security_group.cluster",
            "module.myapp-eks.aws_security_group.node",
            "module.myapp-eks.aws_security_group_rule.cluster",
            "module.myapp-eks.aws_security_group_rule.node",
            "module.myapp-eks.data.aws_caller_identity.current",
            "module.myapp-eks.data.aws_iam_policy_document.assume_role_policy",
            "module.myapp-eks.data.aws_iam_policy_document.cni_ipv6_policy",
            "module.myapp-eks.data.aws_iam_session_context.current",
            "module.myapp-eks.data.aws_partition.current",
            "module.myapp-eks.module.kms.aws_kms_external_key.this",
            "module.myapp-eks.module.kms.aws_kms_key.this",
            "module.myapp-eks.module.kms.aws_kms_replica_external_key.this",
            "module.myapp-eks.module.kms.aws_kms_replica_key.this",
            "module.myapp-eks.module.kms.data.aws_caller_identity.current",
            "module.myapp-eks.module.kms.data.aws_iam_policy_document.this",
            "module.myapp-eks.module.kms.data.aws_partition.current",
            "module.myapp-vpc.aws_subnet.private",
            "module.myapp-vpc.aws_subnet.public",
            "module.myapp-vpc.aws_vpc.this",
            "module.myapp-vpc.aws_vpc_ipv4_cidr_block_association.this"
          ]
        }
      ]
    },
    {
      "module": "module.myapp-eks",
      "mode": "managed",
      "type": "aws_eks_access_entry",
      "name": "this",
      "provider": "provider[\"registry.terraform.io/hashicorp/aws\"]",
      "instances": [
        {
          "index_key": "cluster_creator",
          "schema_version": 0,
          "attributes": {
            "access_entry_arn": "arn:aws:eks:us-east-1:590183654020:access-entry/myapp-eks-cluster/user/590183654020/kazmin_admin/f2c8a14d-b1ef-9881-ea3d-c8bc3930c689",
            "cluster_name": "myapp-eks-cluster",
            "created_at": "2024-08-11T18:02:45Z",
            "id": "myapp-eks-cluster:arn:aws:iam::590183654020:user/kazmin_admin",
            "kubernetes_groups": [],
            "modified_at": "2024-08-11T18:02:45Z",
            "principal_arn": "arn:aws:iam::590183654020:user/kazmin_admin",
            "tags": {
              "application": "myapp",
              "environment": "development",
              "kubernetes.io/cluster/myapp-eks-cluster": "shared"
            },
            "tags_all": {
              "application": "myapp",
              "environment": "development",
              "kubernetes.io/cluster/myapp-eks-cluster": "shared"
            },
            "timeouts": null,
            "type": "STANDARD",
            "user_name": "arn:aws:iam::590183654020:user/kazmin_admin"
          },
          "sensitive_attributes": [],
          "private": "eyJlMmJmYjczMC1lY2FhLTExZTYtOGY4OC0zNDM2M2JjN2M0YzAiOnsiY3JlYXRlIjo2MDAwMDAwMDAwMDAsImRlbGV0ZSI6NjAwMDAwMDAwMDAwfX0=",
          "dependencies": [
            "data.aws_availability_zones.azs",
            "module.myapp-eks.aws_cloudwatch_log_group.this",
            "module.myapp-eks.aws_eks_cluster.this",
            "module.myapp-eks.aws_iam_policy.cni_ipv6_policy",
            "module.myapp-eks.aws_iam_role.this",
            "module.myapp-eks.aws_iam_role_policy_attachment.this",
            "module.myapp-eks.aws_security_group.cluster",
            "module.myapp-eks.aws_security_group.node",
            "module.myapp-eks.aws_security_group_rule.cluster",
            "module.myapp-eks.aws_security_group_rule.node",
            "module.myapp-eks.data.aws_caller_identity.current",
            "module.myapp-eks.data.aws_iam_policy_document.assume_role_policy",
            "module.myapp-eks.data.aws_iam_policy_document.cni_ipv6_policy",
            "module.myapp-eks.data.aws_iam_session_context.current",
            "module.myapp-eks.data.aws_partition.current",
            "module.myapp-eks.module.kms.aws_kms_external_key.this",
            "module.myapp-eks.module.kms.aws_kms_key.this",
            "module.myapp-eks.module.kms.aws_kms_replica_external_key.this",
            "module.myapp-eks.module.kms.aws_kms_replica_key.this",
            "module.myapp-eks.module.kms.data.aws_caller_identity.current",
            "module.myapp-eks.module.kms.data.aws_iam_policy_document.this",
            "module.myapp-eks.module.kms.data.aws_partition.current",
            "module.myapp-vpc.aws_subnet.private",
            "module.myapp-vpc.aws_subnet.public",
            "module.myapp-vpc.aws_vpc.this",
            "module.myapp-vpc.aws_vpc_ipv4_cidr_block_association.this"
          ]
        }
      ]
    },
    {
      "module": "module.myapp-eks",
      "mode": "managed",
      "type": "aws_eks_access_policy_association",
      "name": "this",
      "provider": "provider[\"registry.terraform.io/hashicorp/aws\"]",
      "instances": [
        {
          "index_key": "cluster_creator_admin",
          "schema_version": 0,
          "attributes": {
            "access_scope": [
              {
                "namespaces": [],
                "type": "cluster"
              }
            ],
            "associated_at": "2024-08-11 18:02:47.016 +0000 UTC",
            "cluster_name": "myapp-eks-cluster",
            "id": "myapp-eks-cluster#arn:aws:iam::590183654020:user/kazmin_admin#arn:aws:eks::aws:cluster-access-policy/AmazonEKSClusterAdminPolicy",
            "modified_at": "2024-08-11 18:02:47.016 +0000 UTC",
            "policy_arn": "arn:aws:eks::aws:cluster-access-policy/AmazonEKSClusterAdminPolicy",
            "principal_arn": "arn:aws:iam::590183654020:user/kazmin_admin",
            "timeouts": null
          },
          "sensitive_attributes": [],
          "private": "eyJlMmJmYjczMC1lY2FhLTExZTYtOGY4OC0zNDM2M2JjN2M0YzAiOnsiY3JlYXRlIjo2MDAwMDAwMDAwMDAsImRlbGV0ZSI6NjAwMDAwMDAwMDAwfX0=",
          "dependencies": [
            "data.aws_availability_zones.azs",
            "module.myapp-eks.aws_cloudwatch_log_group.this",
            "module.myapp-eks.aws_eks_access_entry.this",
            "module.myapp-eks.aws_eks_cluster.this",
            "module.myapp-eks.aws_iam_policy.cni_ipv6_policy",
            "module.myapp-eks.aws_iam_role.this",
            "module.myapp-eks.aws_iam_role_policy_attachment.this",
            "module.myapp-eks.aws_security_group.cluster",
            "module.myapp-eks.aws_security_group.node",
            "module.myapp-eks.aws_security_group_rule.cluster",
            "module.myapp-eks.aws_security_group_rule.node",
            "module.myapp-eks.data.aws_caller_identity.current",
            "module.myapp-eks.data.aws_iam_policy_document.assume_role_policy",
            "module.myapp-eks.data.aws_iam_policy_document.cni_ipv6_policy",
            "module.myapp-eks.data.aws_iam_session_context.current",
            "module.myapp-eks.data.aws_partition.current",
            "module.myapp-eks.module.kms.aws_kms_external_key.this",
            "module.myapp-eks.module.kms.aws_kms_key.this",
            "module.myapp-eks.module.kms.aws_kms_replica_external_key.this",
            "module.myapp-eks.module.kms.aws_kms_replica_key.this",
            "module.myapp-eks.module.kms.data.aws_caller_identity.current",
            "module.myapp-eks.module.kms.data.aws_iam_policy_document.this",
            "module.myapp-eks.module.kms.data.aws_partition.current",
            "module.myapp-vpc.aws_subnet.private",
            "module.myapp-vpc.aws_subnet.public",
            "module.myapp-vpc.aws_vpc.this",
            "module.myapp-vpc.aws_vpc_ipv4_cidr_block_association.this"
          ]
        }
      ]
    },
    {
      "module": "module.myapp-eks",
      "mode": "managed",
      "type": "aws_eks_addon",
      "name": "this",
      "provider": "provider[\"registry.terraform.io/hashicorp/aws\"]",
      "instances": [
        {
          "index_key": "coredns",
          "schema_version": 0,
          "attributes": {
            "addon_name": "coredns",
            "addon_version": "v1.11.1-eksbuild.11",
            "arn": "arn:aws:eks:us-east-1:590183654020:addon/myapp-eks-cluster/coredns/1cc8a14e-c938-7ca8-187b-8c07fc7e1adf",
            "cluster_name": "myapp-eks-cluster",
            "configuration_values": "",
            "created_at": "2024-08-11T18:05:08Z",
            "id": "myapp-eks-cluster:coredns",
            "modified_at": "2024-08-11T18:05:52Z",
            "preserve": true,
            "resolve_conflicts": null,
            "resolve_conflicts_on_create": "OVERWRITE",
            "resolve_conflicts_on_update": "OVERWRITE",
            "service_account_role_arn": "",
            "tags": {
              "application": "myapp",
              "environment": "development",
              "kubernetes.io/cluster/myapp-eks-cluster": "shared"
            },
            "tags_all": {
              "application": "myapp",
              "environment": "development",
              "kubernetes.io/cluster/myapp-eks-cluster": "shared"
            },
            "timeouts": {
              "create": null,
              "delete": null,
              "update": null
            }
          },
          "sensitive_attributes": [],
          "private": "eyJlMmJmYjczMC1lY2FhLTExZTYtOGY4OC0zNDM2M2JjN2M0YzAiOnsiY3JlYXRlIjoxMjAwMDAwMDAwMDAwLCJkZWxldGUiOjI0MDAwMDAwMDAwMDAsInVwZGF0ZSI6MTIwMDAwMDAwMDAwMH19",
          "dependencies": [
            "data.aws_availability_zones.azs",
            "module.myapp-eks.aws_cloudwatch_log_group.this",
            "module.myapp-eks.aws_eks_cluster.this",
            "module.myapp-eks.aws_iam_policy.cni_ipv6_policy",
            "module.myapp-eks.aws_iam_role.this",
            "module.myapp-eks.aws_iam_role_policy_attachment.this",
            "module.myapp-eks.aws_security_group.cluster",
            "module.myapp-eks.aws_security_group.node",
            "module.myapp-eks.aws_security_group_rule.cluster",
            "module.myapp-eks.aws_security_group_rule.node",
            "module.myapp-eks.data.aws_caller_identity.current",
            "module.myapp-eks.data.aws_eks_addon_version.this",
            "module.myapp-eks.data.aws_iam_policy_document.assume_role_policy",
            "module.myapp-eks.data.aws_iam_policy_document.cni_ipv6_policy",
            "module.myapp-eks.data.aws_iam_session_context.current",
            "module.myapp-eks.data.aws_partition.current",
            "module.myapp-eks.module.eks_managed_node_group.aws_autoscaling_schedule.this",
            "module.myapp-eks.module.eks_managed_node_group.aws_eks_node_group.this",
            "module.myapp-eks.module.eks_managed_node_group.aws_iam_role.this",
            "module.myapp-eks.module.eks_managed_node_group.aws_iam_role_policy_attachment.additional",
            "module.myapp-eks.module.eks_managed_node_group.aws_iam_role_policy_attachment.this",
            "module.myapp-eks.module.eks_managed_node_group.aws_launch_template.this",
            "module.myapp-eks.module.eks_managed_node_group.aws_placement_group.this",
            "module.myapp-eks.module.eks_managed_node_group.data.aws_caller_identity.current",
            "module.myapp-eks.module.eks_managed_node_group.data.aws_ec2_instance_type.this",
            "module.myapp-eks.module.eks_managed_node_group.data.aws_ec2_instance_type_offerings.this",
            "module.myapp-eks.module.eks_managed_node_group.data.aws_iam_policy_document.assume_role_policy",
            "module.myapp-eks.module.eks_managed_node_group.data.aws_partition.current",
            "module.myapp-eks.module.eks_managed_node_group.data.aws_ssm_parameter.ami",
            "module.myapp-eks.module.eks_managed_node_group.data.aws_subnets.efa",
            "module.myapp-eks.module.eks_managed_node_group.module.user_data.data.cloudinit_config.al2023_eks_managed_node_group",
            "module.myapp-eks.module.eks_managed_node_group.module.user_data.data.cloudinit_config.linux_eks_managed_node_group",
            "module.myapp-eks.module.eks_managed_node_group.module.user_data.null_resource.validate_cluster_service_cidr",
            "module.myapp-eks.module.fargate_profile.aws_eks_fargate_profile.this",
            "module.myapp-eks.module.fargate_profile.aws_iam_role.this",
            "module.myapp-eks.module.fargate_profile.aws_iam_role_policy_attachment.additional",
            "module.myapp-eks.module.fargate_profile.aws_iam_role_policy_attachment.this",
            "module.myapp-eks.module.fargate_profile.data.aws_caller_identity.current",
            "module.myapp-eks.module.fargate_profile.data.aws_iam_policy_document.assume_role_policy",
            "module.myapp-eks.module.fargate_profile.data.aws_partition.current",
            "module.myapp-eks.module.fargate_profile.data.aws_region.current",
            "module.myapp-eks.module.kms.aws_kms_external_key.this",
            "module.myapp-eks.module.kms.aws_kms_key.this",
            "module.myapp-eks.module.kms.aws_kms_replica_external_key.this",
            "module.myapp-eks.module.kms.aws_kms_replica_key.this",
            "module.myapp-eks.module.kms.data.aws_caller_identity.current",
            "module.myapp-eks.module.kms.data.aws_iam_policy_document.this",
            "module.myapp-eks.module.kms.data.aws_partition.current",
            "module.myapp-eks.module.self_managed_node_group.aws_autoscaling_group.this",
            "module.myapp-eks.module.self_managed_node_group.aws_autoscaling_schedule.this",
            "module.myapp-eks.module.self_managed_node_group.aws_eks_access_entry.this",
            "module.myapp-eks.module.self_managed_node_group.aws_iam_instance_profile.this",
            "module.myapp-eks.module.self_managed_node_group.aws_iam_role.this",
            "module.myapp-eks.module.self_managed_node_group.aws_iam_role_policy_attachment.additional",
            "module.myapp-eks.module.self_managed_node_group.aws_iam_role_policy_attachment.this",
            "module.myapp-eks.module.self_managed_node_group.aws_launch_template.this",
            "module.myapp-eks.module.self_managed_node_group.aws_placement_group.this",
            "module.myapp-eks.module.self_managed_node_group.data.aws_caller_identity.current",
            "module.myapp-eks.module.self_managed_node_group.data.aws_ec2_instance_type.this",
            "module.myapp-eks.module.self_managed_node_group.data.aws_ec2_instance_type_offerings.this",
            "module.myapp-eks.module.self_managed_node_group.data.aws_iam_policy_document.assume_role_policy",
            "module.myapp-eks.module.self_managed_node_group.data.aws_partition.current",
            "module.myapp-eks.module.self_managed_node_group.data.aws_ssm_parameter.ami",
            "module.myapp-eks.module.self_managed_node_group.data.aws_subnets.efa",
            "module.myapp-eks.module.self_managed_node_group.module.user_data.data.cloudinit_config.al2023_eks_managed_node_group",
            "module.myapp-eks.module.self_managed_node_group.module.user_data.data.cloudinit_config.linux_eks_managed_node_group",
            "module.myapp-eks.module.self_managed_node_group.module.user_data.null_resource.validate_cluster_service_cidr",
            "module.myapp-eks.time_sleep.this",
            "module.myapp-vpc.aws_subnet.private",
            "module.myapp-vpc.aws_subnet.public",
            "module.myapp-vpc.aws_vpc.this",
            "module.myapp-vpc.aws_vpc_ipv4_cidr_block_association.this"
          ]
        },
        {
          "index_key": "eks-pod-identity-agent",
          "schema_version": 0,
          "attributes": {
            "addon_name": "eks-pod-identity-agent",
            "addon_version": "v1.3.0-eksbuild.1",
            "arn": "arn:aws:eks:us-east-1:590183654020:addon/myapp-eks-cluster/eks-pod-identity-agent/22c8a14e-c939-40c0-2d5b-def54b310dbe",
            "cluster_name": "myapp-eks-cluster",
            "configuration_values": "",
            "created_at": "2024-08-11T18:05:08Z",
            "id": "myapp-eks-cluster:eks-pod-identity-agent",
            "modified_at": "2024-08-11T18:05:45Z",
            "preserve": true,
            "resolve_conflicts": null,
            "resolve_conflicts_on_create": "OVERWRITE",
            "resolve_conflicts_on_update": "OVERWRITE",
            "service_account_role_arn": "",
            "tags": {
              "application": "myapp",
              "environment": "development",
              "kubernetes.io/cluster/myapp-eks-cluster": "shared"
            },
            "tags_all": {
              "application": "myapp",
              "environment": "development",
              "kubernetes.io/cluster/myapp-eks-cluster": "shared"
            },
            "timeouts": {
              "create": null,
              "delete": null,
              "update": null
            }
          },
          "sensitive_attributes": [],
          "private": "eyJlMmJmYjczMC1lY2FhLTExZTYtOGY4OC0zNDM2M2JjN2M0YzAiOnsiY3JlYXRlIjoxMjAwMDAwMDAwMDAwLCJkZWxldGUiOjI0MDAwMDAwMDAwMDAsInVwZGF0ZSI6MTIwMDAwMDAwMDAwMH19",
          "dependencies": [
            "data.aws_availability_zones.azs",
            "module.myapp-eks.aws_cloudwatch_log_group.this",
            "module.myapp-eks.aws_eks_cluster.this",
            "module.myapp-eks.aws_iam_policy.cni_ipv6_policy",
            "module.myapp-eks.aws_iam_role.this",
            "module.myapp-eks.aws_iam_role_policy_attachment.this",
            "module.myapp-eks.aws_security_group.cluster",
            "module.myapp-eks.aws_security_group.node",
            "module.myapp-eks.aws_security_group_rule.cluster",
            "module.myapp-eks.aws_security_group_rule.node",
            "module.myapp-eks.data.aws_caller_identity.current",
            "module.myapp-eks.data.aws_eks_addon_version.this",
            "module.myapp-eks.data.aws_iam_policy_document.assume_role_policy",
            "module.myapp-eks.data.aws_iam_policy_document.cni_ipv6_policy",
            "module.myapp-eks.data.aws_iam_session_context.current",
            "module.myapp-eks.data.aws_partition.current",
            "module.myapp-eks.module.eks_managed_node_group.aws_autoscaling_schedule.this",
            "module.myapp-eks.module.eks_managed_node_group.aws_eks_node_group.this",
            "module.myapp-eks.module.eks_managed_node_group.aws_iam_role.this",
            "module.myapp-eks.module.eks_managed_node_group.aws_iam_role_policy_attachment.additional",
            "module.myapp-eks.module.eks_managed_node_group.aws_iam_role_policy_attachment.this",
            "module.myapp-eks.module.eks_managed_node_group.aws_launch_template.this",
            "module.myapp-eks.module.eks_managed_node_group.aws_placement_group.this",
            "module.myapp-eks.module.eks_managed_node_group.data.aws_caller_identity.current",
            "module.myapp-eks.module.eks_managed_node_group.data.aws_ec2_instance_type.this",
            "module.myapp-eks.module.eks_managed_node_group.data.aws_ec2_instance_type_offerings.this",
            "module.myapp-eks.module.eks_managed_node_group.data.aws_iam_policy_document.assume_role_policy",
            "module.myapp-eks.module.eks_managed_node_group.data.aws_partition.current",
            "module.myapp-eks.module.eks_managed_node_group.data.aws_ssm_parameter.ami",
            "module.myapp-eks.module.eks_managed_node_group.data.aws_subnets.efa",
            "module.myapp-eks.module.eks_managed_node_group.module.user_data.data.cloudinit_config.al2023_eks_managed_node_group",
            "module.myapp-eks.module.eks_managed_node_group.module.user_data.data.cloudinit_config.linux_eks_managed_node_group",
            "module.myapp-eks.module.eks_managed_node_group.module.user_data.null_resource.validate_cluster_service_cidr",
            "module.myapp-eks.module.fargate_profile.aws_eks_fargate_profile.this",
            "module.myapp-eks.module.fargate_profile.aws_iam_role.this",
            "module.myapp-eks.module.fargate_profile.aws_iam_role_policy_attachment.additional",
            "module.myapp-eks.module.fargate_profile.aws_iam_role_policy_attachment.this",
            "module.myapp-eks.module.fargate_profile.data.aws_caller_identity.current",
            "module.myapp-eks.module.fargate_profile.data.aws_iam_policy_document.assume_role_policy",
            "module.myapp-eks.module.fargate_profile.data.aws_partition.current",
            "module.myapp-eks.module.fargate_profile.data.aws_region.current",
            "module.myapp-eks.module.kms.aws_kms_external_key.this",
            "module.myapp-eks.module.kms.aws_kms_key.this",
            "module.myapp-eks.module.kms.aws_kms_replica_external_key.this",
            "module.myapp-eks.module.kms.aws_kms_replica_key.this",
            "module.myapp-eks.module.kms.data.aws_caller_identity.current",
            "module.myapp-eks.module.kms.data.aws_iam_policy_document.this",
            "module.myapp-eks.module.kms.data.aws_partition.current",
            "module.myapp-eks.module.self_managed_node_group.aws_autoscaling_group.this",
            "module.myapp-eks.module.self_managed_node_group.aws_autoscaling_schedule.this",
            "module.myapp-eks.module.self_managed_node_group.aws_eks_access_entry.this",
            "module.myapp-eks.module.self_managed_node_group.aws_iam_instance_profile.this",
            "module.myapp-eks.module.self_managed_node_group.aws_iam_role.this",
            "module.myapp-eks.module.self_managed_node_group.aws_iam_role_policy_attachment.additional",
            "module.myapp-eks.module.self_managed_node_group.aws_iam_role_policy_attachment.this",
            "module.myapp-eks.module.self_managed_node_group.aws_launch_template.this",
            "module.myapp-eks.module.self_managed_node_group.aws_placement_group.this",
            "module.myapp-eks.module.self_managed_node_group.data.aws_caller_identity.current",
            "module.myapp-eks.module.self_managed_node_group.data.aws_ec2_instance_type.this",
            "module.myapp-eks.module.self_managed_node_group.data.aws_ec2_instance_type_offerings.this",
            "module.myapp-eks.module.self_managed_node_group.data.aws_iam_policy_document.assume_role_policy",
            "module.myapp-eks.module.self_managed_node_group.data.aws_partition.current",
            "module.myapp-eks.module.self_managed_node_group.data.aws_ssm_parameter.ami",
            "module.myapp-eks.module.self_managed_node_group.data.aws_subnets.efa",
            "module.myapp-eks.module.self_managed_node_group.module.user_data.data.cloudinit_config.al2023_eks_managed_node_group",
            "module.myapp-eks.module.self_managed_node_group.module.user_data.data.cloudinit_config.linux_eks_managed_node_group",
            "module.myapp-eks.module.self_managed_node_group.module.user_data.null_resource.validate_cluster_service_cidr",
            "module.myapp-eks.time_sleep.this",
            "module.myapp-vpc.aws_subnet.private",
            "module.myapp-vpc.aws_subnet.public",
            "module.myapp-vpc.aws_vpc.this",
            "module.myapp-vpc.aws_vpc_ipv4_cidr_block_association.this"
          ]
        },
        {
          "index_key": "kube-proxy",
          "schema_version": 0,
          "attributes": {
            "addon_name": "kube-proxy",
            "addon_version": "v1.30.0-eksbuild.3",
            "arn": "arn:aws:eks:us-east-1:590183654020:addon/myapp-eks-cluster/kube-proxy/d0c8a14e-c93a-7afb-74ba-f1abd235d348",
            "cluster_name": "myapp-eks-cluster",
            "configuration_values": "",
            "created_at": "2024-08-11T18:05:08Z",
            "id": "myapp-eks-cluster:kube-proxy",
            "modified_at": "2024-08-11T18:05:16Z",
            "preserve": true,
            "resolve_conflicts": null,
            "resolve_conflicts_on_create": "OVERWRITE",
            "resolve_conflicts_on_update": "OVERWRITE",
            "service_account_role_arn": "",
            "tags": {
              "application": "myapp",
              "environment": "development",
              "kubernetes.io/cluster/myapp-eks-cluster": "shared"
            },
            "tags_all": {
              "application": "myapp",
              "environment": "development",
              "kubernetes.io/cluster/myapp-eks-cluster": "shared"
            },
            "timeouts": {
              "create": null,
              "delete": null,
              "update": null
            }
          },
          "sensitive_attributes": [],
          "private": "eyJlMmJmYjczMC1lY2FhLTExZTYtOGY4OC0zNDM2M2JjN2M0YzAiOnsiY3JlYXRlIjoxMjAwMDAwMDAwMDAwLCJkZWxldGUiOjI0MDAwMDAwMDAwMDAsInVwZGF0ZSI6MTIwMDAwMDAwMDAwMH19",
          "dependencies": [
            "data.aws_availability_zones.azs",
            "module.myapp-eks.aws_cloudwatch_log_group.this",
            "module.myapp-eks.aws_eks_cluster.this",
            "module.myapp-eks.aws_iam_policy.cni_ipv6_policy",
            "module.myapp-eks.aws_iam_role.this",
            "module.myapp-eks.aws_iam_role_policy_attachment.this",
            "module.myapp-eks.aws_security_group.cluster",
            "module.myapp-eks.aws_security_group.node",
            "module.myapp-eks.aws_security_group_rule.cluster",
            "module.myapp-eks.aws_security_group_rule.node",
            "module.myapp-eks.data.aws_caller_identity.current",
            "module.myapp-eks.data.aws_eks_addon_version.this",
            "module.myapp-eks.data.aws_iam_policy_document.assume_role_policy",
            "module.myapp-eks.data.aws_iam_policy_document.cni_ipv6_policy",
            "module.myapp-eks.data.aws_iam_session_context.current",
            "module.myapp-eks.data.aws_partition.current",
            "module.myapp-eks.module.eks_managed_node_group.aws_autoscaling_schedule.this",
            "module.myapp-eks.module.eks_managed_node_group.aws_eks_node_group.this",
            "module.myapp-eks.module.eks_managed_node_group.aws_iam_role.this",
            "module.myapp-eks.module.eks_managed_node_group.aws_iam_role_policy_attachment.additional",
            "module.myapp-eks.module.eks_managed_node_group.aws_iam_role_policy_attachment.this",
            "module.myapp-eks.module.eks_managed_node_group.aws_launch_template.this",
            "module.myapp-eks.module.eks_managed_node_group.aws_placement_group.this",
            "module.myapp-eks.module.eks_managed_node_group.data.aws_caller_identity.current",
            "module.myapp-eks.module.eks_managed_node_group.data.aws_ec2_instance_type.this",
            "module.myapp-eks.module.eks_managed_node_group.data.aws_ec2_instance_type_offerings.this",
            "module.myapp-eks.module.eks_managed_node_group.data.aws_iam_policy_document.assume_role_policy",
            "module.myapp-eks.module.eks_managed_node_group.data.aws_partition.current",
            "module.myapp-eks.module.eks_managed_node_group.data.aws_ssm_parameter.ami",
            "module.myapp-eks.module.eks_managed_node_group.data.aws_subnets.efa",
            "module.myapp-eks.module.eks_managed_node_group.module.user_data.data.cloudinit_config.al2023_eks_managed_node_group",
            "module.myapp-eks.module.eks_managed_node_group.module.user_data.data.cloudinit_config.linux_eks_managed_node_group",
            "module.myapp-eks.module.eks_managed_node_group.module.user_data.null_resource.validate_cluster_service_cidr",
            "module.myapp-eks.module.fargate_profile.aws_eks_fargate_profile.this",
            "module.myapp-eks.module.fargate_profile.aws_iam_role.this",
            "module.myapp-eks.module.fargate_profile.aws_iam_role_policy_attachment.additional",
            "module.myapp-eks.module.fargate_profile.aws_iam_role_policy_attachment.this",
            "module.myapp-eks.module.fargate_profile.data.aws_caller_identity.current",
            "module.myapp-eks.module.fargate_profile.data.aws_iam_policy_document.assume_role_policy",
            "module.myapp-eks.module.fargate_profile.data.aws_partition.current",
            "module.myapp-eks.module.fargate_profile.data.aws_region.current",
            "module.myapp-eks.module.kms.aws_kms_external_key.this",
            "module.myapp-eks.module.kms.aws_kms_key.this",
            "module.myapp-eks.module.kms.aws_kms_replica_external_key.this",
            "module.myapp-eks.module.kms.aws_kms_replica_key.this",
            "module.myapp-eks.module.kms.data.aws_caller_identity.current",
            "module.myapp-eks.module.kms.data.aws_iam_policy_document.this",
            "module.myapp-eks.module.kms.data.aws_partition.current",
            "module.myapp-eks.module.self_managed_node_group.aws_autoscaling_group.this",
            "module.myapp-eks.module.self_managed_node_group.aws_autoscaling_schedule.this",
            "module.myapp-eks.module.self_managed_node_group.aws_eks_access_entry.this",
            "module.myapp-eks.module.self_managed_node_group.aws_iam_instance_profile.this",
            "module.myapp-eks.module.self_managed_node_group.aws_iam_role.this",
            "module.myapp-eks.module.self_managed_node_group.aws_iam_role_policy_attachment.additional",
            "module.myapp-eks.module.self_managed_node_group.aws_iam_role_policy_attachment.this",
            "module.myapp-eks.module.self_managed_node_group.aws_launch_template.this",
            "module.myapp-eks.module.self_managed_node_group.aws_placement_group.this",
            "module.myapp-eks.module.self_managed_node_group.data.aws_caller_identity.current",
            "module.myapp-eks.module.self_managed_node_group.data.aws_ec2_instance_type.this",
            "module.myapp-eks.module.self_managed_node_group.data.aws_ec2_instance_type_offerings.this",
            "module.myapp-eks.module.self_managed_node_group.data.aws_iam_policy_document.assume_role_policy",
            "module.myapp-eks.module.self_managed_node_group.data.aws_partition.current",
            "module.myapp-eks.module.self_managed_node_group.data.aws_ssm_parameter.ami",
            "module.myapp-eks.module.self_managed_node_group.data.aws_subnets.efa",
            "module.myapp-eks.module.self_managed_node_group.module.user_data.data.cloudinit_config.al2023_eks_managed_node_group",
            "module.myapp-eks.module.self_managed_node_group.module.user_data.data.cloudinit_config.linux_eks_managed_node_group",
            "module.myapp-eks.module.self_managed_node_group.module.user_data.null_resource.validate_cluster_service_cidr",
            "module.myapp-eks.time_sleep.this",
            "module.myapp-vpc.aws_subnet.private",
            "module.myapp-vpc.aws_subnet.public",
            "module.myapp-vpc.aws_vpc.this",
            "module.myapp-vpc.aws_vpc_ipv4_cidr_block_association.this"
          ]
        },
        {
          "index_key": "vpc-cni",
          "schema_version": 0,
          "attributes": {
            "addon_name": "vpc-cni",
            "addon_version": "v1.18.3-eksbuild.1",
            "arn": "arn:aws:eks:us-east-1:590183654020:addon/myapp-eks-cluster/vpc-cni/00c8a14e-c93c-1964-6b2a-b438a466725f",
            "cluster_name": "myapp-eks-cluster",
            "configuration_values": "",
            "created_at": "2024-08-11T18:05:08Z",
            "id": "myapp-eks-cluster:vpc-cni",
            "modified_at": "2024-08-11T18:05:47Z",
            "preserve": true,
            "resolve_conflicts": null,
            "resolve_conflicts_on_create": "OVERWRITE",
            "resolve_conflicts_on_update": "OVERWRITE",
            "service_account_role_arn": "",
            "tags": {
              "application": "myapp",
              "environment": "development",
              "kubernetes.io/cluster/myapp-eks-cluster": "shared"
            },
            "tags_all": {
              "application": "myapp",
              "environment": "development",
              "kubernetes.io/cluster/myapp-eks-cluster": "shared"
            },
            "timeouts": {
              "create": null,
              "delete": null,
              "update": null
            }
          },
          "sensitive_attributes": [],
          "private": "eyJlMmJmYjczMC1lY2FhLTExZTYtOGY4OC0zNDM2M2JjN2M0YzAiOnsiY3JlYXRlIjoxMjAwMDAwMDAwMDAwLCJkZWxldGUiOjI0MDAwMDAwMDAwMDAsInVwZGF0ZSI6MTIwMDAwMDAwMDAwMH19",
          "dependencies": [
            "data.aws_availability_zones.azs",
            "module.myapp-eks.aws_cloudwatch_log_group.this",
            "module.myapp-eks.aws_eks_cluster.this",
            "module.myapp-eks.aws_iam_policy.cni_ipv6_policy",
            "module.myapp-eks.aws_iam_role.this",
            "module.myapp-eks.aws_iam_role_policy_attachment.this",
            "module.myapp-eks.aws_security_group.cluster",
            "module.myapp-eks.aws_security_group.node",
            "module.myapp-eks.aws_security_group_rule.cluster",
            "module.myapp-eks.aws_security_group_rule.node",
            "module.myapp-eks.data.aws_caller_identity.current",
            "module.myapp-eks.data.aws_eks_addon_version.this",
            "module.myapp-eks.data.aws_iam_policy_document.assume_role_policy",
            "module.myapp-eks.data.aws_iam_policy_document.cni_ipv6_policy",
            "module.myapp-eks.data.aws_iam_session_context.current",
            "module.myapp-eks.data.aws_partition.current",
            "module.myapp-eks.module.eks_managed_node_group.aws_autoscaling_schedule.this",
            "module.myapp-eks.module.eks_managed_node_group.aws_eks_node_group.this",
            "module.myapp-eks.module.eks_managed_node_group.aws_iam_role.this",
            "module.myapp-eks.module.eks_managed_node_group.aws_iam_role_policy_attachment.additional",
            "module.myapp-eks.module.eks_managed_node_group.aws_iam_role_policy_attachment.this",
            "module.myapp-eks.module.eks_managed_node_group.aws_launch_template.this",
            "module.myapp-eks.module.eks_managed_node_group.aws_placement_group.this",
            "module.myapp-eks.module.eks_managed_node_group.data.aws_caller_identity.current",
            "module.myapp-eks.module.eks_managed_node_group.data.aws_ec2_instance_type.this",
            "module.myapp-eks.module.eks_managed_node_group.data.aws_ec2_instance_type_offerings.this",
            "module.myapp-eks.module.eks_managed_node_group.data.aws_iam_policy_document.assume_role_policy",
            "module.myapp-eks.module.eks_managed_node_group.data.aws_partition.current",
            "module.myapp-eks.module.eks_managed_node_group.data.aws_ssm_parameter.ami",
            "module.myapp-eks.module.eks_managed_node_group.data.aws_subnets.efa",
            "module.myapp-eks.module.eks_managed_node_group.module.user_data.data.cloudinit_config.al2023_eks_managed_node_group",
            "module.myapp-eks.module.eks_managed_node_group.module.user_data.data.cloudinit_config.linux_eks_managed_node_group",
            "module.myapp-eks.module.eks_managed_node_group.module.user_data.null_resource.validate_cluster_service_cidr",
            "module.myapp-eks.module.fargate_profile.aws_eks_fargate_profile.this",
            "module.myapp-eks.module.fargate_profile.aws_iam_role.this",
            "module.myapp-eks.module.fargate_profile.aws_iam_role_policy_attachment.additional",
            "module.myapp-eks.module.fargate_profile.aws_iam_role_policy_attachment.this",
            "module.myapp-eks.module.fargate_profile.data.aws_caller_identity.current",
            "module.myapp-eks.module.fargate_profile.data.aws_iam_policy_document.assume_role_policy",
            "module.myapp-eks.module.fargate_profile.data.aws_partition.current",
            "module.myapp-eks.module.fargate_profile.data.aws_region.current",
            "module.myapp-eks.module.kms.aws_kms_external_key.this",
            "module.myapp-eks.module.kms.aws_kms_key.this",
            "module.myapp-eks.module.kms.aws_kms_replica_external_key.this",
            "module.myapp-eks.module.kms.aws_kms_replica_key.this",
            "module.myapp-eks.module.kms.data.aws_caller_identity.current",
            "module.myapp-eks.module.kms.data.aws_iam_policy_document.this",
            "module.myapp-eks.module.kms.data.aws_partition.current",
            "module.myapp-eks.module.self_managed_node_group.aws_autoscaling_group.this",
            "module.myapp-eks.module.self_managed_node_group.aws_autoscaling_schedule.this",
            "module.myapp-eks.module.self_managed_node_group.aws_eks_access_entry.this",
            "module.myapp-eks.module.self_managed_node_group.aws_iam_instance_profile.this",
            "module.myapp-eks.module.self_managed_node_group.aws_iam_role.this",
            "module.myapp-eks.module.self_managed_node_group.aws_iam_role_policy_attachment.additional",
            "module.myapp-eks.module.self_managed_node_group.aws_iam_role_policy_attachment.this",
            "module.myapp-eks.module.self_managed_node_group.aws_launch_template.this",
            "module.myapp-eks.module.self_managed_node_group.aws_placement_group.this",
            "module.myapp-eks.module.self_managed_node_group.data.aws_caller_identity.current",
            "module.myapp-eks.module.self_managed_node_group.data.aws_ec2_instance_type.this",
            "module.myapp-eks.module.self_managed_node_group.data.aws_ec2_instance_type_offerings.this",
            "module.myapp-eks.module.self_managed_node_group.data.aws_iam_policy_document.assume_role_policy",
            "module.myapp-eks.module.self_managed_node_group.data.aws_partition.current",
            "module.myapp-eks.module.self_managed_node_group.data.aws_ssm_parameter.ami",
            "module.myapp-eks.module.self_managed_node_group.data.aws_subnets.efa",
            "module.myapp-eks.module.self_managed_node_group.module.user_data.data.cloudinit_config.al2023_eks_managed_node_group",
            "module.myapp-eks.module.self_managed_node_group.module.user_data.data.cloudinit_config.linux_eks_managed_node_group",
            "module.myapp-eks.module.self_managed_node_group.module.user_data.null_resource.validate_cluster_service_cidr",
            "module.myapp-eks.time_sleep.this",
            "module.myapp-vpc.aws_subnet.private",
            "module.myapp-vpc.aws_subnet.public",
            "module.myapp-vpc.aws_vpc.this",
            "module.myapp-vpc.aws_vpc_ipv4_cidr_block_association.this"
          ]
        }
      ]
    },
    {
      "module": "module.myapp-eks",
      "mode": "managed",
      "type": "aws_eks_cluster",
      "name": "this",
      "provider": "provider[\"registry.terraform.io/hashicorp/aws\"]",
      "instances": [
        {
          "index_key": 0,
          "schema_version": 1,
          "attributes": {
            "access_config": [
              {
                "authentication_mode": "API_AND_CONFIG_MAP",
                "bootstrap_cluster_creator_admin_permissions": false
              }
            ],
            "arn": "arn:aws:eks:us-east-1:590183654020:cluster/myapp-eks-cluster",
            "bootstrap_self_managed_addons": true,
            "certificate_authority": [
              {
                "data": "LS0tLS1CRUdJTiBDRVJUSUZJQ0FURS0tLS0tCk1JSURCVENDQWUyZ0F3SUJBZ0lJRXVTTmdxZmlYcll3RFFZSktvWklodmNOQVFFTEJRQXdGVEVUTUJFR0ExVUUKQXhNS2EzVmlaWEp1WlhSbGN6QWVGdzB5TkRBNE1URXhOelV5TWpsYUZ3MHpOREE0TURreE56VTNNamxhTUJVeApFekFSQmdOVkJBTVRDbXQxWW1WeWJtVjBaWE13Z2dFaU1BMEdDU3FHU0liM0RRRUJBUVVBQTRJQkR3QXdnZ0VLCkFvSUJBUUN2aGswQmRES1hOQnl1aHRGT2JxQVV2blRrdHUxSGJ3NmVtdng2aDdJL3BiN2MxcHg4NW4vNis3a04KMkQ4MWZQdTEwZzA4S0UweE01L1hkZFBJcTY0b0tFeU9nbS8veHVyZitTbi82cDA5cXhLNmlqMGRWUlkwelhUdQpmbFVSNERqS2NmL1dtMEQ0TFBkcnIwRWtVRjhweFJzZi8wNnNwaDFWeU5jUUVORkNDWGY0aUU3dW4rbW5tWXZyCnNTOTkzeU1Kbm9HUFZCRU50R0tzOEZhckJxQ2U1elFMcFljVTRWRmNJYVB0WEgybmRLVGNXTVprdXl0a2RtNUYKMXJTVmVuOE5zSEtNbmNZLzBDR2ZweWRGdDgzTk5mc3RIMmVtREhVTElqcTFzZlYwVWR3dEF2VmVoRHljdkEzZApzQzZHTFZuc2ErdzlyNXdMNXZDdGNKTUFVVzU1QWdNQkFBR2pXVEJYTUE0R0ExVWREd0VCL3dRRUF3SUNwREFQCkJnTlZIUk1CQWY4RUJUQURBUUgvTUIwR0ExVWREZ1FXQkJSTGFpM3VsQXlIc1Jnd05zMHg3MHdxSEkvc01qQVYKQmdOVkhSRUVEakFNZ2dwcmRXSmxjbTVsZEdWek1BMEdDU3FHU0liM0RRRUJDd1VBQTRJQkFRQ0xHYUNtZWNuRQpCR1FKL3ZkdXkzZStlZUlWY2xLVzBiRHpUeUM3N0JVWVV3RmNNSDVrd3FOdXAyMUhiRGZ2SkZoelV2V0h6Y0dTCnBaRXRrV0VZVzZvV3RpVG1ySnF3T3NyYjMyNFd6eGZqTGdWcjdkZlVYNm5YeWNmcTFlWmZGOWNETlMxSVNjR0sKaXUxUHU1cW1MUEJIb3VoanhlYVVrVnlsa2pmN2NBT0ZpWTdNUWJkVGN2MWRQZGVEcUlkb2hzMklwSS9hTnR3SQozcVBvYkkyb0puSUFsZEJHWlVycHh5U3E5Zkg3Y00rN0NzQ3V4MjlOcjBXUEYrbzNHS0tqRmErV1ZZRUtmTXlZClBsSjI5TDlYMldvTmpnZWZXcUtlVFpPMG8vUCtydzQyVUhOOUVCM3JGUzFFQjJwdCtnREg3eVdVNzBKSm8yVFgKYTdvNm9LTFpBVnBGCi0tLS0tRU5EIENFUlRJRklDQVRFLS0tLS0K"
              }
            ],
            "cluster_id": null,
            "created_at": "2024-08-11 17:52:02.211 +0000 UTC",
            "enabled_cluster_log_types": [
              "api",
              "audit",
              "authenticator"
            ],
            "encryption_config": [
              {
                "provider": [
                  {
                    "key_arn": "arn:aws:kms:us-east-1:590183654020:key/efe77112-3dbc-475a-8db5-8da6ebe52d08"
                  }
                ],
                "resources": [
                  "secrets"
                ]
              }
            ],
            "endpoint": "https://0F287062F9E7F9E8E20800782CD7B1CD.yl4.us-east-1.eks.amazonaws.com",
            "id": "myapp-eks-cluster",
            "identity": [
              {
                "oidc": [
                  {
                    "issuer": "https://oidc.eks.us-east-1.amazonaws.com/id/0F287062F9E7F9E8E20800782CD7B1CD"
                  }
                ]
              }
            ],
            "kubernetes_network_config": [
              {
                "ip_family": "ipv4",
                "service_ipv4_cidr": "172.20.0.0/16",
                "service_ipv6_cidr": ""
              }
            ],
            "name": "myapp-eks-cluster",
            "outpost_config": [],
            "platform_version": "eks.6",
            "role_arn": "arn:aws:iam::590183654020:role/myapp-eks-cluster-cluster-20240811175131736900000002",
            "status": "ACTIVE",
            "tags": {
              "application": "myapp",
              "environment": "development",
              "kubernetes.io/cluster/myapp-eks-cluster": "shared",
              "terraform-aws-modules": "eks"
            },
            "tags_all": {
              "application": "myapp",
              "environment": "development",
              "kubernetes.io/cluster/myapp-eks-cluster": "shared",
              "terraform-aws-modules": "eks"
            },
            "timeouts": {
              "create": null,
              "delete": null,
              "update": null
            },
            "upgrade_policy": [
              {
                "support_type": "EXTENDED"
              }
            ],
            "version": "1.30",
            "vpc_config": [
              {
                "cluster_security_group_id": "sg-0a532cd247322ec8e",
                "endpoint_private_access": true,
                "endpoint_public_access": true,
                "public_access_cidrs": [
                  "0.0.0.0/0"
                ],
                "security_group_ids": [
                  "sg-0e71645cbd36b9666"
                ],
                "subnet_ids": [
                  "subnet-00de9e5df35edbe4b",
                  "subnet-011bf6f221a5b8575",
                  "subnet-03aae13f33741d2ce",
                  "subnet-0481f97599744ec40",
                  "subnet-0c649872f40e26ead",
                  "subnet-0e6b4471df406e3c3"
                ],
                "vpc_id": "vpc-00a6d519e7de55b14"
              }
            ]
          },
          "sensitive_attributes": [],
          "private": "eyJlMmJmYjczMC1lY2FhLTExZTYtOGY4OC0zNDM2M2JjN2M0YzAiOnsiY3JlYXRlIjoxODAwMDAwMDAwMDAwLCJkZWxldGUiOjkwMDAwMDAwMDAwMCwidXBkYXRlIjozNjAwMDAwMDAwMDAwfSwic2NoZW1hX3ZlcnNpb24iOiIxIn0=",
          "dependencies": [
            "data.aws_availability_zones.azs",
            "module.myapp-eks.aws_cloudwatch_log_group.this",
            "module.myapp-eks.aws_iam_policy.cni_ipv6_policy",
            "module.myapp-eks.aws_iam_role.this",
            "module.myapp-eks.aws_iam_role_policy_attachment.this",
            "module.myapp-eks.aws_security_group.cluster",
            "module.myapp-eks.aws_security_group.node",
            "module.myapp-eks.aws_security_group_rule.cluster",
            "module.myapp-eks.aws_security_group_rule.node",
            "module.myapp-eks.data.aws_caller_identity.current",
            "module.myapp-eks.data.aws_iam_policy_document.assume_role_policy",
            "module.myapp-eks.data.aws_iam_policy_document.cni_ipv6_policy",
            "module.myapp-eks.data.aws_iam_session_context.current",
            "module.myapp-eks.data.aws_partition.current",
            "module.myapp-eks.module.kms.aws_kms_external_key.this",
            "module.myapp-eks.module.kms.aws_kms_key.this",
            "module.myapp-eks.module.kms.aws_kms_replica_external_key.this",
            "module.myapp-eks.module.kms.aws_kms_replica_key.this",
            "module.myapp-eks.module.kms.data.aws_caller_identity.current",
            "module.myapp-eks.module.kms.data.aws_iam_policy_document.this",
            "module.myapp-eks.module.kms.data.aws_partition.current",
            "module.myapp-vpc.aws_subnet.private",
            "module.myapp-vpc.aws_subnet.public",
            "module.myapp-vpc.aws_vpc.this",
            "module.myapp-vpc.aws_vpc_ipv4_cidr_block_association.this"
          ],
          "create_before_destroy": true
        }
      ]
    },
    {
      "module": "module.myapp-eks",
      "mode": "managed",
      "type": "aws_iam_openid_connect_provider",
      "name": "oidc_provider",
      "provider": "provider[\"registry.terraform.io/hashicorp/aws\"]",
      "instances": [
        {
          "index_key": 0,
          "schema_version": 0,
          "attributes": {
            "arn": "arn:aws:iam::590183654020:oidc-provider/oidc.eks.us-east-1.amazonaws.com/id/0F287062F9E7F9E8E20800782CD7B1CD",
            "client_id_list": [
              "sts.amazonaws.com"
            ],
            "id": "arn:aws:iam::590183654020:oidc-provider/oidc.eks.us-east-1.amazonaws.com/id/0F287062F9E7F9E8E20800782CD7B1CD",
            "tags": {
              "Name": "myapp-eks-cluster-eks-irsa",
              "application": "myapp",
              "environment": "development",
              "kubernetes.io/cluster/myapp-eks-cluster": "shared"
            },
            "tags_all": {
              "Name": "myapp-eks-cluster-eks-irsa",
              "application": "myapp",
              "environment": "development",
              "kubernetes.io/cluster/myapp-eks-cluster": "shared"
            },
            "thumbprint_list": [
              "9e99a48a9960b14926bb7f3b02e22da2b0ab7280"
            ],
            "url": "oidc.eks.us-east-1.amazonaws.com/id/0F287062F9E7F9E8E20800782CD7B1CD"
          },
          "sensitive_attributes": [],
          "private": "bnVsbA==",
          "dependencies": [
            "data.aws_availability_zones.azs",
            "module.myapp-eks.aws_cloudwatch_log_group.this",
            "module.myapp-eks.aws_eks_cluster.this",
            "module.myapp-eks.aws_iam_policy.cni_ipv6_policy",
            "module.myapp-eks.aws_iam_role.this",
            "module.myapp-eks.aws_iam_role_policy_attachment.this",
            "module.myapp-eks.aws_security_group.cluster",
            "module.myapp-eks.aws_security_group.node",
            "module.myapp-eks.aws_security_group_rule.cluster",
            "module.myapp-eks.aws_security_group_rule.node",
            "module.myapp-eks.data.aws_caller_identity.current",
            "module.myapp-eks.data.aws_iam_policy_document.assume_role_policy",
            "module.myapp-eks.data.aws_iam_policy_document.cni_ipv6_policy",
            "module.myapp-eks.data.aws_iam_session_context.current",
            "module.myapp-eks.data.aws_partition.current",
            "module.myapp-eks.data.tls_certificate.this",
            "module.myapp-eks.module.kms.aws_kms_external_key.this",
            "module.myapp-eks.module.kms.aws_kms_key.this",
            "module.myapp-eks.module.kms.aws_kms_replica_external_key.this",
            "module.myapp-eks.module.kms.aws_kms_replica_key.this",
            "module.myapp-eks.module.kms.data.aws_caller_identity.current",
            "module.myapp-eks.module.kms.data.aws_iam_policy_document.this",
            "module.myapp-eks.module.kms.data.aws_partition.current",
            "module.myapp-vpc.aws_subnet.private",
            "module.myapp-vpc.aws_subnet.public",
            "module.myapp-vpc.aws_vpc.this",
            "module.myapp-vpc.aws_vpc_ipv4_cidr_block_association.this"
          ]
        }
      ]
    },
    {
      "module": "module.myapp-eks",
      "mode": "managed",
      "type": "aws_iam_policy",
      "name": "cluster_encryption",
      "provider": "provider[\"registry.terraform.io/hashicorp/aws\"]",
      "instances": [
        {
          "index_key": 0,
          "schema_version": 0,
          "attributes": {
            "arn": "arn:aws:iam::590183654020:policy/myapp-eks-cluster-cluster-ClusterEncryption2024081117515753410000000e",
            "attachment_count": 1,
            "description": "Cluster encryption policy to allow cluster role to utilize CMK provided",
            "id": "arn:aws:iam::590183654020:policy/myapp-eks-cluster-cluster-ClusterEncryption2024081117515753410000000e",
            "name": "myapp-eks-cluster-cluster-ClusterEncryption2024081117515753410000000e",
            "name_prefix": "myapp-eks-cluster-cluster-ClusterEncryption",
            "path": "/",
            "policy": "{\"Statement\":[{\"Action\":[\"kms:Encrypt\",\"kms:Decrypt\",\"kms:ListGrants\",\"kms:DescribeKey\"],\"Effect\":\"Allow\",\"Resource\":\"arn:aws:kms:us-east-1:590183654020:key/efe77112-3dbc-475a-8db5-8da6ebe52d08\"}],\"Version\":\"2012-10-17\"}",
            "policy_id": "ANPAYS2NP4KCCNS547X2R",
            "tags": {
              "application": "myapp",
              "environment": "development",
              "kubernetes.io/cluster/myapp-eks-cluster": "shared"
            },
            "tags_all": {
              "application": "myapp",
              "environment": "development",
              "kubernetes.io/cluster/myapp-eks-cluster": "shared"
            }
          },
          "sensitive_attributes": [],
          "private": "bnVsbA==",
          "dependencies": [
            "module.myapp-eks.aws_iam_role.this",
            "module.myapp-eks.data.aws_caller_identity.current",
            "module.myapp-eks.data.aws_iam_policy_document.assume_role_policy",
            "module.myapp-eks.data.aws_iam_session_context.current",
            "module.myapp-eks.module.kms.aws_kms_external_key.this",
            "module.myapp-eks.module.kms.aws_kms_key.this",
            "module.myapp-eks.module.kms.aws_kms_replica_external_key.this",
            "module.myapp-eks.module.kms.aws_kms_replica_key.this",
            "module.myapp-eks.module.kms.data.aws_caller_identity.current",
            "module.myapp-eks.module.kms.data.aws_iam_policy_document.this",
            "module.myapp-eks.module.kms.data.aws_partition.current"
          ]
        }
      ]
    },
    {
      "module": "module.myapp-eks",
      "mode": "managed",
      "type": "aws_iam_policy",
      "name": "cni_ipv6_policy",
      "provider": "provider[\"registry.terraform.io/hashicorp/aws\"]",
      "instances": []
    },
    {
      "module": "module.myapp-eks",
      "mode": "managed",
      "type": "aws_iam_role",
      "name": "this",
      "provider": "provider[\"registry.terraform.io/hashicorp/aws\"]",
      "instances": [
        {
          "index_key": 0,
          "schema_version": 0,
          "attributes": {
            "arn": "arn:aws:iam::590183654020:role/myapp-eks-cluster-cluster-20240811175131736900000002",
            "assume_role_policy": "{\"Statement\":[{\"Action\":\"sts:AssumeRole\",\"Effect\":\"Allow\",\"Principal\":{\"Service\":\"eks.amazonaws.com\"},\"Sid\":\"EKSClusterAssumeRole\"}],\"Version\":\"2012-10-17\"}",
            "create_date": "2024-08-11T17:51:32Z",
            "description": "",
            "force_detach_policies": true,
            "id": "myapp-eks-cluster-cluster-20240811175131736900000002",
            "inline_policy": [
              {
                "name": "myapp-eks-cluster-cluster",
                "policy": "{\"Version\":\"2012-10-17\",\"Statement\":[{\"Action\":[\"logs:CreateLogGroup\"],\"Effect\":\"Deny\",\"Resource\":\"*\"}]}"
              }
            ],
            "managed_policy_arns": [
              "arn:aws:iam::590183654020:policy/myapp-eks-cluster-cluster-ClusterEncryption2024081117515753410000000e",
              "arn:aws:iam::aws:policy/AmazonEKSClusterPolicy",
              "arn:aws:iam::aws:policy/AmazonEKSVPCResourceController"
            ],
            "max_session_duration": 3600,
            "name": "myapp-eks-cluster-cluster-20240811175131736900000002",
            "name_prefix": "myapp-eks-cluster-cluster-",
            "path": "/",
            "permissions_boundary": "",
            "tags": {
              "application": "myapp",
              "environment": "development",
              "kubernetes.io/cluster/myapp-eks-cluster": "shared"
            },
            "tags_all": {
              "application": "myapp",
              "environment": "development",
              "kubernetes.io/cluster/myapp-eks-cluster": "shared"
            },
            "unique_id": "AROAYS2NP4KCEX5COGOWX"
          },
          "sensitive_attributes": [],
          "private": "bnVsbA==",
          "dependencies": [
            "module.myapp-eks.data.aws_iam_policy_document.assume_role_policy"
          ],
          "create_before_destroy": true
        }
      ]
    },
    {
      "module": "module.myapp-eks",
      "mode": "managed",
      "type": "aws_iam_role_policy_attachment",
      "name": "cluster_encryption",
      "provider": "provider[\"registry.terraform.io/hashicorp/aws\"]",
      "instances": [
        {
          "index_key": 0,
          "schema_version": 0,
          "attributes": {
            "id": "myapp-eks-cluster-cluster-20240811175131736900000002-2024081117515846880000000f",
            "policy_arn": "arn:aws:iam::590183654020:policy/myapp-eks-cluster-cluster-ClusterEncryption2024081117515753410000000e",
            "role": "myapp-eks-cluster-cluster-20240811175131736900000002"
          },
          "sensitive_attributes": [],
          "private": "bnVsbA==",
          "dependencies": [
            "module.myapp-eks.aws_iam_policy.cluster_encryption",
            "module.myapp-eks.aws_iam_role.this",
            "module.myapp-eks.data.aws_caller_identity.current",
            "module.myapp-eks.data.aws_iam_policy_document.assume_role_policy",
            "module.myapp-eks.data.aws_iam_session_context.current",
            "module.myapp-eks.module.kms.aws_kms_external_key.this",
            "module.myapp-eks.module.kms.aws_kms_key.this",
            "module.myapp-eks.module.kms.aws_kms_replica_external_key.this",
            "module.myapp-eks.module.kms.aws_kms_replica_key.this",
            "module.myapp-eks.module.kms.data.aws_caller_identity.current",
            "module.myapp-eks.module.kms.data.aws_iam_policy_document.this",
            "module.myapp-eks.module.kms.data.aws_partition.current"
          ]
        }
      ]
    },
    {
      "module": "module.myapp-eks",
      "mode": "managed",
      "type": "aws_iam_role_policy_attachment",
      "name": "this",
      "provider": "provider[\"registry.terraform.io/hashicorp/aws\"]",
      "instances": [
        {
          "index_key": "AmazonEKSClusterPolicy",
          "schema_version": 0,
          "attributes": {
            "id": "myapp-eks-cluster-cluster-20240811175131736900000002-20240811175133832700000009",
            "policy_arn": "arn:aws:iam::aws:policy/AmazonEKSClusterPolicy",
            "role": "myapp-eks-cluster-cluster-20240811175131736900000002"
          },
          "sensitive_attributes": [],
          "private": "bnVsbA==",
          "dependencies": [
            "module.myapp-eks.aws_iam_role.this",
            "module.myapp-eks.data.aws_iam_policy_document.assume_role_policy",
            "module.myapp-eks.data.aws_partition.current"
          ],
          "create_before_destroy": true
        },
        {
          "index_key": "AmazonEKSVPCResourceController",
          "schema_version": 0,
          "attributes": {
            "id": "myapp-eks-cluster-cluster-20240811175131736900000002-20240811175133678300000008",
            "policy_arn": "arn:aws:iam::aws:policy/AmazonEKSVPCResourceController",
            "role": "myapp-eks-cluster-cluster-20240811175131736900000002"
          },
          "sensitive_attributes": [],
          "private": "bnVsbA==",
          "dependencies": [
            "module.myapp-eks.aws_iam_role.this",
            "module.myapp-eks.data.aws_iam_policy_document.assume_role_policy",
            "module.myapp-eks.data.aws_partition.current"
          ],
          "create_before_destroy": true
        }
      ]
    },
    {
      "module": "module.myapp-eks",
      "mode": "managed",
      "type": "aws_security_group",
      "name": "cluster",
      "provider": "provider[\"registry.terraform.io/hashicorp/aws\"]",
      "instances": [
        {
          "index_key": 0,
          "schema_version": 1,
          "attributes": {
            "arn": "arn:aws:ec2:us-east-1:590183654020:security-group/sg-0e71645cbd36b9666",
            "description": "EKS cluster security group",
            "egress": [],
            "id": "sg-0e71645cbd36b9666",
            "ingress": [
              {
                "cidr_blocks": [],
                "description": "Node groups to cluster API",
                "from_port": 443,
                "ipv6_cidr_blocks": [],
                "prefix_list_ids": [],
                "protocol": "tcp",
                "security_groups": [
                  "sg-085786775bc44112d"
                ],
                "self": false,
                "to_port": 443
              }
            ],
            "name": "myapp-eks-cluster-cluster-2024081117514704930000000d",
            "name_prefix": "myapp-eks-cluster-cluster-",
            "owner_id": "590183654020",
            "revoke_rules_on_delete": false,
            "tags": {
              "Name": "myapp-eks-cluster-cluster",
              "application": "myapp",
              "environment": "development",
              "kubernetes.io/cluster/myapp-eks-cluster": "shared"
            },
            "tags_all": {
              "Name": "myapp-eks-cluster-cluster",
              "application": "myapp",
              "environment": "development",
              "kubernetes.io/cluster/myapp-eks-cluster": "shared"
            },
            "timeouts": null,
            "vpc_id": "vpc-00a6d519e7de55b14"
          },
          "sensitive_attributes": [],
          "private": "eyJlMmJmYjczMC1lY2FhLTExZTYtOGY4OC0zNDM2M2JjN2M0YzAiOnsiY3JlYXRlIjo2MDAwMDAwMDAwMDAsImRlbGV0ZSI6OTAwMDAwMDAwMDAwfSwic2NoZW1hX3ZlcnNpb24iOiIxIn0=",
          "dependencies": [
            "module.myapp-vpc.aws_vpc.this"
          ],
          "create_before_destroy": true
        }
      ]
    },
    {
      "module": "module.myapp-eks",
      "mode": "managed",
      "type": "aws_security_group",
      "name": "node",
      "provider": "provider[\"registry.terraform.io/hashicorp/aws\"]",
      "instances": [
        {
          "index_key": 0,
          "schema_version": 1,
          "attributes": {
            "arn": "arn:aws:ec2:us-east-1:590183654020:security-group/sg-085786775bc44112d",
            "description": "EKS node shared security group",
            "egress": [
              {
                "cidr_blocks": [
                  "0.0.0.0/0"
                ],
                "description": "Allow all egress",
                "from_port": 0,
                "ipv6_cidr_blocks": [],
                "prefix_list_ids": [],
                "protocol": "-1",
                "security_groups": [],
                "self": false,
                "to_port": 0
              }
            ],
            "id": "sg-085786775bc44112d",
            "ingress": [
              {
                "cidr_blocks": [],
                "description": "Cluster API to node 4443/tcp webhook",
                "from_port": 4443,
                "ipv6_cidr_blocks": [],
                "prefix_list_ids": [],
                "protocol": "tcp",
                "security_groups": [
                  "sg-0e71645cbd36b9666"
                ],
                "self": false,
                "to_port": 4443
              },
              {
                "cidr_blocks": [],
                "description": "Cluster API to node 6443/tcp webhook",
                "from_port": 6443,
                "ipv6_cidr_blocks": [],
                "prefix_list_ids": [],
                "protocol": "tcp",
                "security_groups": [
                  "sg-0e71645cbd36b9666"
                ],
                "self": false,
                "to_port": 6443
              },
              {
                "cidr_blocks": [],
                "description": "Cluster API to node 8443/tcp webhook",
                "from_port": 8443,
                "ipv6_cidr_blocks": [],
                "prefix_list_ids": [],
                "protocol": "tcp",
                "security_groups": [
                  "sg-0e71645cbd36b9666"
                ],
                "self": false,
                "to_port": 8443
              },
              {
                "cidr_blocks": [],
                "description": "Cluster API to node 9443/tcp webhook",
                "from_port": 9443,
                "ipv6_cidr_blocks": [],
                "prefix_list_ids": [],
                "protocol": "tcp",
                "security_groups": [
                  "sg-0e71645cbd36b9666"
                ],
                "self": false,
                "to_port": 9443
              },
              {
                "cidr_blocks": [],
                "description": "Cluster API to node groups",
                "from_port": 443,
                "ipv6_cidr_blocks": [],
                "prefix_list_ids": [],
                "protocol": "tcp",
                "security_groups": [
                  "sg-0e71645cbd36b9666"
                ],
                "self": false,
                "to_port": 443
              },
              {
                "cidr_blocks": [],
                "description": "Cluster API to node kubelets",
                "from_port": 10250,
                "ipv6_cidr_blocks": [],
                "prefix_list_ids": [],
                "protocol": "tcp",
                "security_groups": [
                  "sg-0e71645cbd36b9666"
                ],
                "self": false,
                "to_port": 10250
              },
              {
                "cidr_blocks": [],
                "description": "Node to node CoreDNS UDP",
                "from_port": 53,
                "ipv6_cidr_blocks": [],
                "prefix_list_ids": [],
                "protocol": "udp",
                "security_groups": [],
                "self": true,
                "to_port": 53
              },
              {
                "cidr_blocks": [],
                "description": "Node to node CoreDNS",
                "from_port": 53,
                "ipv6_cidr_blocks": [],
                "prefix_list_ids": [],
                "protocol": "tcp",
                "security_groups": [],
                "self": true,
                "to_port": 53
              },
              {
                "cidr_blocks": [],
                "description": "Node to node ingress on ephemeral ports",
                "from_port": 1025,
                "ipv6_cidr_blocks": [],
                "prefix_list_ids": [],
                "protocol": "tcp",
                "security_groups": [],
                "self": true,
                "to_port": 65535
              }
            ],
            "name": "myapp-eks-cluster-node-2024081117514704930000000c",
            "name_prefix": "myapp-eks-cluster-node-",
            "owner_id": "590183654020",
            "revoke_rules_on_delete": false,
            "tags": {
              "Name": "myapp-eks-cluster-node",
              "application": "myapp",
              "environment": "development",
              "kubernetes.io/cluster/myapp-eks-cluster": "owned"
            },
            "tags_all": {
              "Name": "myapp-eks-cluster-node",
              "application": "myapp",
              "environment": "development",
              "kubernetes.io/cluster/myapp-eks-cluster": "owned"
            },
            "timeouts": null,
            "vpc_id": "vpc-00a6d519e7de55b14"
          },
          "sensitive_attributes": [],
          "private": "eyJlMmJmYjczMC1lY2FhLTExZTYtOGY4OC0zNDM2M2JjN2M0YzAiOnsiY3JlYXRlIjo2MDAwMDAwMDAwMDAsImRlbGV0ZSI6OTAwMDAwMDAwMDAwfSwic2NoZW1hX3ZlcnNpb24iOiIxIn0=",
          "dependencies": [
            "module.myapp-vpc.aws_vpc.this"
          ],
          "create_before_destroy": true
        }
      ]
    },
    {
      "module": "module.myapp-eks",
      "mode": "managed",
      "type": "aws_security_group_rule",
      "name": "cluster",
      "provider": "provider[\"registry.terraform.io/hashicorp/aws\"]",
      "instances": [
        {
          "index_key": "ingress_nodes_443",
          "schema_version": 2,
          "attributes": {
            "cidr_blocks": null,
            "description": "Node groups to cluster API",
            "from_port": 443,
            "id": "sgrule-3134257860",
            "ipv6_cidr_blocks": null,
            "prefix_list_ids": null,
            "protocol": "tcp",
            "security_group_id": "sg-0e71645cbd36b9666",
            "security_group_rule_id": "sgr-0bc1dcad72a35085a",
            "self": false,
            "source_security_group_id": "sg-085786775bc44112d",
            "timeouts": null,
            "to_port": 443,
            "type": "ingress"
          },
          "sensitive_attributes": [],
          "private": "eyJlMmJmYjczMC1lY2FhLTExZTYtOGY4OC0zNDM2M2JjN2M0YzAiOnsiY3JlYXRlIjozMDAwMDAwMDAwMDB9LCJzY2hlbWFfdmVyc2lvbiI6IjIifQ==",
          "dependencies": [
            "module.myapp-eks.aws_security_group.cluster",
            "module.myapp-eks.aws_security_group.node",
            "module.myapp-vpc.aws_vpc.this"
          ],
          "create_before_destroy": true
        }
      ]
    },
    {
      "module": "module.myapp-eks",
      "mode": "managed",
      "type": "aws_security_group_rule",
      "name": "node",
      "provider": "provider[\"registry.terraform.io/hashicorp/aws\"]",
      "instances": [
        {
          "index_key": "egress_all",
          "schema_version": 2,
          "attributes": {
            "cidr_blocks": [
              "0.0.0.0/0"
            ],
            "description": "Allow all egress",
            "from_port": 0,
            "id": "sgrule-4119356256",
            "ipv6_cidr_blocks": null,
            "prefix_list_ids": [],
            "protocol": "-1",
            "security_group_id": "sg-085786775bc44112d",
            "security_group_rule_id": "sgr-06777ee7e429523d1",
            "self": false,
            "source_security_group_id": null,
            "timeouts": null,
            "to_port": 0,
            "type": "egress"
          },
          "sensitive_attributes": [],
          "private": "eyJlMmJmYjczMC1lY2FhLTExZTYtOGY4OC0zNDM2M2JjN2M0YzAiOnsiY3JlYXRlIjozMDAwMDAwMDAwMDB9LCJzY2hlbWFfdmVyc2lvbiI6IjIifQ==",
          "dependencies": [
            "module.myapp-eks.aws_security_group.cluster",
            "module.myapp-eks.aws_security_group.node",
            "module.myapp-vpc.aws_vpc.this"
          ],
          "create_before_destroy": true
        },
        {
          "index_key": "ingress_cluster_443",
          "schema_version": 2,
          "attributes": {
            "cidr_blocks": null,
            "description": "Cluster API to node groups",
            "from_port": 443,
            "id": "sgrule-3609729676",
            "ipv6_cidr_blocks": null,
            "prefix_list_ids": [],
            "protocol": "tcp",
            "security_group_id": "sg-085786775bc44112d",
            "security_group_rule_id": "sgr-07671fb98d25c1d5f",
            "self": false,
            "source_security_group_id": "sg-0e71645cbd36b9666",
            "timeouts": null,
            "to_port": 443,
            "type": "ingress"
          },
          "sensitive_attributes": [],
          "private": "eyJlMmJmYjczMC1lY2FhLTExZTYtOGY4OC0zNDM2M2JjN2M0YzAiOnsiY3JlYXRlIjozMDAwMDAwMDAwMDB9LCJzY2hlbWFfdmVyc2lvbiI6IjIifQ==",
          "dependencies": [
            "module.myapp-eks.aws_security_group.cluster",
            "module.myapp-eks.aws_security_group.node",
            "module.myapp-vpc.aws_vpc.this"
          ],
          "create_before_destroy": true
        },
        {
          "index_key": "ingress_cluster_4443_webhook",
          "schema_version": 2,
          "attributes": {
            "cidr_blocks": null,
            "description": "Cluster API to node 4443/tcp webhook",
            "from_port": 4443,
            "id": "sgrule-625607783",
            "ipv6_cidr_blocks": null,
            "prefix_list_ids": [],
            "protocol": "tcp",
            "security_group_id": "sg-085786775bc44112d",
            "security_group_rule_id": "sgr-08d085c4961f32685",
            "self": false,
            "source_security_group_id": "sg-0e71645cbd36b9666",
            "timeouts": null,
            "to_port": 4443,
            "type": "ingress"
          },
          "sensitive_attributes": [],
          "private": "eyJlMmJmYjczMC1lY2FhLTExZTYtOGY4OC0zNDM2M2JjN2M0YzAiOnsiY3JlYXRlIjozMDAwMDAwMDAwMDB9LCJzY2hlbWFfdmVyc2lvbiI6IjIifQ==",
          "dependencies": [
            "module.myapp-eks.aws_security_group.cluster",
            "module.myapp-eks.aws_security_group.node",
            "module.myapp-vpc.aws_vpc.this"
          ],
          "create_before_destroy": true
        },
        {
          "index_key": "ingress_cluster_6443_webhook",
          "schema_version": 2,
          "attributes": {
            "cidr_blocks": null,
            "description": "Cluster API to node 6443/tcp webhook",
            "from_port": 6443,
            "id": "sgrule-3959972849",
            "ipv6_cidr_blocks": null,
            "prefix_list_ids": [],
            "protocol": "tcp",
            "security_group_id": "sg-085786775bc44112d",
            "security_group_rule_id": "sgr-08d335415249b8b11",
            "self": false,
            "source_security_group_id": "sg-0e71645cbd36b9666",
            "timeouts": null,
            "to_port": 6443,
            "type": "ingress"
          },
          "sensitive_attributes": [],
          "private": "eyJlMmJmYjczMC1lY2FhLTExZTYtOGY4OC0zNDM2M2JjN2M0YzAiOnsiY3JlYXRlIjozMDAwMDAwMDAwMDB9LCJzY2hlbWFfdmVyc2lvbiI6IjIifQ==",
          "dependencies": [
            "module.myapp-eks.aws_security_group.cluster",
            "module.myapp-eks.aws_security_group.node",
            "module.myapp-vpc.aws_vpc.this"
          ],
          "create_before_destroy": true
        },
        {
          "index_key": "ingress_cluster_8443_webhook",
          "schema_version": 2,
          "attributes": {
            "cidr_blocks": null,
            "description": "Cluster API to node 8443/tcp webhook",
            "from_port": 8443,
            "id": "sgrule-4283719632",
            "ipv6_cidr_blocks": null,
            "prefix_list_ids": [],
            "protocol": "tcp",
            "security_group_id": "sg-085786775bc44112d",
            "security_group_rule_id": "sgr-0ed3784f8a1533655",
            "self": false,
            "source_security_group_id": "sg-0e71645cbd36b9666",
            "timeouts": null,
            "to_port": 8443,
            "type": "ingress"
          },
          "sensitive_attributes": [],
          "private": "eyJlMmJmYjczMC1lY2FhLTExZTYtOGY4OC0zNDM2M2JjN2M0YzAiOnsiY3JlYXRlIjozMDAwMDAwMDAwMDB9LCJzY2hlbWFfdmVyc2lvbiI6IjIifQ==",
          "dependencies": [
            "module.myapp-eks.aws_security_group.cluster",
            "module.myapp-eks.aws_security_group.node",
            "module.myapp-vpc.aws_vpc.this"
          ],
          "create_before_destroy": true
        },
        {
          "index_key": "ingress_cluster_9443_webhook",
          "schema_version": 2,
          "attributes": {
            "cidr_blocks": null,
            "description": "Cluster API to node 9443/tcp webhook",
            "from_port": 9443,
            "id": "sgrule-2616552475",
            "ipv6_cidr_blocks": null,
            "prefix_list_ids": [],
            "protocol": "tcp",
            "security_group_id": "sg-085786775bc44112d",
            "security_group_rule_id": "sgr-06a1f7b6415da0f6a",
            "self": false,
            "source_security_group_id": "sg-0e71645cbd36b9666",
            "timeouts": null,
            "to_port": 9443,
            "type": "ingress"
          },
          "sensitive_attributes": [],
          "private": "eyJlMmJmYjczMC1lY2FhLTExZTYtOGY4OC0zNDM2M2JjN2M0YzAiOnsiY3JlYXRlIjozMDAwMDAwMDAwMDB9LCJzY2hlbWFfdmVyc2lvbiI6IjIifQ==",
          "dependencies": [
            "module.myapp-eks.aws_security_group.cluster",
            "module.myapp-eks.aws_security_group.node",
            "module.myapp-vpc.aws_vpc.this"
          ],
          "create_before_destroy": true
        },
        {
          "index_key": "ingress_cluster_kubelet",
          "schema_version": 2,
          "attributes": {
            "cidr_blocks": null,
            "description": "Cluster API to node kubelets",
            "from_port": 10250,
            "id": "sgrule-3651745487",
            "ipv6_cidr_blocks": null,
            "prefix_list_ids": [],
            "protocol": "tcp",
            "security_group_id": "sg-085786775bc44112d",
            "security_group_rule_id": "sgr-0070a310b3e51f8be",
            "self": false,
            "source_security_group_id": "sg-0e71645cbd36b9666",
            "timeouts": null,
            "to_port": 10250,
            "type": "ingress"
          },
          "sensitive_attributes": [],
          "private": "eyJlMmJmYjczMC1lY2FhLTExZTYtOGY4OC0zNDM2M2JjN2M0YzAiOnsiY3JlYXRlIjozMDAwMDAwMDAwMDB9LCJzY2hlbWFfdmVyc2lvbiI6IjIifQ==",
          "dependencies": [
            "module.myapp-eks.aws_security_group.cluster",
            "module.myapp-eks.aws_security_group.node",
            "module.myapp-vpc.aws_vpc.this"
          ],
          "create_before_destroy": true
        },
        {
          "index_key": "ingress_nodes_ephemeral",
          "schema_version": 2,
          "attributes": {
            "cidr_blocks": null,
            "description": "Node to node ingress on ephemeral ports",
            "from_port": 1025,
            "id": "sgrule-3617892753",
            "ipv6_cidr_blocks": null,
            "prefix_list_ids": [],
            "protocol": "tcp",
            "security_group_id": "sg-085786775bc44112d",
            "security_group_rule_id": "sgr-053f7244e1ff6e5dd",
            "self": true,
            "source_security_group_id": null,
            "timeouts": null,
            "to_port": 65535,
            "type": "ingress"
          },
          "sensitive_attributes": [],
          "private": "eyJlMmJmYjczMC1lY2FhLTExZTYtOGY4OC0zNDM2M2JjN2M0YzAiOnsiY3JlYXRlIjozMDAwMDAwMDAwMDB9LCJzY2hlbWFfdmVyc2lvbiI6IjIifQ==",
          "dependencies": [
            "module.myapp-eks.aws_security_group.cluster",
            "module.myapp-eks.aws_security_group.node",
            "module.myapp-vpc.aws_vpc.this"
          ],
          "create_before_destroy": true
        },
        {
          "index_key": "ingress_self_coredns_tcp",
          "schema_version": 2,
          "attributes": {
            "cidr_blocks": null,
            "description": "Node to node CoreDNS",
            "from_port": 53,
            "id": "sgrule-1896273029",
            "ipv6_cidr_blocks": null,
            "prefix_list_ids": [],
            "protocol": "tcp",
            "security_group_id": "sg-085786775bc44112d",
            "security_group_rule_id": "sgr-0932f7a66afc2af44",
            "self": true,
            "source_security_group_id": null,
            "timeouts": null,
            "to_port": 53,
            "type": "ingress"
          },
          "sensitive_attributes": [],
          "private": "eyJlMmJmYjczMC1lY2FhLTExZTYtOGY4OC0zNDM2M2JjN2M0YzAiOnsiY3JlYXRlIjozMDAwMDAwMDAwMDB9LCJzY2hlbWFfdmVyc2lvbiI6IjIifQ==",
          "dependencies": [
            "module.myapp-eks.aws_security_group.cluster",
            "module.myapp-eks.aws_security_group.node",
            "module.myapp-vpc.aws_vpc.this"
          ],
          "create_before_destroy": true
        },
        {
          "index_key": "ingress_self_coredns_udp",
          "schema_version": 2,
          "attributes": {
            "cidr_blocks": null,
            "description": "Node to node CoreDNS UDP",
            "from_port": 53,
            "id": "sgrule-3579410282",
            "ipv6_cidr_blocks": null,
            "prefix_list_ids": [],
            "protocol": "udp",
            "security_group_id": "sg-085786775bc44112d",
            "security_group_rule_id": "sgr-0f25151c67ec06b74",
            "self": true,
            "source_security_group_id": null,
            "timeouts": null,
            "to_port": 53,
            "type": "ingress"
          },
          "sensitive_attributes": [],
          "private": "eyJlMmJmYjczMC1lY2FhLTExZTYtOGY4OC0zNDM2M2JjN2M0YzAiOnsiY3JlYXRlIjozMDAwMDAwMDAwMDB9LCJzY2hlbWFfdmVyc2lvbiI6IjIifQ==",
          "dependencies": [
            "module.myapp-eks.aws_security_group.cluster",
            "module.myapp-eks.aws_security_group.node",
            "module.myapp-vpc.aws_vpc.this"
          ],
          "create_before_destroy": true
        }
      ]
    },
    {
      "module": "module.myapp-eks",
      "mode": "managed",
      "type": "time_sleep",
      "name": "this",
      "provider": "provider[\"registry.terraform.io/hashicorp/time\"]",
      "instances": [
        {
          "index_key": 0,
          "schema_version": 0,
          "attributes": {
            "create_duration": "30s",
            "destroy_duration": null,
            "id": "2024-08-11T18:03:15Z",
            "triggers": {
              "cluster_certificate_authority_data": "LS0tLS1CRUdJTiBDRVJUSUZJQ0FURS0tLS0tCk1JSURCVENDQWUyZ0F3SUJBZ0lJRXVTTmdxZmlYcll3RFFZSktvWklodmNOQVFFTEJRQXdGVEVUTUJFR0ExVUUKQXhNS2EzVmlaWEp1WlhSbGN6QWVGdzB5TkRBNE1URXhOelV5TWpsYUZ3MHpOREE0TURreE56VTNNamxhTUJVeApFekFSQmdOVkJBTVRDbXQxWW1WeWJtVjBaWE13Z2dFaU1BMEdDU3FHU0liM0RRRUJBUVVBQTRJQkR3QXdnZ0VLCkFvSUJBUUN2aGswQmRES1hOQnl1aHRGT2JxQVV2blRrdHUxSGJ3NmVtdng2aDdJL3BiN2MxcHg4NW4vNis3a04KMkQ4MWZQdTEwZzA4S0UweE01L1hkZFBJcTY0b0tFeU9nbS8veHVyZitTbi82cDA5cXhLNmlqMGRWUlkwelhUdQpmbFVSNERqS2NmL1dtMEQ0TFBkcnIwRWtVRjhweFJzZi8wNnNwaDFWeU5jUUVORkNDWGY0aUU3dW4rbW5tWXZyCnNTOTkzeU1Kbm9HUFZCRU50R0tzOEZhckJxQ2U1elFMcFljVTRWRmNJYVB0WEgybmRLVGNXTVprdXl0a2RtNUYKMXJTVmVuOE5zSEtNbmNZLzBDR2ZweWRGdDgzTk5mc3RIMmVtREhVTElqcTFzZlYwVWR3dEF2VmVoRHljdkEzZApzQzZHTFZuc2ErdzlyNXdMNXZDdGNKTUFVVzU1QWdNQkFBR2pXVEJYTUE0R0ExVWREd0VCL3dRRUF3SUNwREFQCkJnTlZIUk1CQWY4RUJUQURBUUgvTUIwR0ExVWREZ1FXQkJSTGFpM3VsQXlIc1Jnd05zMHg3MHdxSEkvc01qQVYKQmdOVkhSRUVEakFNZ2dwcmRXSmxjbTVsZEdWek1BMEdDU3FHU0liM0RRRUJDd1VBQTRJQkFRQ0xHYUNtZWNuRQpCR1FKL3ZkdXkzZStlZUlWY2xLVzBiRHpUeUM3N0JVWVV3RmNNSDVrd3FOdXAyMUhiRGZ2SkZoelV2V0h6Y0dTCnBaRXRrV0VZVzZvV3RpVG1ySnF3T3NyYjMyNFd6eGZqTGdWcjdkZlVYNm5YeWNmcTFlWmZGOWNETlMxSVNjR0sKaXUxUHU1cW1MUEJIb3VoanhlYVVrVnlsa2pmN2NBT0ZpWTdNUWJkVGN2MWRQZGVEcUlkb2hzMklwSS9hTnR3SQozcVBvYkkyb0puSUFsZEJHWlVycHh5U3E5Zkg3Y00rN0NzQ3V4MjlOcjBXUEYrbzNHS0tqRmErV1ZZRUtmTXlZClBsSjI5TDlYMldvTmpnZWZXcUtlVFpPMG8vUCtydzQyVUhOOUVCM3JGUzFFQjJwdCtnREg3eVdVNzBKSm8yVFgKYTdvNm9LTFpBVnBGCi0tLS0tRU5EIENFUlRJRklDQVRFLS0tLS0K",
              "cluster_endpoint": "https://0F287062F9E7F9E8E20800782CD7B1CD.yl4.us-east-1.eks.amazonaws.com",
              "cluster_name": "myapp-eks-cluster",
              "cluster_service_cidr": "172.20.0.0/16",
              "cluster_version": "1.30"
            }
          },
          "sensitive_attributes": [],
          "dependencies": [
            "data.aws_availability_zones.azs",
            "module.myapp-eks.aws_cloudwatch_log_group.this",
            "module.myapp-eks.aws_eks_cluster.this",
            "module.myapp-eks.aws_iam_policy.cni_ipv6_policy",
            "module.myapp-eks.aws_iam_role.this",
            "module.myapp-eks.aws_iam_role_policy_attachment.this",
            "module.myapp-eks.aws_security_group.cluster",
            "module.myapp-eks.aws_security_group.node",
            "module.myapp-eks.aws_security_group_rule.cluster",
            "module.myapp-eks.aws_security_group_rule.node",
            "module.myapp-eks.data.aws_caller_identity.current",
            "module.myapp-eks.data.aws_iam_policy_document.assume_role_policy",
            "module.myapp-eks.data.aws_iam_policy_document.cni_ipv6_policy",
            "module.myapp-eks.data.aws_iam_session_context.current",
            "module.myapp-eks.data.aws_partition.current",
            "module.myapp-eks.module.kms.aws_kms_external_key.this",
            "module.myapp-eks.module.kms.aws_kms_key.this",
            "module.myapp-eks.module.kms.aws_kms_replica_external_key.this",
            "module.myapp-eks.module.kms.aws_kms_replica_key.this",
            "module.myapp-eks.module.kms.data.aws_caller_identity.current",
            "module.myapp-eks.module.kms.data.aws_iam_policy_document.this",
            "module.myapp-eks.module.kms.data.aws_partition.current",
            "module.myapp-vpc.aws_subnet.private",
            "module.myapp-vpc.aws_subnet.public",
            "module.myapp-vpc.aws_vpc.this",
            "module.myapp-vpc.aws_vpc_ipv4_cidr_block_association.this"
          ],
          "create_before_destroy": true
        }
      ]
    },
    {
      "module": "module.myapp-eks.module.eks_managed_node_group[\"myapp-node-group\"]",
      "mode": "data",
      "type": "aws_caller_identity",
      "name": "current",
      "provider": "provider[\"registry.terraform.io/hashicorp/aws\"]",
      "instances": [
        {
          "schema_version": 0,
          "attributes": {
            "account_id": "590183654020",
            "arn": "arn:aws:iam::590183654020:user/kazmin_admin",
            "id": "590183654020",
            "user_id": "AIDAYS2NP4KCNDPBZ3QSO"
          },
          "sensitive_attributes": []
        }
      ]
    },
    {
      "module": "module.myapp-eks.module.eks_managed_node_group[\"myapp-node-group\"]",
      "mode": "data",
      "type": "aws_iam_policy_document",
      "name": "assume_role_policy",
      "provider": "provider[\"registry.terraform.io/hashicorp/aws\"]",
      "instances": [
        {
          "index_key": 0,
          "schema_version": 0,
          "attributes": {
            "id": "2560088296",
            "json": "{\n  \"Version\": \"2012-10-17\",\n  \"Statement\": [\n    {\n      \"Sid\": \"EKSNodeAssumeRole\",\n      \"Effect\": \"Allow\",\n      \"Action\": \"sts:AssumeRole\",\n      \"Principal\": {\n        \"Service\": \"ec2.amazonaws.com\"\n      }\n    }\n  ]\n}",
            "minified_json": "{\"Version\":\"2012-10-17\",\"Statement\":[{\"Sid\":\"EKSNodeAssumeRole\",\"Effect\":\"Allow\",\"Action\":\"sts:AssumeRole\",\"Principal\":{\"Service\":\"ec2.amazonaws.com\"}}]}",
            "override_json": null,
            "override_policy_documents": null,
            "policy_id": null,
            "source_json": null,
            "source_policy_documents": null,
            "statement": [
              {
                "actions": [
                  "sts:AssumeRole"
                ],
                "condition": [],
                "effect": "Allow",
                "not_actions": [],
                "not_principals": [],
                "not_resources": [],
                "principals": [
                  {
                    "identifiers": [
                      "ec2.amazonaws.com"
                    ],
                    "type": "Service"
                  }
                ],
                "resources": [],
                "sid": "EKSNodeAssumeRole"
              }
            ],
            "version": "2012-10-17"
          },
          "sensitive_attributes": []
        }
      ]
    },
    {
      "module": "module.myapp-eks.module.eks_managed_node_group[\"myapp-node-group\"]",
      "mode": "data",
      "type": "aws_partition",
      "name": "current",
      "provider": "provider[\"registry.terraform.io/hashicorp/aws\"]",
      "instances": [
        {
          "schema_version": 0,
          "attributes": {
            "dns_suffix": "amazonaws.com",
            "id": "aws",
            "partition": "aws",
            "reverse_dns_prefix": "com.amazonaws"
          },
          "sensitive_attributes": []
        }
      ]
    },
    {
      "module": "module.myapp-eks.module.eks_managed_node_group[\"myapp-node-group\"]",
      "mode": "managed",
      "type": "aws_eks_node_group",
      "name": "this",
      "provider": "provider[\"registry.terraform.io/hashicorp/aws\"]",
      "instances": [
        {
          "index_key": 0,
          "schema_version": 0,
          "attributes": {
            "ami_type": "AL2023_x86_64_STANDARD",
            "arn": "arn:aws:eks:us-east-1:590183654020:nodegroup/myapp-eks-cluster/myapp-node-group-20240811180316236800000013/46c8a14d-ee57-aad9-e0f6-a16db2830198",
            "capacity_type": "ON_DEMAND",
            "cluster_name": "myapp-eks-cluster",
            "disk_size": 0,
            "force_update_version": null,
            "id": "myapp-eks-cluster:myapp-node-group-20240811180316236800000013",
            "instance_types": [
              "t2.medium"
            ],
            "labels": {},
            "launch_template": [
              {
                "id": "lt-0a28fa8c40763732c",
                "name": "myapp-node-group-20240811180315322800000011",
                "version": "1"
              }
            ],
            "node_group_name": "myapp-node-group-20240811180316236800000013",
            "node_group_name_prefix": "myapp-node-group-",
            "node_role_arn": "arn:aws:iam::590183654020:role/myapp-node-group-eks-node-group-20240811175131735200000001",
            "release_version": "1.30.2-20240807",
            "remote_access": [],
            "resources": [
              {
                "autoscaling_groups": [
                  {
                    "name": "eks-myapp-node-group-20240811180316236800000013-46c8a14d-ee57-aad9-e0f6-a16db2830198"
                  }
                ],
                "remote_access_security_group_id": ""
              }
            ],
            "scaling_config": [
              {
                "desired_size": 3,
                "max_size": 4,
                "min_size": 1
              }
            ],
            "status": "ACTIVE",
            "subnet_ids": [
              "subnet-00de9e5df35edbe4b",
              "subnet-011bf6f221a5b8575",
              "subnet-03aae13f33741d2ce",
              "subnet-0481f97599744ec40",
              "subnet-0c649872f40e26ead",
              "subnet-0e6b4471df406e3c3"
            ],
            "tags": {
              "Name": "myapp-node-group",
              "application": "myapp",
              "environment": "development",
              "kubernetes.io/cluster/myapp-eks-cluster": "shared"
            },
            "tags_all": {
              "Name": "myapp-node-group",
              "application": "myapp",
              "environment": "development",
              "kubernetes.io/cluster/myapp-eks-cluster": "shared"
            },
            "taint": [],
            "timeouts": {
              "create": null,
              "delete": null,
              "update": null
            },
            "update_config": [
              {
                "max_unavailable": 0,
                "max_unavailable_percentage": 33
              }
            ],
            "version": "1.30"
          },
          "sensitive_attributes": [],
          "private": "eyJlMmJmYjczMC1lY2FhLTExZTYtOGY4OC0zNDM2M2JjN2M0YzAiOnsiY3JlYXRlIjozNjAwMDAwMDAwMDAwLCJkZWxldGUiOjM2MDAwMDAwMDAwMDAsInVwZGF0ZSI6MzYwMDAwMDAwMDAwMH19",
          "dependencies": [
            "data.aws_availability_zones.azs",
            "module.myapp-eks.aws_cloudwatch_log_group.this",
            "module.myapp-eks.aws_eks_cluster.this",
            "module.myapp-eks.aws_iam_policy.cni_ipv6_policy",
            "module.myapp-eks.aws_iam_role.this",
            "module.myapp-eks.aws_iam_role_policy_attachment.this",
            "module.myapp-eks.aws_security_group.cluster",
            "module.myapp-eks.aws_security_group.node",
            "module.myapp-eks.aws_security_group_rule.cluster",
            "module.myapp-eks.aws_security_group_rule.node",
            "module.myapp-eks.data.aws_caller_identity.current",
            "module.myapp-eks.data.aws_iam_policy_document.assume_role_policy",
            "module.myapp-eks.data.aws_iam_policy_document.cni_ipv6_policy",
            "module.myapp-eks.data.aws_iam_session_context.current",
            "module.myapp-eks.data.aws_partition.current",
            "module.myapp-eks.module.eks_managed_node_group.aws_iam_role.this",
            "module.myapp-eks.module.eks_managed_node_group.aws_iam_role_policy_attachment.this",
            "module.myapp-eks.module.eks_managed_node_group.aws_launch_template.this",
            "module.myapp-eks.module.eks_managed_node_group.aws_placement_group.this",
            "module.myapp-eks.module.eks_managed_node_group.data.aws_caller_identity.current",
            "module.myapp-eks.module.eks_managed_node_group.data.aws_ec2_instance_type.this",
            "module.myapp-eks.module.eks_managed_node_group.data.aws_ec2_instance_type_offerings.this",
            "module.myapp-eks.module.eks_managed_node_group.data.aws_iam_policy_document.assume_role_policy",
            "module.myapp-eks.module.eks_managed_node_group.data.aws_partition.current",
            "module.myapp-eks.module.eks_managed_node_group.data.aws_ssm_parameter.ami",
            "module.myapp-eks.module.eks_managed_node_group.data.aws_subnets.efa",
            "module.myapp-eks.module.eks_managed_node_group.module.user_data.data.cloudinit_config.al2023_eks_managed_node_group",
            "module.myapp-eks.module.eks_managed_node_group.module.user_data.data.cloudinit_config.linux_eks_managed_node_group",
            "module.myapp-eks.module.kms.aws_kms_external_key.this",
            "module.myapp-eks.module.kms.aws_kms_key.this",
            "module.myapp-eks.module.kms.aws_kms_replica_external_key.this",
            "module.myapp-eks.module.kms.aws_kms_replica_key.this",
            "module.myapp-eks.module.kms.data.aws_caller_identity.current",
            "module.myapp-eks.module.kms.data.aws_iam_policy_document.this",
            "module.myapp-eks.module.kms.data.aws_partition.current",
            "module.myapp-eks.time_sleep.this",
            "module.myapp-vpc.aws_subnet.private",
            "module.myapp-vpc.aws_subnet.public",
            "module.myapp-vpc.aws_vpc.this",
            "module.myapp-vpc.aws_vpc_ipv4_cidr_block_association.this"
          ],
          "create_before_destroy": true
        }
      ]
    },
    {
      "module": "module.myapp-eks.module.eks_managed_node_group[\"myapp-node-group\"]",
      "mode": "managed",
      "type": "aws_iam_role",
      "name": "this",
      "provider": "provider[\"registry.terraform.io/hashicorp/aws\"]",
      "instances": [
        {
          "index_key": 0,
          "schema_version": 0,
          "attributes": {
            "arn": "arn:aws:iam::590183654020:role/myapp-node-group-eks-node-group-20240811175131735200000001",
            "assume_role_policy": "{\"Statement\":[{\"Action\":\"sts:AssumeRole\",\"Effect\":\"Allow\",\"Principal\":{\"Service\":\"ec2.amazonaws.com\"},\"Sid\":\"EKSNodeAssumeRole\"}],\"Version\":\"2012-10-17\"}",
            "create_date": "2024-08-11T17:51:32Z",
            "description": "EKS managed node group IAM role",
            "force_detach_policies": true,
            "id": "myapp-node-group-eks-node-group-20240811175131735200000001",
            "inline_policy": [],
            "managed_policy_arns": [
              "arn:aws:iam::aws:policy/AmazonEC2ContainerRegistryReadOnly",
              "arn:aws:iam::aws:policy/AmazonEKSWorkerNodePolicy",
              "arn:aws:iam::aws:policy/AmazonEKS_CNI_Policy"
            ],
            "max_session_duration": 3600,
            "name": "myapp-node-group-eks-node-group-20240811175131735200000001",
            "name_prefix": "myapp-node-group-eks-node-group-",
            "path": "/",
            "permissions_boundary": "",
            "tags": {
              "application": "myapp",
              "environment": "development",
              "kubernetes.io/cluster/myapp-eks-cluster": "shared"
            },
            "tags_all": {
              "application": "myapp",
              "environment": "development",
              "kubernetes.io/cluster/myapp-eks-cluster": "shared"
            },
            "unique_id": "AROAYS2NP4KCBRF2SQWGN"
          },
          "sensitive_attributes": [],
          "private": "bnVsbA==",
          "dependencies": [
            "data.aws_availability_zones.azs",
            "module.myapp-eks.module.eks_managed_node_group.data.aws_iam_policy_document.assume_role_policy",
            "module.myapp-vpc.aws_subnet.private",
            "module.myapp-vpc.aws_subnet.public",
            "module.myapp-vpc.aws_vpc.this",
            "module.myapp-vpc.aws_vpc_ipv4_cidr_block_association.this"
          ],
          "create_before_destroy": true
        }
      ]
    },
    {
      "module": "module.myapp-eks.module.eks_managed_node_group[\"myapp-node-group\"]",
      "mode": "managed",
      "type": "aws_iam_role_policy_attachment",
      "name": "this",
      "provider": "provider[\"registry.terraform.io/hashicorp/aws\"]",
      "instances": [
        {
          "index_key": "AmazonEC2ContainerRegistryReadOnly",
          "schema_version": 0,
          "attributes": {
            "id": "myapp-node-group-eks-node-group-20240811175131735200000001-20240811175133306200000005",
            "policy_arn": "arn:aws:iam::aws:policy/AmazonEC2ContainerRegistryReadOnly",
            "role": "myapp-node-group-eks-node-group-20240811175131735200000001"
          },
          "sensitive_attributes": [],
          "private": "bnVsbA==",
          "dependencies": [
            "data.aws_availability_zones.azs",
            "module.myapp-eks.module.eks_managed_node_group.aws_iam_role.this",
            "module.myapp-eks.module.eks_managed_node_group.data.aws_caller_identity.current",
            "module.myapp-eks.module.eks_managed_node_group.data.aws_iam_policy_document.assume_role_policy",
            "module.myapp-eks.module.eks_managed_node_group.data.aws_partition.current",
            "module.myapp-vpc.aws_subnet.private",
            "module.myapp-vpc.aws_subnet.public",
            "module.myapp-vpc.aws_vpc.this",
            "module.myapp-vpc.aws_vpc_ipv4_cidr_block_association.this"
          ],
          "create_before_destroy": true
        },
        {
          "index_key": "AmazonEKSWorkerNodePolicy",
          "schema_version": 0,
          "attributes": {
            "id": "myapp-node-group-eks-node-group-20240811175131735200000001-20240811175133315700000006",
            "policy_arn": "arn:aws:iam::aws:policy/AmazonEKSWorkerNodePolicy",
            "role": "myapp-node-group-eks-node-group-20240811175131735200000001"
          },
          "sensitive_attributes": [],
          "private": "bnVsbA==",
          "dependencies": [
            "data.aws_availability_zones.azs",
            "module.myapp-eks.module.eks_managed_node_group.aws_iam_role.this",
            "module.myapp-eks.module.eks_managed_node_group.data.aws_caller_identity.current",
            "module.myapp-eks.module.eks_managed_node_group.data.aws_iam_policy_document.assume_role_policy",
            "module.myapp-eks.module.eks_managed_node_group.data.aws_partition.current",
            "module.myapp-vpc.aws_subnet.private",
            "module.myapp-vpc.aws_subnet.public",
            "module.myapp-vpc.aws_vpc.this",
            "module.myapp-vpc.aws_vpc_ipv4_cidr_block_association.this"
          ],
          "create_before_destroy": true
        },
        {
          "index_key": "AmazonEKS_CNI_Policy",
          "schema_version": 0,
          "attributes": {
            "id": "myapp-node-group-eks-node-group-20240811175131735200000001-20240811175133484700000007",
            "policy_arn": "arn:aws:iam::aws:policy/AmazonEKS_CNI_Policy",
            "role": "myapp-node-group-eks-node-group-20240811175131735200000001"
          },
          "sensitive_attributes": [],
          "private": "bnVsbA==",
          "dependencies": [
            "data.aws_availability_zones.azs",
            "module.myapp-eks.module.eks_managed_node_group.aws_iam_role.this",
            "module.myapp-eks.module.eks_managed_node_group.data.aws_caller_identity.current",
            "module.myapp-eks.module.eks_managed_node_group.data.aws_iam_policy_document.assume_role_policy",
            "module.myapp-eks.module.eks_managed_node_group.data.aws_partition.current",
            "module.myapp-vpc.aws_subnet.private",
            "module.myapp-vpc.aws_subnet.public",
            "module.myapp-vpc.aws_vpc.this",
            "module.myapp-vpc.aws_vpc_ipv4_cidr_block_association.this"
          ],
          "create_before_destroy": true
        }
      ]
    },
    {
      "module": "module.myapp-eks.module.eks_managed_node_group[\"myapp-node-group\"]",
      "mode": "managed",
      "type": "aws_launch_template",
      "name": "this",
      "provider": "provider[\"registry.terraform.io/hashicorp/aws\"]",
      "instances": [
        {
          "index_key": 0,
          "schema_version": 0,
          "attributes": {
            "arn": "arn:aws:ec2:us-east-1:590183654020:launch-template/lt-0a28fa8c40763732c",
            "block_device_mappings": [],
            "capacity_reservation_specification": [],
            "cpu_options": [],
            "credit_specification": [],
            "default_version": 1,
            "description": "Custom launch template for myapp-node-group EKS managed node group",
            "disable_api_stop": false,
            "disable_api_termination": false,
            "ebs_optimized": "",
            "elastic_gpu_specifications": [],
            "elastic_inference_accelerator": [],
            "enclave_options": [],
            "hibernation_options": [],
            "iam_instance_profile": [],
            "id": "lt-0a28fa8c40763732c",
            "image_id": "",
            "instance_initiated_shutdown_behavior": "",
            "instance_market_options": [],
            "instance_requirements": [],
            "instance_type": "",
            "kernel_id": "",
            "key_name": "AWS-servers-key",
            "latest_version": 1,
            "license_specification": [],
            "maintenance_options": [],
            "metadata_options": [
              {
                "http_endpoint": "enabled",
                "http_protocol_ipv6": "",
                "http_put_response_hop_limit": 2,
                "http_tokens": "required",
                "instance_metadata_tags": ""
              }
            ],
            "monitoring": [
              {
                "enabled": true
              }
            ],
            "name": "myapp-node-group-20240811180315322800000011",
            "name_prefix": "myapp-node-group-",
            "network_interfaces": [],
            "placement": [],
            "private_dns_name_options": [],
            "ram_disk_id": "",
            "security_group_names": [],
            "tag_specifications": [
              {
                "resource_type": "instance",
                "tags": {
                  "Name": "myapp-node-group",
                  "application": "myapp",
                  "environment": "development",
                  "kubernetes.io/cluster/myapp-eks-cluster": "shared"
                }
              },
              {
                "resource_type": "network-interface",
                "tags": {
                  "Name": "myapp-node-group",
                  "application": "myapp",
                  "environment": "development",
                  "kubernetes.io/cluster/myapp-eks-cluster": "shared"
                }
              },
              {
                "resource_type": "volume",
                "tags": {
                  "Name": "myapp-node-group",
                  "application": "myapp",
                  "environment": "development",
                  "kubernetes.io/cluster/myapp-eks-cluster": "shared"
                }
              }
            ],
            "tags": {
              "application": "myapp",
              "environment": "development",
              "kubernetes.io/cluster/myapp-eks-cluster": "shared"
            },
            "tags_all": {
              "application": "myapp",
              "environment": "development",
              "kubernetes.io/cluster/myapp-eks-cluster": "shared"
            },
            "update_default_version": true,
            "user_data": "",
            "vpc_security_group_ids": [
              "sg-085786775bc44112d"
            ]
          },
          "sensitive_attributes": [],
          "private": "bnVsbA==",
          "dependencies": [
            "data.aws_availability_zones.azs",
            "module.myapp-eks.aws_cloudwatch_log_group.this",
            "module.myapp-eks.aws_eks_cluster.this",
            "module.myapp-eks.aws_iam_policy.cni_ipv6_policy",
            "module.myapp-eks.aws_iam_role.this",
            "module.myapp-eks.aws_iam_role_policy_attachment.this",
            "module.myapp-eks.aws_security_group.cluster",
            "module.myapp-eks.aws_security_group.node",
            "module.myapp-eks.aws_security_group_rule.cluster",
            "module.myapp-eks.aws_security_group_rule.node",
            "module.myapp-eks.data.aws_caller_identity.current",
            "module.myapp-eks.data.aws_iam_policy_document.assume_role_policy",
            "module.myapp-eks.data.aws_iam_policy_document.cni_ipv6_policy",
            "module.myapp-eks.data.aws_iam_session_context.current",
            "module.myapp-eks.data.aws_partition.current",
            "module.myapp-eks.module.eks_managed_node_group.aws_iam_role.this",
            "module.myapp-eks.module.eks_managed_node_group.aws_iam_role_policy_attachment.this",
            "module.myapp-eks.module.eks_managed_node_group.aws_placement_group.this",
            "module.myapp-eks.module.eks_managed_node_group.data.aws_caller_identity.current",
            "module.myapp-eks.module.eks_managed_node_group.data.aws_ec2_instance_type.this",
            "module.myapp-eks.module.eks_managed_node_group.data.aws_iam_policy_document.assume_role_policy",
            "module.myapp-eks.module.eks_managed_node_group.data.aws_partition.current",
            "module.myapp-eks.module.eks_managed_node_group.module.user_data.data.cloudinit_config.al2023_eks_managed_node_group",
            "module.myapp-eks.module.eks_managed_node_group.module.user_data.data.cloudinit_config.linux_eks_managed_node_group",
            "module.myapp-eks.module.kms.aws_kms_external_key.this",
            "module.myapp-eks.module.kms.aws_kms_key.this",
            "module.myapp-eks.module.kms.aws_kms_replica_external_key.this",
            "module.myapp-eks.module.kms.aws_kms_replica_key.this",
            "module.myapp-eks.module.kms.data.aws_caller_identity.current",
            "module.myapp-eks.module.kms.data.aws_iam_policy_document.this",
            "module.myapp-eks.module.kms.data.aws_partition.current",
            "module.myapp-eks.time_sleep.this",
            "module.myapp-vpc.aws_subnet.private",
            "module.myapp-vpc.aws_subnet.public",
            "module.myapp-vpc.aws_vpc.this",
            "module.myapp-vpc.aws_vpc_ipv4_cidr_block_association.this"
          ],
          "create_before_destroy": true
        }
      ]
    },
    {
      "module": "module.myapp-eks.module.eks_managed_node_group[\"myapp-node-group\"].module.user_data",
      "mode": "managed",
      "type": "null_resource",
      "name": "validate_cluster_service_cidr",
      "provider": "provider[\"registry.terraform.io/hashicorp/null\"]",
      "instances": [
        {
          "schema_version": 0,
          "attributes": {
            "id": "5362055322632600268",
            "triggers": null
          },
          "sensitive_attributes": [],
          "dependencies": [
            "data.aws_availability_zones.azs",
            "module.myapp-eks.aws_cloudwatch_log_group.this",
            "module.myapp-eks.aws_eks_cluster.this",
            "module.myapp-eks.aws_iam_policy.cni_ipv6_policy",
            "module.myapp-eks.aws_iam_role.this",
            "module.myapp-eks.aws_iam_role_policy_attachment.this",
            "module.myapp-eks.aws_security_group.cluster",
            "module.myapp-eks.aws_security_group.node",
            "module.myapp-eks.aws_security_group_rule.cluster",
            "module.myapp-eks.aws_security_group_rule.node",
            "module.myapp-eks.data.aws_caller_identity.current",
            "module.myapp-eks.data.aws_iam_policy_document.assume_role_policy",
            "module.myapp-eks.data.aws_iam_policy_document.cni_ipv6_policy",
            "module.myapp-eks.data.aws_iam_session_context.current",
            "module.myapp-eks.data.aws_partition.current",
            "module.myapp-eks.module.kms.aws_kms_external_key.this",
            "module.myapp-eks.module.kms.aws_kms_key.this",
            "module.myapp-eks.module.kms.aws_kms_replica_external_key.this",
            "module.myapp-eks.module.kms.aws_kms_replica_key.this",
            "module.myapp-eks.module.kms.data.aws_caller_identity.current",
            "module.myapp-eks.module.kms.data.aws_iam_policy_document.this",
            "module.myapp-eks.module.kms.data.aws_partition.current",
            "module.myapp-eks.time_sleep.this",
            "module.myapp-vpc.aws_subnet.private",
            "module.myapp-vpc.aws_subnet.public",
            "module.myapp-vpc.aws_vpc.this",
            "module.myapp-vpc.aws_vpc_ipv4_cidr_block_association.this"
          ]
        }
      ]
    },
    {
      "module": "module.myapp-eks.module.kms",
      "mode": "data",
      "type": "aws_caller_identity",
      "name": "current",
      "provider": "provider[\"registry.terraform.io/hashicorp/aws\"]",
      "instances": [
        {
          "index_key": 0,
          "schema_version": 0,
          "attributes": {
            "account_id": "590183654020",
            "arn": "arn:aws:iam::590183654020:user/kazmin_admin",
            "id": "590183654020",
            "user_id": "AIDAYS2NP4KCNDPBZ3QSO"
          },
          "sensitive_attributes": []
        }
      ]
    },
    {
      "module": "module.myapp-eks.module.kms",
      "mode": "data",
      "type": "aws_iam_policy_document",
      "name": "this",
      "provider": "provider[\"registry.terraform.io/hashicorp/aws\"]",
      "instances": [
        {
          "index_key": 0,
          "schema_version": 0,
          "attributes": {
            "id": "1222409768",
            "json": "{\n  \"Version\": \"2012-10-17\",\n  \"Statement\": [\n    {\n      \"Sid\": \"Default\",\n      \"Effect\": \"Allow\",\n      \"Action\": \"kms:*\",\n      \"Resource\": \"*\",\n      \"Principal\": {\n        \"AWS\": \"arn:aws:iam::590183654020:root\"\n      }\n    },\n    {\n      \"Sid\": \"KeyAdministration\",\n      \"Effect\": \"Allow\",\n      \"Action\": [\n        \"kms:Update*\",\n        \"kms:UntagResource\",\n        \"kms:TagResource\",\n        \"kms:ScheduleKeyDeletion\",\n        \"kms:Revoke*\",\n        \"kms:ReplicateKey\",\n        \"kms:Put*\",\n        \"kms:List*\",\n        \"kms:ImportKeyMaterial\",\n        \"kms:Get*\",\n        \"kms:Enable*\",\n        \"kms:Disable*\",\n        \"kms:Describe*\",\n        \"kms:Delete*\",\n        \"kms:Create*\",\n        \"kms:CancelKeyDeletion\"\n      ],\n      \"Resource\": \"*\",\n      \"Principal\": {\n        \"AWS\": \"arn:aws:iam::590183654020:user/kazmin_admin\"\n      }\n    },\n    {\n      \"Sid\": \"KeyUsage\",\n      \"Effect\": \"Allow\",\n      \"Action\": [\n        \"kms:ReEncrypt*\",\n        \"kms:GenerateDataKey*\",\n        \"kms:Encrypt\",\n        \"kms:DescribeKey\",\n        \"kms:Decrypt\"\n      ],\n      \"Resource\": \"*\",\n      \"Principal\": {\n        \"AWS\": \"arn:aws:iam::590183654020:role/myapp-eks-cluster-cluster-20240811175131736900000002\"\n      }\n    }\n  ]\n}",
            "minified_json": "{\"Version\":\"2012-10-17\",\"Statement\":[{\"Sid\":\"Default\",\"Effect\":\"Allow\",\"Action\":\"kms:*\",\"Resource\":\"*\",\"Principal\":{\"AWS\":\"arn:aws:iam::590183654020:root\"}},{\"Sid\":\"KeyAdministration\",\"Effect\":\"Allow\",\"Action\":[\"kms:Update*\",\"kms:UntagResource\",\"kms:TagResource\",\"kms:ScheduleKeyDeletion\",\"kms:Revoke*\",\"kms:ReplicateKey\",\"kms:Put*\",\"kms:List*\",\"kms:ImportKeyMaterial\",\"kms:Get*\",\"kms:Enable*\",\"kms:Disable*\",\"kms:Describe*\",\"kms:Delete*\",\"kms:Create*\",\"kms:CancelKeyDeletion\"],\"Resource\":\"*\",\"Principal\":{\"AWS\":\"arn:aws:iam::590183654020:user/kazmin_admin\"}},{\"Sid\":\"KeyUsage\",\"Effect\":\"Allow\",\"Action\":[\"kms:ReEncrypt*\",\"kms:GenerateDataKey*\",\"kms:Encrypt\",\"kms:DescribeKey\",\"kms:Decrypt\"],\"Resource\":\"*\",\"Principal\":{\"AWS\":\"arn:aws:iam::590183654020:role/myapp-eks-cluster-cluster-20240811175131736900000002\"}}]}",
            "override_json": null,
            "override_policy_documents": null,
            "policy_id": null,
            "source_json": null,
            "source_policy_documents": null,
            "statement": [
              {
                "actions": [
                  "kms:*"
                ],
                "condition": [],
                "effect": "Allow",
                "not_actions": [],
                "not_principals": [],
                "not_resources": [],
                "principals": [
                  {
                    "identifiers": [
                      "arn:aws:iam::590183654020:root"
                    ],
                    "type": "AWS"
                  }
                ],
                "resources": [
                  "*"
                ],
                "sid": "Default"
              },
              {
                "actions": [
                  "kms:CancelKeyDeletion",
                  "kms:Create*",
                  "kms:Delete*",
                  "kms:Describe*",
                  "kms:Disable*",
                  "kms:Enable*",
                  "kms:Get*",
                  "kms:ImportKeyMaterial",
                  "kms:List*",
                  "kms:Put*",
                  "kms:ReplicateKey",
                  "kms:Revoke*",
                  "kms:ScheduleKeyDeletion",
                  "kms:TagResource",
                  "kms:UntagResource",
                  "kms:Update*"
                ],
                "condition": [],
                "effect": "Allow",
                "not_actions": [],
                "not_principals": [],
                "not_resources": [],
                "principals": [
                  {
                    "identifiers": [
                      "arn:aws:iam::590183654020:user/kazmin_admin"
                    ],
                    "type": "AWS"
                  }
                ],
                "resources": [
                  "*"
                ],
                "sid": "KeyAdministration"
              },
              {
                "actions": [
                  "kms:Decrypt",
                  "kms:DescribeKey",
                  "kms:Encrypt",
                  "kms:GenerateDataKey*",
                  "kms:ReEncrypt*"
                ],
                "condition": [],
                "effect": "Allow",
                "not_actions": [],
                "not_principals": [],
                "not_resources": [],
                "principals": [
                  {
                    "identifiers": [
                      "arn:aws:iam::590183654020:role/myapp-eks-cluster-cluster-20240811175131736900000002"
                    ],
                    "type": "AWS"
                  }
                ],
                "resources": [
                  "*"
                ],
                "sid": "KeyUsage"
              }
            ],
            "version": "2012-10-17"
          },
          "sensitive_attributes": []
        }
      ]
    },
    {
      "module": "module.myapp-eks.module.kms",
      "mode": "data",
      "type": "aws_partition",
      "name": "current",
      "provider": "provider[\"registry.terraform.io/hashicorp/aws\"]",
      "instances": [
        {
          "index_key": 0,
          "schema_version": 0,
          "attributes": {
            "dns_suffix": "amazonaws.com",
            "id": "aws",
            "partition": "aws",
            "reverse_dns_prefix": "com.amazonaws"
          },
          "sensitive_attributes": []
        }
      ]
    },
    {
      "module": "module.myapp-eks.module.kms",
      "mode": "managed",
      "type": "aws_kms_alias",
      "name": "this",
      "provider": "provider[\"registry.terraform.io/hashicorp/aws\"]",
      "instances": [
        {
          "index_key": "cluster",
          "schema_version": 0,
          "attributes": {
            "arn": "arn:aws:kms:us-east-1:590183654020:alias/eks/myapp-eks-cluster",
            "id": "alias/eks/myapp-eks-cluster",
            "name": "alias/eks/myapp-eks-cluster",
            "name_prefix": "",
            "target_key_arn": "arn:aws:kms:us-east-1:590183654020:key/efe77112-3dbc-475a-8db5-8da6ebe52d08",
            "target_key_id": "efe77112-3dbc-475a-8db5-8da6ebe52d08"
          },
          "sensitive_attributes": [],
          "private": "bnVsbA==",
          "dependencies": [
            "module.myapp-eks.aws_iam_role.this",
            "module.myapp-eks.data.aws_caller_identity.current",
            "module.myapp-eks.data.aws_iam_policy_document.assume_role_policy",
            "module.myapp-eks.data.aws_iam_session_context.current",
            "module.myapp-eks.module.kms.aws_kms_external_key.this",
            "module.myapp-eks.module.kms.aws_kms_key.this",
            "module.myapp-eks.module.kms.aws_kms_replica_external_key.this",
            "module.myapp-eks.module.kms.aws_kms_replica_key.this",
            "module.myapp-eks.module.kms.data.aws_caller_identity.current",
            "module.myapp-eks.module.kms.data.aws_iam_policy_document.this",
            "module.myapp-eks.module.kms.data.aws_partition.current"
          ]
        }
      ]
    },
    {
      "module": "module.myapp-eks.module.kms",
      "mode": "managed",
      "type": "aws_kms_external_key",
      "name": "this",
      "provider": "provider[\"registry.terraform.io/hashicorp/aws\"]",
      "instances": []
    },
    {
      "module": "module.myapp-eks.module.kms",
      "mode": "managed",
      "type": "aws_kms_key",
      "name": "this",
      "provider": "provider[\"registry.terraform.io/hashicorp/aws\"]",
      "instances": [
        {
          "index_key": 0,
          "schema_version": 0,
          "attributes": {
            "arn": "arn:aws:kms:us-east-1:590183654020:key/efe77112-3dbc-475a-8db5-8da6ebe52d08",
            "bypass_policy_lockout_safety_check": false,
            "custom_key_store_id": "",
            "customer_master_key_spec": "SYMMETRIC_DEFAULT",
            "deletion_window_in_days": null,
            "description": "myapp-eks-cluster cluster encryption key",
            "enable_key_rotation": true,
            "id": "efe77112-3dbc-475a-8db5-8da6ebe52d08",
            "is_enabled": true,
            "key_id": "efe77112-3dbc-475a-8db5-8da6ebe52d08",
            "key_usage": "ENCRYPT_DECRYPT",
            "multi_region": false,
            "policy": "{\"Statement\":[{\"Action\":\"kms:*\",\"Effect\":\"Allow\",\"Principal\":{\"AWS\":\"arn:aws:iam::590183654020:root\"},\"Resource\":\"*\",\"Sid\":\"Default\"},{\"Action\":[\"kms:Update*\",\"kms:UntagResource\",\"kms:TagResource\",\"kms:ScheduleKeyDeletion\",\"kms:Revoke*\",\"kms:ReplicateKey\",\"kms:Put*\",\"kms:List*\",\"kms:ImportKeyMaterial\",\"kms:Get*\",\"kms:Enable*\",\"kms:Disable*\",\"kms:Describe*\",\"kms:Delete*\",\"kms:Create*\",\"kms:CancelKeyDeletion\"],\"Effect\":\"Allow\",\"Principal\":{\"AWS\":\"arn:aws:iam::590183654020:user/kazmin_admin\"},\"Resource\":\"*\",\"Sid\":\"KeyAdministration\"},{\"Action\":[\"kms:ReEncrypt*\",\"kms:GenerateDataKey*\",\"kms:Encrypt\",\"kms:DescribeKey\",\"kms:Decrypt\"],\"Effect\":\"Allow\",\"Principal\":{\"AWS\":\"arn:aws:iam::590183654020:role/myapp-eks-cluster-cluster-20240811175131736900000002\"},\"Resource\":\"*\",\"Sid\":\"KeyUsage\"}],\"Version\":\"2012-10-17\"}",
            "rotation_period_in_days": 365,
            "tags": {
              "application": "myapp",
              "environment": "development",
              "kubernetes.io/cluster/myapp-eks-cluster": "shared",
              "terraform-aws-modules": "eks"
            },
            "tags_all": {
              "application": "myapp",
              "environment": "development",
              "kubernetes.io/cluster/myapp-eks-cluster": "shared",
              "terraform-aws-modules": "eks"
            },
            "timeouts": null,
            "xks_key_id": ""
          },
          "sensitive_attributes": [],
          "private": "eyJlMmJmYjczMC1lY2FhLTExZTYtOGY4OC0zNDM2M2JjN2M0YzAiOnsiY3JlYXRlIjoxMjAwMDAwMDAwMDB9fQ==",
          "dependencies": [
            "module.myapp-eks.aws_iam_role.this",
            "module.myapp-eks.data.aws_caller_identity.current",
            "module.myapp-eks.data.aws_iam_policy_document.assume_role_policy",
            "module.myapp-eks.data.aws_iam_session_context.current",
            "module.myapp-eks.module.kms.data.aws_caller_identity.current",
            "module.myapp-eks.module.kms.data.aws_iam_policy_document.this",
            "module.myapp-eks.module.kms.data.aws_partition.current"
          ],
          "create_before_destroy": true
        }
      ]
    },
    {
      "module": "module.myapp-eks.module.kms",
      "mode": "managed",
      "type": "aws_kms_replica_external_key",
      "name": "this",
      "provider": "provider[\"registry.terraform.io/hashicorp/aws\"]",
      "instances": []
    },
    {
      "module": "module.myapp-eks.module.kms",
      "mode": "managed",
      "type": "aws_kms_replica_key",
      "name": "this",
      "provider": "provider[\"registry.terraform.io/hashicorp/aws\"]",
      "instances": []
    },
    {
      "module": "module.myapp-vpc",
      "mode": "managed",
      "type": "aws_default_network_acl",
      "name": "this",
      "provider": "provider[\"registry.terraform.io/hashicorp/aws\"]",
      "instances": [
        {
          "index_key": 0,
          "schema_version": 0,
          "attributes": {
            "arn": "arn:aws:ec2:us-east-1:590183654020:network-acl/acl-07eff2fab938e1ae8",
            "default_network_acl_id": "acl-07eff2fab938e1ae8",
            "egress": [
              {
                "action": "allow",
                "cidr_block": "",
                "from_port": 0,
                "icmp_code": 0,
                "icmp_type": 0,
                "ipv6_cidr_block": "::/0",
                "protocol": "-1",
                "rule_no": 101,
                "to_port": 0
              },
              {
                "action": "allow",
                "cidr_block": "0.0.0.0/0",
                "from_port": 0,
                "icmp_code": 0,
                "icmp_type": 0,
                "ipv6_cidr_block": "",
                "protocol": "-1",
                "rule_no": 100,
                "to_port": 0
              }
            ],
            "id": "acl-07eff2fab938e1ae8",
            "ingress": [
              {
                "action": "allow",
                "cidr_block": "",
                "from_port": 0,
                "icmp_code": 0,
                "icmp_type": 0,
                "ipv6_cidr_block": "::/0",
                "protocol": "-1",
                "rule_no": 101,
                "to_port": 0
              },
              {
                "action": "allow",
                "cidr_block": "0.0.0.0/0",
                "from_port": 0,
                "icmp_code": 0,
                "icmp_type": 0,
                "ipv6_cidr_block": "",
                "protocol": "-1",
                "rule_no": 100,
                "to_port": 0
              }
            ],
            "owner_id": "590183654020",
            "subnet_ids": [
              "subnet-00de9e5df35edbe4b",
              "subnet-011bf6f221a5b8575",
              "subnet-03aae13f33741d2ce",
              "subnet-0481f97599744ec40",
              "subnet-0c649872f40e26ead",
              "subnet-0e6b4471df406e3c3"
            ],
            "tags": {
              "Name": "myapp-vpc-default",
              "kubernetes.io/cluster/myapp-eks-cluster": "shared"
            },
            "tags_all": {
              "Name": "myapp-vpc-default",
              "kubernetes.io/cluster/myapp-eks-cluster": "shared"
            },
            "vpc_id": "vpc-00a6d519e7de55b14"
          },
          "sensitive_attributes": [],
          "private": "bnVsbA==",
          "dependencies": [
            "module.myapp-vpc.aws_vpc.this"
          ]
        }
      ]
    },
    {
      "module": "module.myapp-vpc",
      "mode": "managed",
      "type": "aws_default_route_table",
      "name": "default",
      "provider": "provider[\"registry.terraform.io/hashicorp/aws\"]",
      "instances": [
        {
          "index_key": 0,
          "schema_version": 0,
          "attributes": {
            "arn": "arn:aws:ec2:us-east-1:590183654020:route-table/rtb-03f511b2249321e4f",
            "default_route_table_id": "rtb-03f511b2249321e4f",
            "id": "rtb-03f511b2249321e4f",
            "owner_id": "590183654020",
            "propagating_vgws": [],
            "route": [],
            "tags": {
              "Name": "myapp-vpc-default",
              "kubernetes.io/cluster/myapp-eks-cluster": "shared"
            },
            "tags_all": {
              "Name": "myapp-vpc-default",
              "kubernetes.io/cluster/myapp-eks-cluster": "shared"
            },
            "timeouts": {
              "create": "5m",
              "update": "5m"
            },
            "vpc_id": "vpc-00a6d519e7de55b14"
          },
          "sensitive_attributes": [],
          "private": "eyJlMmJmYjczMC1lY2FhLTExZTYtOGY4OC0zNDM2M2JjN2M0YzAiOnsiY3JlYXRlIjozMDAwMDAwMDAwMDAsInVwZGF0ZSI6MzAwMDAwMDAwMDAwfX0=",
          "dependencies": [
            "module.myapp-vpc.aws_vpc.this"
          ]
        }
      ]
    },
    {
      "module": "module.myapp-vpc",
      "mode": "managed",
      "type": "aws_default_security_group",
      "name": "this",
      "provider": "provider[\"registry.terraform.io/hashicorp/aws\"]",
      "instances": [
        {
          "index_key": 0,
          "schema_version": 1,
          "attributes": {
            "arn": "arn:aws:ec2:us-east-1:590183654020:security-group/sg-07508bc29862d6df1",
            "description": "default VPC security group",
            "egress": [
              {
                "cidr_blocks": [
                  "0.0.0.0/0"
                ],
                "description": "",
                "from_port": 0,
                "ipv6_cidr_blocks": [],
                "prefix_list_ids": [],
                "protocol": "-1",
                "security_groups": [],
                "self": false,
                "to_port": 0
              },
              {
                "cidr_blocks": [
                  "0.0.0.0/0"
                ],
                "description": "",
                "from_port": 3000,
                "ipv6_cidr_blocks": [],
                "prefix_list_ids": [],
                "protocol": "tcp",
                "security_groups": [],
                "self": false,
                "to_port": 3000
              },
              {
                "cidr_blocks": [
                  "0.0.0.0/0"
                ],
                "description": "",
                "from_port": 8080,
                "ipv6_cidr_blocks": [],
                "prefix_list_ids": [],
                "protocol": "tcp",
                "security_groups": [],
                "self": false,
                "to_port": 8080
              }
            ],
            "id": "sg-07508bc29862d6df1",
            "ingress": [
              {
                "cidr_blocks": [
                  "0.0.0.0/0"
                ],
                "description": "",
                "from_port": 22,
                "ipv6_cidr_blocks": [],
                "prefix_list_ids": [],
                "protocol": "tcp",
                "security_groups": [],
                "self": false,
                "to_port": 22
              },
              {
                "cidr_blocks": [
                  "0.0.0.0/0"
                ],
                "description": "",
                "from_port": 3000,
                "ipv6_cidr_blocks": [],
                "prefix_list_ids": [],
                "protocol": "tcp",
                "security_groups": [],
                "self": false,
                "to_port": 3000
              },
              {
                "cidr_blocks": [
                  "0.0.0.0/0"
                ],
                "description": "",
                "from_port": 8080,
                "ipv6_cidr_blocks": [],
                "prefix_list_ids": [],
                "protocol": "tcp",
                "security_groups": [],
                "self": false,
                "to_port": 8080
              }
            ],
            "name": "default",
            "name_prefix": "",
            "owner_id": "590183654020",
            "revoke_rules_on_delete": false,
            "tags": {
              "Name": "myapp-vpc-default",
              "kubernetes.io/cluster/myapp-eks-cluster": "shared"
            },
            "tags_all": {
              "Name": "myapp-vpc-default",
              "kubernetes.io/cluster/myapp-eks-cluster": "shared"
            },
            "vpc_id": "vpc-00a6d519e7de55b14"
          },
          "sensitive_attributes": [],
          "private": "eyJzY2hlbWFfdmVyc2lvbiI6IjEifQ==",
          "dependencies": [
            "module.myapp-vpc.aws_vpc.this"
          ]
        }
      ]
    },
    {
      "module": "module.myapp-vpc",
      "mode": "managed",
      "type": "aws_eip",
      "name": "nat",
      "provider": "provider[\"registry.terraform.io/hashicorp/aws\"]",
      "instances": [
        {
          "index_key": 0,
          "schema_version": 0,
          "attributes": {
            "address": null,
            "allocation_id": "eipalloc-08b1d4b066ec34200",
            "arn": "arn:aws:ec2:us-east-1:590183654020:elastic-ip/eipalloc-08b1d4b066ec34200",
            "associate_with_private_ip": null,
            "association_id": "eipassoc-0f209e158ae9a6a47",
            "carrier_ip": "",
            "customer_owned_ip": "",
            "customer_owned_ipv4_pool": "",
            "domain": "vpc",
            "id": "eipalloc-08b1d4b066ec34200",
            "instance": "",
            "network_border_group": "us-east-1",
            "network_interface": "eni-07628f784bb17a435",
            "private_dns": "ip-10-0-4-188.ec2.internal",
            "private_ip": "10.0.4.188",
            "ptr_record": "",
            "public_dns": "ec2-52-204-216-215.compute-1.amazonaws.com",
            "public_ip": "52.204.216.215",
            "public_ipv4_pool": "amazon",
            "tags": {
              "Name": "myapp-vpc-us-east-1a",
              "kubernetes.io/cluster/myapp-eks-cluster": "shared"
            },
            "tags_all": {
              "Name": "myapp-vpc-us-east-1a",
              "kubernetes.io/cluster/myapp-eks-cluster": "shared"
            },
            "timeouts": null,
            "vpc": true
          },
          "sensitive_attributes": [],
          "private": "eyJlMmJmYjczMC1lY2FhLTExZTYtOGY4OC0zNDM2M2JjN2M0YzAiOnsiZGVsZXRlIjoxODAwMDAwMDAwMDAsInJlYWQiOjkwMDAwMDAwMDAwMCwidXBkYXRlIjozMDAwMDAwMDAwMDB9fQ==",
          "dependencies": [
            "data.aws_availability_zones.azs",
            "module.myapp-vpc.aws_internet_gateway.this",
            "module.myapp-vpc.aws_vpc.this",
            "module.myapp-vpc.aws_vpc_ipv4_cidr_block_association.this"
          ]
        }
      ]
    },
    {
      "module": "module.myapp-vpc",
      "mode": "managed",
      "type": "aws_internet_gateway",
      "name": "this",
      "provider": "provider[\"registry.terraform.io/hashicorp/aws\"]",
      "instances": [
        {
          "index_key": 0,
          "schema_version": 0,
          "attributes": {
            "arn": "arn:aws:ec2:us-east-1:590183654020:internet-gateway/igw-0273a9b8ae7b45d56",
            "id": "igw-0273a9b8ae7b45d56",
            "owner_id": "590183654020",
            "tags": {
              "Name": "myapp-vpc",
              "kubernetes.io/cluster/myapp-eks-cluster": "shared"
            },
            "tags_all": {
              "Name": "myapp-vpc",
              "kubernetes.io/cluster/myapp-eks-cluster": "shared"
            },
            "timeouts": null,
            "vpc_id": "vpc-00a6d519e7de55b14"
          },
          "sensitive_attributes": [],
          "private": "eyJlMmJmYjczMC1lY2FhLTExZTYtOGY4OC0zNDM2M2JjN2M0YzAiOnsiY3JlYXRlIjoxMjAwMDAwMDAwMDAwLCJkZWxldGUiOjEyMDAwMDAwMDAwMDAsInVwZGF0ZSI6MTIwMDAwMDAwMDAwMH19",
          "dependencies": [
            "module.myapp-vpc.aws_vpc.this",
            "module.myapp-vpc.aws_vpc_ipv4_cidr_block_association.this"
          ]
        }
      ]
    },
    {
      "module": "module.myapp-vpc",
      "mode": "managed",
      "type": "aws_nat_gateway",
      "name": "this",
      "provider": "provider[\"registry.terraform.io/hashicorp/aws\"]",
      "instances": [
        {
          "index_key": 0,
          "schema_version": 0,
          "attributes": {
            "allocation_id": "eipalloc-08b1d4b066ec34200",
            "association_id": "eipassoc-0f209e158ae9a6a47",
            "connectivity_type": "public",
            "id": "nat-087c3bbeea5e75152",
            "network_interface_id": "eni-07628f784bb17a435",
            "private_ip": "10.0.4.188",
            "public_ip": "52.204.216.215",
            "secondary_allocation_ids": [],
            "secondary_private_ip_address_count": 0,
            "secondary_private_ip_addresses": [],
            "subnet_id": "subnet-0481f97599744ec40",
            "tags": {
              "Name": "myapp-vpc-us-east-1a",
              "kubernetes.io/cluster/myapp-eks-cluster": "shared"
            },
            "tags_all": {
              "Name": "myapp-vpc-us-east-1a",
              "kubernetes.io/cluster/myapp-eks-cluster": "shared"
            },
            "timeouts": null
          },
          "sensitive_attributes": [],
          "private": "eyJlMmJmYjczMC1lY2FhLTExZTYtOGY4OC0zNDM2M2JjN2M0YzAiOnsiY3JlYXRlIjo2MDAwMDAwMDAwMDAsImRlbGV0ZSI6MTgwMDAwMDAwMDAwMCwidXBkYXRlIjo2MDAwMDAwMDAwMDB9fQ==",
          "dependencies": [
            "data.aws_availability_zones.azs",
            "module.myapp-vpc.aws_eip.nat",
            "module.myapp-vpc.aws_internet_gateway.this",
            "module.myapp-vpc.aws_subnet.public",
            "module.myapp-vpc.aws_vpc.this",
            "module.myapp-vpc.aws_vpc_ipv4_cidr_block_association.this"
          ]
        }
      ]
    },
    {
      "module": "module.myapp-vpc",
      "mode": "managed",
      "type": "aws_route",
      "name": "private_nat_gateway",
      "provider": "provider[\"registry.terraform.io/hashicorp/aws\"]",
      "instances": [
        {
          "index_key": 0,
          "schema_version": 0,
          "attributes": {
            "carrier_gateway_id": "",
            "core_network_arn": "",
            "destination_cidr_block": "0.0.0.0/0",
            "destination_ipv6_cidr_block": "",
            "destination_prefix_list_id": "",
            "egress_only_gateway_id": "",
            "gateway_id": "",
            "id": "r-rtb-0d0817e318fed4c4e1080289494",
            "instance_id": "",
            "instance_owner_id": "",
            "local_gateway_id": "",
            "nat_gateway_id": "nat-087c3bbeea5e75152",
            "network_interface_id": "",
            "origin": "CreateRoute",
            "route_table_id": "rtb-0d0817e318fed4c4e",
            "state": "active",
            "timeouts": {
              "create": "5m",
              "delete": null,
              "update": null
            },
            "transit_gateway_id": "",
            "vpc_endpoint_id": "",
            "vpc_peering_connection_id": ""
          },
          "sensitive_attributes": [],
          "private": "eyJlMmJmYjczMC1lY2FhLTExZTYtOGY4OC0zNDM2M2JjN2M0YzAiOnsiY3JlYXRlIjozMDAwMDAwMDAwMDAsImRlbGV0ZSI6MzAwMDAwMDAwMDAwLCJ1cGRhdGUiOjEyMDAwMDAwMDAwMH19",
          "dependencies": [
            "data.aws_availability_zones.azs",
            "module.myapp-vpc.aws_eip.nat",
            "module.myapp-vpc.aws_internet_gateway.this",
            "module.myapp-vpc.aws_nat_gateway.this",
            "module.myapp-vpc.aws_route_table.private",
            "module.myapp-vpc.aws_subnet.public",
            "module.myapp-vpc.aws_vpc.this",
            "module.myapp-vpc.aws_vpc_ipv4_cidr_block_association.this"
          ]
        }
      ]
    },
    {
      "module": "module.myapp-vpc",
      "mode": "managed",
      "type": "aws_route",
      "name": "public_internet_gateway",
      "provider": "provider[\"registry.terraform.io/hashicorp/aws\"]",
      "instances": [
        {
          "index_key": 0,
          "schema_version": 0,
          "attributes": {
            "carrier_gateway_id": "",
            "core_network_arn": "",
            "destination_cidr_block": "0.0.0.0/0",
            "destination_ipv6_cidr_block": "",
            "destination_prefix_list_id": "",
            "egress_only_gateway_id": "",
            "gateway_id": "igw-0273a9b8ae7b45d56",
            "id": "r-rtb-0b6adee76e50baa241080289494",
            "instance_id": "",
            "instance_owner_id": "",
            "local_gateway_id": "",
            "nat_gateway_id": "",
            "network_interface_id": "",
            "origin": "CreateRoute",
            "route_table_id": "rtb-0b6adee76e50baa24",
            "state": "active",
            "timeouts": {
              "create": "5m",
              "delete": null,
              "update": null
            },
            "transit_gateway_id": "",
            "vpc_endpoint_id": "",
            "vpc_peering_connection_id": ""
          },
          "sensitive_attributes": [],
          "private": "eyJlMmJmYjczMC1lY2FhLTExZTYtOGY4OC0zNDM2M2JjN2M0YzAiOnsiY3JlYXRlIjozMDAwMDAwMDAwMDAsImRlbGV0ZSI6MzAwMDAwMDAwMDAwLCJ1cGRhdGUiOjEyMDAwMDAwMDAwMH19",
          "dependencies": [
            "data.aws_availability_zones.azs",
            "module.myapp-vpc.aws_internet_gateway.this",
            "module.myapp-vpc.aws_route_table.public",
            "module.myapp-vpc.aws_vpc.this",
            "module.myapp-vpc.aws_vpc_ipv4_cidr_block_association.this"
          ]
        }
      ]
    },
    {
      "module": "module.myapp-vpc",
      "mode": "managed",
      "type": "aws_route_table",
      "name": "private",
      "provider": "provider[\"registry.terraform.io/hashicorp/aws\"]",
      "instances": [
        {
          "index_key": 0,
          "schema_version": 0,
          "attributes": {
            "arn": "arn:aws:ec2:us-east-1:590183654020:route-table/rtb-0d0817e318fed4c4e",
            "id": "rtb-0d0817e318fed4c4e",
            "owner_id": "590183654020",
            "propagating_vgws": [],
            "route": [
              {
                "carrier_gateway_id": "",
                "cidr_block": "0.0.0.0/0",
                "core_network_arn": "",
                "destination_prefix_list_id": "",
                "egress_only_gateway_id": "",
                "gateway_id": "",
                "ipv6_cidr_block": "",
                "local_gateway_id": "",
                "nat_gateway_id": "nat-087c3bbeea5e75152",
                "network_interface_id": "",
                "transit_gateway_id": "",
                "vpc_endpoint_id": "",
                "vpc_peering_connection_id": ""
              }
            ],
            "tags": {
              "Name": "myapp-vpc-private",
              "kubernetes.io/cluster/myapp-eks-cluster": "shared"
            },
            "tags_all": {
              "Name": "myapp-vpc-private",
              "kubernetes.io/cluster/myapp-eks-cluster": "shared"
            },
            "timeouts": null,
            "vpc_id": "vpc-00a6d519e7de55b14"
          },
          "sensitive_attributes": [],
          "private": "eyJlMmJmYjczMC1lY2FhLTExZTYtOGY4OC0zNDM2M2JjN2M0YzAiOnsiY3JlYXRlIjozMDAwMDAwMDAwMDAsImRlbGV0ZSI6MzAwMDAwMDAwMDAwLCJ1cGRhdGUiOjEyMDAwMDAwMDAwMH19",
          "dependencies": [
            "data.aws_availability_zones.azs",
            "module.myapp-vpc.aws_vpc.this",
            "module.myapp-vpc.aws_vpc_ipv4_cidr_block_association.this"
          ]
        }
      ]
    },
    {
      "module": "module.myapp-vpc",
      "mode": "managed",
      "type": "aws_route_table",
      "name": "public",
      "provider": "provider[\"registry.terraform.io/hashicorp/aws\"]",
      "instances": [
        {
          "index_key": 0,
          "schema_version": 0,
          "attributes": {
            "arn": "arn:aws:ec2:us-east-1:590183654020:route-table/rtb-0b6adee76e50baa24",
            "id": "rtb-0b6adee76e50baa24",
            "owner_id": "590183654020",
            "propagating_vgws": [],
            "route": [
              {
                "carrier_gateway_id": "",
                "cidr_block": "0.0.0.0/0",
                "core_network_arn": "",
                "destination_prefix_list_id": "",
                "egress_only_gateway_id": "",
                "gateway_id": "igw-0273a9b8ae7b45d56",
                "ipv6_cidr_block": "",
                "local_gateway_id": "",
                "nat_gateway_id": "",
                "network_interface_id": "",
                "transit_gateway_id": "",
                "vpc_endpoint_id": "",
                "vpc_peering_connection_id": ""
              }
            ],
            "tags": {
              "Name": "myapp-vpc-public",
              "kubernetes.io/cluster/myapp-eks-cluster": "shared"
            },
            "tags_all": {
              "Name": "myapp-vpc-public",
              "kubernetes.io/cluster/myapp-eks-cluster": "shared"
            },
            "timeouts": null,
            "vpc_id": "vpc-00a6d519e7de55b14"
          },
          "sensitive_attributes": [],
          "private": "eyJlMmJmYjczMC1lY2FhLTExZTYtOGY4OC0zNDM2M2JjN2M0YzAiOnsiY3JlYXRlIjozMDAwMDAwMDAwMDAsImRlbGV0ZSI6MzAwMDAwMDAwMDAwLCJ1cGRhdGUiOjEyMDAwMDAwMDAwMH19",
          "dependencies": [
            "data.aws_availability_zones.azs",
            "module.myapp-vpc.aws_vpc.this",
            "module.myapp-vpc.aws_vpc_ipv4_cidr_block_association.this"
          ]
        }
      ]
    },
    {
      "module": "module.myapp-vpc",
      "mode": "managed",
      "type": "aws_route_table_association",
      "name": "private",
      "provider": "provider[\"registry.terraform.io/hashicorp/aws\"]",
      "instances": [
        {
          "index_key": 0,
          "schema_version": 0,
          "attributes": {
            "gateway_id": "",
            "id": "rtbassoc-0f80fd975f27bfc9d",
            "route_table_id": "rtb-0d0817e318fed4c4e",
            "subnet_id": "subnet-0e6b4471df406e3c3",
            "timeouts": null
          },
          "sensitive_attributes": [],
          "private": "eyJlMmJmYjczMC1lY2FhLTExZTYtOGY4OC0zNDM2M2JjN2M0YzAiOnsiY3JlYXRlIjozMDAwMDAwMDAwMDAsImRlbGV0ZSI6MzAwMDAwMDAwMDAwLCJ1cGRhdGUiOjEyMDAwMDAwMDAwMH19",
          "dependencies": [
            "data.aws_availability_zones.azs",
            "module.myapp-vpc.aws_route_table.private",
            "module.myapp-vpc.aws_subnet.private",
            "module.myapp-vpc.aws_vpc.this",
            "module.myapp-vpc.aws_vpc_ipv4_cidr_block_association.this"
          ]
        },
        {
          "index_key": 1,
          "schema_version": 0,
          "attributes": {
            "gateway_id": "",
            "id": "rtbassoc-0eb43debd9f1e062e",
            "route_table_id": "rtb-0d0817e318fed4c4e",
            "subnet_id": "subnet-00de9e5df35edbe4b",
            "timeouts": null
          },
          "sensitive_attributes": [],
          "private": "eyJlMmJmYjczMC1lY2FhLTExZTYtOGY4OC0zNDM2M2JjN2M0YzAiOnsiY3JlYXRlIjozMDAwMDAwMDAwMDAsImRlbGV0ZSI6MzAwMDAwMDAwMDAwLCJ1cGRhdGUiOjEyMDAwMDAwMDAwMH19",
          "dependencies": [
            "data.aws_availability_zones.azs",
            "module.myapp-vpc.aws_route_table.private",
            "module.myapp-vpc.aws_subnet.private",
            "module.myapp-vpc.aws_vpc.this",
            "module.myapp-vpc.aws_vpc_ipv4_cidr_block_association.this"
          ]
        },
        {
          "index_key": 2,
          "schema_version": 0,
          "attributes": {
            "gateway_id": "",
            "id": "rtbassoc-029cf7aea044c2e9f",
            "route_table_id": "rtb-0d0817e318fed4c4e",
            "subnet_id": "subnet-0c649872f40e26ead",
            "timeouts": null
          },
          "sensitive_attributes": [],
          "private": "eyJlMmJmYjczMC1lY2FhLTExZTYtOGY4OC0zNDM2M2JjN2M0YzAiOnsiY3JlYXRlIjozMDAwMDAwMDAwMDAsImRlbGV0ZSI6MzAwMDAwMDAwMDAwLCJ1cGRhdGUiOjEyMDAwMDAwMDAwMH19",
          "dependencies": [
            "data.aws_availability_zones.azs",
            "module.myapp-vpc.aws_route_table.private",
            "module.myapp-vpc.aws_subnet.private",
            "module.myapp-vpc.aws_vpc.this",
            "module.myapp-vpc.aws_vpc_ipv4_cidr_block_association.this"
          ]
        }
      ]
    },
    {
      "module": "module.myapp-vpc",
      "mode": "managed",
      "type": "aws_route_table_association",
      "name": "public",
      "provider": "provider[\"registry.terraform.io/hashicorp/aws\"]",
      "instances": [
        {
          "index_key": 0,
          "schema_version": 0,
          "attributes": {
            "gateway_id": "",
            "id": "rtbassoc-03658605802fce91e",
            "route_table_id": "rtb-0b6adee76e50baa24",
            "subnet_id": "subnet-0481f97599744ec40",
            "timeouts": null
          },
          "sensitive_attributes": [],
          "private": "eyJlMmJmYjczMC1lY2FhLTExZTYtOGY4OC0zNDM2M2JjN2M0YzAiOnsiY3JlYXRlIjozMDAwMDAwMDAwMDAsImRlbGV0ZSI6MzAwMDAwMDAwMDAwLCJ1cGRhdGUiOjEyMDAwMDAwMDAwMH19",
          "dependencies": [
            "data.aws_availability_zones.azs",
            "module.myapp-vpc.aws_route_table.public",
            "module.myapp-vpc.aws_subnet.public",
            "module.myapp-vpc.aws_vpc.this",
            "module.myapp-vpc.aws_vpc_ipv4_cidr_block_association.this"
          ]
        },
        {
          "index_key": 1,
          "schema_version": 0,
          "attributes": {
            "gateway_id": "",
            "id": "rtbassoc-0aade3d9680b779f5",
            "route_table_id": "rtb-0b6adee76e50baa24",
            "subnet_id": "subnet-03aae13f33741d2ce",
            "timeouts": null
          },
          "sensitive_attributes": [],
          "private": "eyJlMmJmYjczMC1lY2FhLTExZTYtOGY4OC0zNDM2M2JjN2M0YzAiOnsiY3JlYXRlIjozMDAwMDAwMDAwMDAsImRlbGV0ZSI6MzAwMDAwMDAwMDAwLCJ1cGRhdGUiOjEyMDAwMDAwMDAwMH19",
          "dependencies": [
            "data.aws_availability_zones.azs",
            "module.myapp-vpc.aws_route_table.public",
            "module.myapp-vpc.aws_subnet.public",
            "module.myapp-vpc.aws_vpc.this",
            "module.myapp-vpc.aws_vpc_ipv4_cidr_block_association.this"
          ]
        },
        {
          "index_key": 2,
          "schema_version": 0,
          "attributes": {
            "gateway_id": "",
            "id": "rtbassoc-0c3c5646f120a6c30",
            "route_table_id": "rtb-0b6adee76e50baa24",
            "subnet_id": "subnet-011bf6f221a5b8575",
            "timeouts": null
          },
          "sensitive_attributes": [],
          "private": "eyJlMmJmYjczMC1lY2FhLTExZTYtOGY4OC0zNDM2M2JjN2M0YzAiOnsiY3JlYXRlIjozMDAwMDAwMDAwMDAsImRlbGV0ZSI6MzAwMDAwMDAwMDAwLCJ1cGRhdGUiOjEyMDAwMDAwMDAwMH19",
          "dependencies": [
            "data.aws_availability_zones.azs",
            "module.myapp-vpc.aws_route_table.public",
            "module.myapp-vpc.aws_subnet.public",
            "module.myapp-vpc.aws_vpc.this",
            "module.myapp-vpc.aws_vpc_ipv4_cidr_block_association.this"
          ]
        }
      ]
    },
    {
      "module": "module.myapp-vpc",
      "mode": "managed",
      "type": "aws_subnet",
      "name": "private",
      "provider": "provider[\"registry.terraform.io/hashicorp/aws\"]",
      "instances": [
        {
          "index_key": 0,
          "schema_version": 1,
          "attributes": {
            "arn": "arn:aws:ec2:us-east-1:590183654020:subnet/subnet-0e6b4471df406e3c3",
            "assign_ipv6_address_on_creation": false,
            "availability_zone": "us-east-1a",
            "availability_zone_id": "use1-az4",
            "cidr_block": "10.0.1.0/24",
            "customer_owned_ipv4_pool": "",
            "enable_dns64": false,
            "enable_lni_at_device_index": 0,
            "enable_resource_name_dns_a_record_on_launch": false,
            "enable_resource_name_dns_aaaa_record_on_launch": false,
            "id": "subnet-0e6b4471df406e3c3",
            "ipv6_cidr_block": "",
            "ipv6_cidr_block_association_id": "",
            "ipv6_native": false,
            "map_customer_owned_ip_on_launch": false,
            "map_public_ip_on_launch": false,
            "outpost_arn": "",
            "owner_id": "590183654020",
            "private_dns_hostname_type_on_launch": "ip-name",
            "tags": {
              "Name": "myapp-vpc-private-us-east-1a",
              "kubernetes.io/cluster/myapp-eks-cluster": "shared",
              "kubernetes.io/role/internal-elb": "1",
              "private_subnet": "yes"
            },
            "tags_all": {
              "Name": "myapp-vpc-private-us-east-1a",
              "kubernetes.io/cluster/myapp-eks-cluster": "shared",
              "kubernetes.io/role/internal-elb": "1",
              "private_subnet": "yes"
            },
            "timeouts": null,
            "vpc_id": "vpc-00a6d519e7de55b14"
          },
          "sensitive_attributes": [],
          "private": "eyJlMmJmYjczMC1lY2FhLTExZTYtOGY4OC0zNDM2M2JjN2M0YzAiOnsiY3JlYXRlIjo2MDAwMDAwMDAwMDAsImRlbGV0ZSI6MTIwMDAwMDAwMDAwMH0sInNjaGVtYV92ZXJzaW9uIjoiMSJ9",
          "dependencies": [
            "data.aws_availability_zones.azs",
            "module.myapp-vpc.aws_vpc.this",
            "module.myapp-vpc.aws_vpc_ipv4_cidr_block_association.this"
          ],
          "create_before_destroy": true
        },
        {
          "index_key": 1,
          "schema_version": 1,
          "attributes": {
            "arn": "arn:aws:ec2:us-east-1:590183654020:subnet/subnet-00de9e5df35edbe4b",
            "assign_ipv6_address_on_creation": false,
            "availability_zone": "us-east-1b",
            "availability_zone_id": "use1-az6",
            "cidr_block": "10.0.2.0/24",
            "customer_owned_ipv4_pool": "",
            "enable_dns64": false,
            "enable_lni_at_device_index": 0,
            "enable_resource_name_dns_a_record_on_launch": false,
            "enable_resource_name_dns_aaaa_record_on_launch": false,
            "id": "subnet-00de9e5df35edbe4b",
            "ipv6_cidr_block": "",
            "ipv6_cidr_block_association_id": "",
            "ipv6_native": false,
            "map_customer_owned_ip_on_launch": false,
            "map_public_ip_on_launch": false,
            "outpost_arn": "",
            "owner_id": "590183654020",
            "private_dns_hostname_type_on_launch": "ip-name",
            "tags": {
              "Name": "myapp-vpc-private-us-east-1b",
              "kubernetes.io/cluster/myapp-eks-cluster": "shared",
              "kubernetes.io/role/internal-elb": "1",
              "private_subnet": "yes"
            },
            "tags_all": {
              "Name": "myapp-vpc-private-us-east-1b",
              "kubernetes.io/cluster/myapp-eks-cluster": "shared",
              "kubernetes.io/role/internal-elb": "1",
              "private_subnet": "yes"
            },
            "timeouts": null,
            "vpc_id": "vpc-00a6d519e7de55b14"
          },
          "sensitive_attributes": [],
          "private": "eyJlMmJmYjczMC1lY2FhLTExZTYtOGY4OC0zNDM2M2JjN2M0YzAiOnsiY3JlYXRlIjo2MDAwMDAwMDAwMDAsImRlbGV0ZSI6MTIwMDAwMDAwMDAwMH0sInNjaGVtYV92ZXJzaW9uIjoiMSJ9",
          "dependencies": [
            "data.aws_availability_zones.azs",
            "module.myapp-vpc.aws_vpc.this",
            "module.myapp-vpc.aws_vpc_ipv4_cidr_block_association.this"
          ],
          "create_before_destroy": true
        },
        {
          "index_key": 2,
          "schema_version": 1,
          "attributes": {
            "arn": "arn:aws:ec2:us-east-1:590183654020:subnet/subnet-0c649872f40e26ead",
            "assign_ipv6_address_on_creation": false,
            "availability_zone": "us-east-1c",
            "availability_zone_id": "use1-az1",
            "cidr_block": "10.0.3.0/24",
            "customer_owned_ipv4_pool": "",
            "enable_dns64": false,
            "enable_lni_at_device_index": 0,
            "enable_resource_name_dns_a_record_on_launch": false,
            "enable_resource_name_dns_aaaa_record_on_launch": false,
            "id": "subnet-0c649872f40e26ead",
            "ipv6_cidr_block": "",
            "ipv6_cidr_block_association_id": "",
            "ipv6_native": false,
            "map_customer_owned_ip_on_launch": false,
            "map_public_ip_on_launch": false,
            "outpost_arn": "",
            "owner_id": "590183654020",
            "private_dns_hostname_type_on_launch": "ip-name",
            "tags": {
              "Name": "myapp-vpc-private-us-east-1c",
              "kubernetes.io/cluster/myapp-eks-cluster": "shared",
              "kubernetes.io/role/internal-elb": "1",
              "private_subnet": "yes"
            },
            "tags_all": {
              "Name": "myapp-vpc-private-us-east-1c",
              "kubernetes.io/cluster/myapp-eks-cluster": "shared",
              "kubernetes.io/role/internal-elb": "1",
              "private_subnet": "yes"
            },
            "timeouts": null,
            "vpc_id": "vpc-00a6d519e7de55b14"
          },
          "sensitive_attributes": [],
          "private": "eyJlMmJmYjczMC1lY2FhLTExZTYtOGY4OC0zNDM2M2JjN2M0YzAiOnsiY3JlYXRlIjo2MDAwMDAwMDAwMDAsImRlbGV0ZSI6MTIwMDAwMDAwMDAwMH0sInNjaGVtYV92ZXJzaW9uIjoiMSJ9",
          "dependencies": [
            "data.aws_availability_zones.azs",
            "module.myapp-vpc.aws_vpc.this",
            "module.myapp-vpc.aws_vpc_ipv4_cidr_block_association.this"
          ],
          "create_before_destroy": true
        }
      ]
    },
    {
      "module": "module.myapp-vpc",
      "mode": "managed",
      "type": "aws_subnet",
      "name": "public",
      "provider": "provider[\"registry.terraform.io/hashicorp/aws\"]",
      "instances": [
        {
          "index_key": 0,
          "schema_version": 1,
          "attributes": {
            "arn": "arn:aws:ec2:us-east-1:590183654020:subnet/subnet-0481f97599744ec40",
            "assign_ipv6_address_on_creation": false,
            "availability_zone": "us-east-1a",
            "availability_zone_id": "use1-az4",
            "cidr_block": "10.0.4.0/24",
            "customer_owned_ipv4_pool": "",
            "enable_dns64": false,
            "enable_lni_at_device_index": 0,
            "enable_resource_name_dns_a_record_on_launch": false,
            "enable_resource_name_dns_aaaa_record_on_launch": false,
            "id": "subnet-0481f97599744ec40",
            "ipv6_cidr_block": "",
            "ipv6_cidr_block_association_id": "",
            "ipv6_native": false,
            "map_customer_owned_ip_on_launch": false,
            "map_public_ip_on_launch": true,
            "outpost_arn": "",
            "owner_id": "590183654020",
            "private_dns_hostname_type_on_launch": "ip-name",
            "tags": {
              "Name": "myapp-vpc-public-us-east-1a",
              "kubernetes.io/cluster/myapp-eks-cluster": "shared",
              "kubernetes.io/role/elb": "1"
            },
            "tags_all": {
              "Name": "myapp-vpc-public-us-east-1a",
              "kubernetes.io/cluster/myapp-eks-cluster": "shared",
              "kubernetes.io/role/elb": "1"
            },
            "timeouts": null,
            "vpc_id": "vpc-00a6d519e7de55b14"
          },
          "sensitive_attributes": [],
          "private": "eyJlMmJmYjczMC1lY2FhLTExZTYtOGY4OC0zNDM2M2JjN2M0YzAiOnsiY3JlYXRlIjo2MDAwMDAwMDAwMDAsImRlbGV0ZSI6MTIwMDAwMDAwMDAwMH0sInNjaGVtYV92ZXJzaW9uIjoiMSJ9",
          "dependencies": [
            "data.aws_availability_zones.azs",
            "module.myapp-vpc.aws_vpc.this",
            "module.myapp-vpc.aws_vpc_ipv4_cidr_block_association.this"
          ],
          "create_before_destroy": true
        },
        {
          "index_key": 1,
          "schema_version": 1,
          "attributes": {
            "arn": "arn:aws:ec2:us-east-1:590183654020:subnet/subnet-03aae13f33741d2ce",
            "assign_ipv6_address_on_creation": false,
            "availability_zone": "us-east-1b",
            "availability_zone_id": "use1-az6",
            "cidr_block": "10.0.5.0/24",
            "customer_owned_ipv4_pool": "",
            "enable_dns64": false,
            "enable_lni_at_device_index": 0,
            "enable_resource_name_dns_a_record_on_launch": false,
            "enable_resource_name_dns_aaaa_record_on_launch": false,
            "id": "subnet-03aae13f33741d2ce",
            "ipv6_cidr_block": "",
            "ipv6_cidr_block_association_id": "",
            "ipv6_native": false,
            "map_customer_owned_ip_on_launch": false,
            "map_public_ip_on_launch": true,
            "outpost_arn": "",
            "owner_id": "590183654020",
            "private_dns_hostname_type_on_launch": "ip-name",
            "tags": {
              "Name": "myapp-vpc-public-us-east-1b",
              "kubernetes.io/cluster/myapp-eks-cluster": "shared",
              "kubernetes.io/role/elb": "1"
            },
            "tags_all": {
              "Name": "myapp-vpc-public-us-east-1b",
              "kubernetes.io/cluster/myapp-eks-cluster": "shared",
              "kubernetes.io/role/elb": "1"
            },
            "timeouts": null,
            "vpc_id": "vpc-00a6d519e7de55b14"
          },
          "sensitive_attributes": [],
          "private": "eyJlMmJmYjczMC1lY2FhLTExZTYtOGY4OC0zNDM2M2JjN2M0YzAiOnsiY3JlYXRlIjo2MDAwMDAwMDAwMDAsImRlbGV0ZSI6MTIwMDAwMDAwMDAwMH0sInNjaGVtYV92ZXJzaW9uIjoiMSJ9",
          "dependencies": [
            "data.aws_availability_zones.azs",
            "module.myapp-vpc.aws_vpc.this",
            "module.myapp-vpc.aws_vpc_ipv4_cidr_block_association.this"
          ],
          "create_before_destroy": true
        },
        {
          "index_key": 2,
          "schema_version": 1,
          "attributes": {
            "arn": "arn:aws:ec2:us-east-1:590183654020:subnet/subnet-011bf6f221a5b8575",
            "assign_ipv6_address_on_creation": false,
            "availability_zone": "us-east-1c",
            "availability_zone_id": "use1-az1",
            "cidr_block": "10.0.6.0/24",
            "customer_owned_ipv4_pool": "",
            "enable_dns64": false,
            "enable_lni_at_device_index": 0,
            "enable_resource_name_dns_a_record_on_launch": false,
            "enable_resource_name_dns_aaaa_record_on_launch": false,
            "id": "subnet-011bf6f221a5b8575",
            "ipv6_cidr_block": "",
            "ipv6_cidr_block_association_id": "",
            "ipv6_native": false,
            "map_customer_owned_ip_on_launch": false,
            "map_public_ip_on_launch": true,
            "outpost_arn": "",
            "owner_id": "590183654020",
            "private_dns_hostname_type_on_launch": "ip-name",
            "tags": {
              "Name": "myapp-vpc-public-us-east-1c",
              "kubernetes.io/cluster/myapp-eks-cluster": "shared",
              "kubernetes.io/role/elb": "1"
            },
            "tags_all": {
              "Name": "myapp-vpc-public-us-east-1c",
              "kubernetes.io/cluster/myapp-eks-cluster": "shared",
              "kubernetes.io/role/elb": "1"
            },
            "timeouts": null,
            "vpc_id": "vpc-00a6d519e7de55b14"
          },
          "sensitive_attributes": [],
          "private": "eyJlMmJmYjczMC1lY2FhLTExZTYtOGY4OC0zNDM2M2JjN2M0YzAiOnsiY3JlYXRlIjo2MDAwMDAwMDAwMDAsImRlbGV0ZSI6MTIwMDAwMDAwMDAwMH0sInNjaGVtYV92ZXJzaW9uIjoiMSJ9",
          "dependencies": [
            "data.aws_availability_zones.azs",
            "module.myapp-vpc.aws_vpc.this",
            "module.myapp-vpc.aws_vpc_ipv4_cidr_block_association.this"
          ],
          "create_before_destroy": true
        }
      ]
    },
    {
      "module": "module.myapp-vpc",
      "mode": "managed",
      "type": "aws_vpc",
      "name": "this",
      "provider": "provider[\"registry.terraform.io/hashicorp/aws\"]",
      "instances": [
        {
          "index_key": 0,
          "schema_version": 1,
          "attributes": {
            "arn": "arn:aws:ec2:us-east-1:590183654020:vpc/vpc-00a6d519e7de55b14",
            "assign_generated_ipv6_cidr_block": false,
            "cidr_block": "10.0.0.0/16",
            "default_network_acl_id": "acl-07eff2fab938e1ae8",
            "default_route_table_id": "rtb-03f511b2249321e4f",
            "default_security_group_id": "sg-07508bc29862d6df1",
            "dhcp_options_id": "dopt-0096dcfcf035e7bbe",
            "enable_dns_hostnames": true,
            "enable_dns_support": true,
            "enable_network_address_usage_metrics": false,
            "id": "vpc-00a6d519e7de55b14",
            "instance_tenancy": "default",
            "ipv4_ipam_pool_id": null,
            "ipv4_netmask_length": null,
            "ipv6_association_id": "",
            "ipv6_cidr_block": "",
            "ipv6_cidr_block_network_border_group": "",
            "ipv6_ipam_pool_id": "",
            "ipv6_netmask_length": 0,
            "main_route_table_id": "rtb-03f511b2249321e4f",
            "owner_id": "590183654020",
            "tags": {
              "Name": "myapp-vpc",
              "kubernetes.io/cluster/myapp-eks-cluster": "shared"
            },
            "tags_all": {
              "Name": "myapp-vpc",
              "kubernetes.io/cluster/myapp-eks-cluster": "shared"
            }
          },
          "sensitive_attributes": [],
          "private": "eyJzY2hlbWFfdmVyc2lvbiI6IjEifQ==",
          "create_before_destroy": true
        }
      ]
    },
    {
      "module": "module.myapp-vpc",
      "mode": "managed",
      "type": "aws_vpc_ipv4_cidr_block_association",
      "name": "this",
      "provider": "provider[\"registry.terraform.io/hashicorp/aws\"]",
      "instances": []
    }
  ],
  "check_results": [
    {
      "object_kind": "resource",
      "config_addr": "module.myapp-eks.module.self_managed_node_group.module.user_data.null_resource.validate_cluster_service_cidr",
      "status": "pass",
      "objects": null
    },
    {
      "object_kind": "resource",
      "config_addr": "module.myapp-eks.module.eks_managed_node_group.module.user_data.null_resource.validate_cluster_service_cidr",
      "status": "pass",
      "objects": [
        {
          "object_addr": "module.myapp-eks.module.eks_managed_node_group[\"myapp-node-group\"].module.user_data.null_resource.validate_cluster_service_cidr",
          "status": "pass"
        }
      ]
    }
  ]
}
